<?xml version="1.0" encoding="utf-8"?>
<Project ToolsVersion="4.0" xmlns="http://schemas.microsoft.com/developer/msbuild/2003">
  <ItemGroup>
    <Filter Include="Source Files">
      <UniqueIdentifier>{4FC737F1-C7A5-4376-A066-2A32D752A2FF}</UniqueIdentifier>
      <Extensions>cpp;c;cc;cxx;c++;cppm;ixx;def;odl;idl;hpj;bat;asm;asmx</Extensions>
    </Filter>
    <Filter Include="Header Files">
      <UniqueIdentifier>{93995380-89BD-4b04-88EB-625FBE52EBFB}</UniqueIdentifier>
      <Extensions>h;hh;hpp;hxx;h++;hm;inl;inc;ipp;xsd</Extensions>
    </Filter>
    <Filter Include="Resource Files">
      <UniqueIdentifier>{67DA6AB6-F800-4c08-8B7A-83BB121AAD01}</UniqueIdentifier>
      <Extensions>rc;ico;cur;bmp;dlg;rc2;rct;bin;rgs;gif;jpg;jpeg;jpe;resx;tiff;tif;png;wav;mfcribbon-ms</Extensions>
    </Filter>
  </ItemGroup>
  <ItemGroup>
    <ClInclude Include="framework.h">
      <Filter>Header Files</Filter>
    </ClInclude>
    <ClInclude Include="pch.h">
      <Filter>Header Files</Filter>
    </ClInclude>
    <ClInclude Include="..\JWlink\h\alloc.h">
      <Filter>Header Files</Filter>
    </ClInclude>
    <ClInclude Include="..\JWlink\h\banner.h">
      <Filter>Header Files</Filter>
    </ClInclude>
    <ClInclude Include="..\JWlink\h\carve.h">
      <Filter>Header Files</Filter>
    </ClInclude>
    <ClInclude Include="..\JWlink\h\clibext.h">
      <Filter>Header Files</Filter>
    </ClInclude>
    <ClInclude Include="..\JWlink\h\cmd16m.h">
      <Filter>Header Files</Filter>
    </ClInclude>
    <ClInclude Include="..\JWlink\h\cmdall.h">
      <Filter>Header Files</Filter>
    </ClInclude>
    <ClInclude Include="..\JWlink\h\cmddos.h">
      <Filter>Header Files</Filter>
    </ClInclude>
    <ClInclude Include="..\JWlink\h\cmdelf.h">
      <Filter>Header Files</Filter>
    </ClInclude>
    <ClInclude Include="..\JWlink\h\cmdline.h">
      <Filter>Header Files</Filter>
    </ClInclude>
    <ClInclude Include="..\JWlink\h\cmdnov.h">
      <Filter>Header Files</Filter>
    </ClInclude>
    <ClInclude Include="..\JWlink\h\cmdos2.h">
      <Filter>Header Files</Filter>
    </ClInclude>
    <ClInclude Include="..\JWlink\h\cmdphar.h">
      <Filter>Header Files</Filter>
    </ClInclude>
    <ClInclude Include="..\JWlink\h\cmdqnx.h">
      <Filter>Header Files</Filter>
    </ClInclude>
    <ClInclude Include="..\JWlink\h\cmdraw.h">
      <Filter>Header Files</Filter>
    </ClInclude>
    <ClInclude Include="..\JWlink\h\command.h">
      <Filter>Header Files</Filter>
    </ClInclude>
    <ClInclude Include="..\JWlink\h\dbgall.h">
      <Filter>Header Files</Filter>
    </ClInclude>
    <ClInclude Include="..\JWlink\h\dbgcomm.h">
      <Filter>Header Files</Filter>
    </ClInclude>
    <ClInclude Include="..\JWlink\h\dbgcv.h">
      <Filter>Header Files</Filter>
    </ClInclude>
    <ClInclude Include="..\JWlink\h\dbgdwarf.h">
      <Filter>Header Files</Filter>
    </ClInclude>
    <ClInclude Include="..\JWlink\h\dbginfo.h">
      <Filter>Header Files</Filter>
    </ClInclude>
    <ClInclude Include="..\JWlink\h\dbgwat.h">
      <Filter>Header Files</Filter>
    </ClInclude>
    <ClInclude Include="..\JWlink\h\debug.h">
      <Filter>Header Files</Filter>
    </ClInclude>
    <ClInclude Include="..\JWlink\h\distrib.h">
      <Filter>Header Files</Filter>
    </ClInclude>
    <ClInclude Include="..\JWlink\h\dllentry.h">
      <Filter>Header Files</Filter>
    </ClInclude>
    <ClInclude Include="..\JWlink\h\fileio.h">
      <Filter>Header Files</Filter>
    </ClInclude>
    <ClInclude Include="..\JWlink\h\formats.h">
      <Filter>Header Files</Filter>
    </ClInclude>
    <ClInclude Include="..\JWlink\h\globals.h">
      <Filter>Header Files</Filter>
    </ClInclude>
    <ClInclude Include="..\JWlink\h\hash.h">
      <Filter>Header Files</Filter>
    </ClInclude>
    <ClInclude Include="..\JWlink\h\impexp.h">
      <Filter>Header Files</Filter>
    </ClInclude>
    <ClInclude Include="..\JWlink\h\ldefext.h">
      <Filter>Header Files</Filter>
    </ClInclude>
    <ClInclude Include="..\JWlink\h\library.h">
      <Filter>Header Files</Filter>
    </ClInclude>
    <ClInclude Include="..\JWlink\h\link.h">
      <Filter>Header Files</Filter>
    </ClInclude>
    <ClInclude Include="..\JWlink\h\linkstd.h">
      <Filter>Header Files</Filter>
    </ClInclude>
    <ClInclude Include="..\JWlink\h\linkutil.h">
      <Filter>Header Files</Filter>
    </ClInclude>
    <ClInclude Include="..\JWlink\h\load16m.h">
      <Filter>Header Files</Filter>
    </ClInclude>
    <ClInclude Include="..\JWlink\h\loaddos.h">
      <Filter>Header Files</Filter>
    </ClInclude>
    <ClInclude Include="..\JWlink\h\loadelf.h">
      <Filter>Header Files</Filter>
    </ClInclude>
    <ClInclude Include="..\JWlink\h\loadelf2.h">
      <Filter>Header Files</Filter>
    </ClInclude>
    <ClInclude Include="..\JWlink\h\loadfile.h">
      <Filter>Header Files</Filter>
    </ClInclude>
    <ClInclude Include="..\JWlink\h\loadnov.h">
      <Filter>Header Files</Filter>
    </ClInclude>
    <ClInclude Include="..\JWlink\h\loados2.h">
      <Filter>Header Files</Filter>
    </ClInclude>
    <ClInclude Include="..\JWlink\h\loadpe.h">
      <Filter>Header Files</Filter>
    </ClInclude>
    <ClInclude Include="..\JWlink\h\loadqnx.h">
      <Filter>Header Files</Filter>
    </ClInclude>
    <ClInclude Include="..\JWlink\h\loadraw.h">
      <Filter>Header Files</Filter>
    </ClInclude>
    <ClInclude Include="..\JWlink\h\mapio.h">
      <Filter>Header Files</Filter>
    </ClInclude>
    <ClInclude Include="..\JWlink\h\msg.h">
      <Filter>Header Files</Filter>
    </ClInclude>
    <ClInclude Include="..\JWlink\h\newmem.h">
      <Filter>Header Files</Filter>
    </ClInclude>
    <ClInclude Include="..\JWlink\h\ntio.h">
      <Filter>Header Files</Filter>
    </ClInclude>
    <ClInclude Include="..\JWlink\h\nwpfx.h">
      <Filter>Header Files</Filter>
    </ClInclude>
    <ClInclude Include="..\JWlink\h\obj2supp.h">
      <Filter>Header Files</Filter>
    </ClInclude>
    <ClInclude Include="..\JWlink\h\objcache.h">
      <Filter>Header Files</Filter>
    </ClInclude>
    <ClInclude Include="..\JWlink\h\objcalc.h">
      <Filter>Header Files</Filter>
    </ClInclude>
    <ClInclude Include="..\JWlink\h\objfree.h">
      <Filter>Header Files</Filter>
    </ClInclude>
    <ClInclude Include="..\JWlink\h\objio.h">
      <Filter>Header Files</Filter>
    </ClInclude>
    <ClInclude Include="..\JWlink\h\objnode.h">
      <Filter>Header Files</Filter>
    </ClInclude>
    <ClInclude Include="..\JWlink\h\objomf.h">
      <Filter>Header Files</Filter>
    </ClInclude>
    <ClInclude Include="..\JWlink\h\objorl.h">
      <Filter>Header Files</Filter>
    </ClInclude>
    <ClInclude Include="..\JWlink\h\objpass1.h">
      <Filter>Header Files</Filter>
    </ClInclude>
    <ClInclude Include="..\JWlink\h\objpass2.h">
      <Filter>Header Files</Filter>
    </ClInclude>
    <ClInclude Include="..\JWlink\h\objstrip.h">
      <Filter>Header Files</Filter>
    </ClInclude>
    <ClInclude Include="..\JWlink\h\objstruc.h">
      <Filter>Header Files</Filter>
    </ClInclude>
    <ClInclude Include="..\JWlink\h\omfreloc.h">
      <Filter>Header Files</Filter>
    </ClInclude>
    <ClInclude Include="..\JWlink\h\overlays.h">
      <Filter>Header Files</Filter>
    </ClInclude>
    <ClInclude Include="..\JWlink\h\ovlstruc.h">
      <Filter>Header Files</Filter>
    </ClInclude>
    <ClInclude Include="..\JWlink\h\permdata.h">
      <Filter>Header Files</Filter>
    </ClInclude>
    <ClInclude Include="..\JWlink\h\pharlap.h">
      <Filter>Header Files</Filter>
    </ClInclude>
    <ClInclude Include="..\JWlink\h\procfile.h">
      <Filter>Header Files</Filter>
    </ClInclude>
    <ClInclude Include="..\JWlink\h\reloc.h">
      <Filter>Header Files</Filter>
    </ClInclude>
    <ClInclude Include="..\JWlink\h\ring.h">
      <Filter>Header Files</Filter>
    </ClInclude>
    <ClInclude Include="..\JWlink\h\salloc.h">
      <Filter>Header Files</Filter>
    </ClInclude>
    <ClInclude Include="..\JWlink\h\specials.h">
      <Filter>Header Files</Filter>
    </ClInclude>
    <ClInclude Include="..\JWlink\h\spillio.h">
      <Filter>Header Files</Filter>
    </ClInclude>
    <ClInclude Include="..\JWlink\h\standard.h">
      <Filter>Header Files</Filter>
    </ClInclude>
    <ClInclude Include="..\JWlink\h\strtab.h">
      <Filter>Header Files</Filter>
    </ClInclude>
    <ClInclude Include="..\JWlink\h\syms.h">
      <Filter>Header Files</Filter>
    </ClInclude>
    <ClInclude Include="..\JWlink\h\symtab.h">
      <Filter>Header Files</Filter>
    </ClInclude>
    <ClInclude Include="..\JWlink\h\symtrace.h">
      <Filter>Header Files</Filter>
    </ClInclude>
    <ClInclude Include="..\JWlink\h\taddr.h">
      <Filter>Header Files</Filter>
    </ClInclude>
    <ClInclude Include="..\JWlink\h\toc.h">
      <Filter>Header Files</Filter>
    </ClInclude>
    <ClInclude Include="..\JWlink\h\uintmacs.h">
      <Filter>Header Files</Filter>
    </ClInclude>
    <ClInclude Include="..\JWlink\h\virtmem.h">
      <Filter>Header Files</Filter>
    </ClInclude>
    <ClInclude Include="..\JWlink\h\wcomdef.h">
      <Filter>Header Files</Filter>
    </ClInclude>
    <ClInclude Include="..\JWlink\h\wlink.h">
      <Filter>Header Files</Filter>
    </ClInclude>
    <ClInclude Include="..\JWlink\h\wlmsgs.h">
      <Filter>Header Files</Filter>
    </ClInclude>
    <ClInclude Include="..\JWlink\h\wlnkmsg.h">
      <Filter>Header Files</Filter>
    </ClInclude>
    <ClInclude Include="..\JWlink\h\wlrcmem.h">
      <Filter>Header Files</Filter>
    </ClInclude>
  </ItemGroup>
  <ItemGroup>
    <ClCompile Include="pch.c">
      <Filter>Source Files</Filter>
    </ClCompile>
    <ClCompile Include="..\JWlink\c\autogrp.c">
      <Filter>Source Files</Filter>
    </ClCompile>
    <ClCompile Include="..\JWlink\c\carve.c">
      <Filter>Source Files</Filter>
    </ClCompile>
    <ClCompile Include="..\JWlink\c\clibext.c">
      <Filter>Source Files</Filter>
    </ClCompile>
    <ClCompile Include="..\JWlink\c\cmd16m.c">
      <Filter>Source Files</Filter>
    </ClCompile>
    <ClCompile Include="..\JWlink\c\cmdall.c">
      <Filter>Source Files</Filter>
    </ClCompile>
    <ClCompile Include="..\JWlink\c\cmddos.c">
      <Filter>Source Files</Filter>
    </ClCompile>
    <ClCompile Include="..\JWlink\c\cmdelf.c">
      <Filter>Source Files</Filter>
    </ClCompile>
    <ClCompile Include="..\JWlink\c\cmdline.c">
      <Filter>Source Files</Filter>
    </ClCompile>
    <ClCompile Include="..\JWlink\c\cmdnov.c">
      <Filter>Source Files</Filter>
    </ClCompile>
    <ClCompile Include="..\JWlink\c\cmdos2.c">
      <Filter>Source Files</Filter>
    </ClCompile>
    <ClCompile Include="..\JWlink\c\cmdphar.c">
      <Filter>Source Files</Filter>
    </ClCompile>
    <ClCompile Include="..\JWlink\c\cmdqnx.c">
      <Filter>Source Files</Filter>
    </ClCompile>
    <ClCompile Include="..\JWlink\c\cmdraw.c">
      <Filter>Source Files</Filter>
    </ClCompile>
    <ClCompile Include="..\JWlink\c\cmdtable.c">
      <Filter>Source Files</Filter>
    </ClCompile>
    <ClCompile Include="..\JWlink\c\cmdutils.c">
      <Filter>Source Files</Filter>
    </ClCompile>
    <ClCompile Include="..\JWlink\c\dbgall.c">
      <Filter>Source Files</Filter>
    </ClCompile>
    <ClCompile Include="..\JWlink\c\dbgcv.c">
      <Filter>Source Files</Filter>
    </ClCompile>
    <ClCompile Include="..\JWlink\c\dbgdwarf.c">
      <Filter>Source Files</Filter>
    </ClCompile>
    <ClCompile Include="..\JWlink\c\dbginfo.c">
      <Filter>Source Files</Filter>
    </ClCompile>
    <ClCompile Include="..\JWlink\c\debug.c">
      <Filter>Source Files</Filter>
    </ClCompile>
    <ClCompile Include="..\JWlink\c\distrib.c">
      <Filter>Source Files</Filter>
    </ClCompile>
    <ClCompile Include="..\JWlink\c\global.c">
      <Filter>Source Files</Filter>
    </ClCompile>
    <ClCompile Include="..\JWlink\c\hash.c">
      <Filter>Source Files</Filter>
    </ClCompile>
    <ClCompile Include="..\JWlink\c\impexp.c">
      <Filter>Source Files</Filter>
    </ClCompile>
    <ClCompile Include="..\JWlink\c\libr.c">
      <Filter>Source Files</Filter>
    </ClCompile>
    <ClCompile Include="..\JWlink\c\libsupp.c">
      <Filter>Source Files</Filter>
    </ClCompile>
    <ClCompile Include="..\JWlink\c\linkutil.c">
      <Filter>Source Files</Filter>
    </ClCompile>
    <ClCompile Include="..\JWlink\c\load16m.c">
      <Filter>Source Files</Filter>
    </ClCompile>
    <ClCompile Include="..\JWlink\c\loaddos.c">
      <Filter>Source Files</Filter>
    </ClCompile>
    <ClCompile Include="..\JWlink\c\loadelf.c">
      <Filter>Source Files</Filter>
    </ClCompile>
    <ClCompile Include="..\JWlink\c\loadelf2.c">
      <Filter>Source Files</Filter>
    </ClCompile>
    <ClCompile Include="..\JWlink\c\loadfile.c">
      <Filter>Source Files</Filter>
    </ClCompile>
    <ClCompile Include="..\JWlink\c\loadflat.c">
      <Filter>Source Files</Filter>
    </ClCompile>
    <ClCompile Include="..\JWlink\c\loadnov.c">
      <Filter>Source Files</Filter>
    </ClCompile>
    <ClCompile Include="..\JWlink\c\loados2.c">
      <Filter>Source Files</Filter>
    </ClCompile>
    <ClCompile Include="..\JWlink\c\loadpe.c">
      <Filter>Source Files</Filter>
    </ClCompile>
    <ClCompile Include="..\JWlink\c\loadphar.c">
      <Filter>Source Files</Filter>
    </ClCompile>
    <ClCompile Include="..\JWlink\c\loadqnx.c">
      <Filter>Source Files</Filter>
    </ClCompile>
    <ClCompile Include="..\JWlink\c\loadraw.c">
      <Filter>Source Files</Filter>
    </ClCompile>
    <ClCompile Include="..\JWlink\c\lsymtab.c">
      <Filter>Source Files</Filter>
    </ClCompile>
    <ClCompile Include="..\JWlink\c\mapio.c">
      <Filter>Source Files</Filter>
    </ClCompile>
    <ClCompile Include="..\JWlink\c\mem.c">
      <Filter>Source Files</Filter>
    </ClCompile>
    <ClCompile Include="..\JWlink\c\mixcache.c">
      <Filter>Source Files</Filter>
    </ClCompile>
    <ClCompile Include="..\JWlink\c\msg.c">
      <Filter>Source Files</Filter>
    </ClCompile>
    <ClCompile Include="..\JWlink\c\ntio.c">
      <Filter>Source Files</Filter>
    </ClCompile>
    <ClCompile Include="..\JWlink\c\obj2supp.c">
      <Filter>Source Files</Filter>
    </ClCompile>
    <ClCompile Include="..\JWlink\c\objcalc.c">
      <Filter>Source Files</Filter>
    </ClCompile>
    <ClCompile Include="..\JWlink\c\objfree.c">
      <Filter>Source Files</Filter>
    </ClCompile>
    <ClCompile Include="..\JWlink\c\objio.c">
      <Filter>Source Files</Filter>
    </ClCompile>
    <ClCompile Include="..\JWlink\c\objnode.c">
      <Filter>Source Files</Filter>
    </ClCompile>
    <ClCompile Include="..\JWlink\c\objomf.c">
      <Filter>Source Files</Filter>
    </ClCompile>
    <ClCompile Include="..\JWlink\c\objorl.c">
      <Filter>Source Files</Filter>
    </ClCompile>
    <ClCompile Include="..\JWlink\c\objpass1.c">
      <Filter>Source Files</Filter>
    </ClCompile>
    <ClCompile Include="..\JWlink\c\objpass2.c">
      <Filter>Source Files</Filter>
    </ClCompile>
    <ClCompile Include="..\JWlink\c\objstrip.c">
      <Filter>Source Files</Filter>
    </ClCompile>
    <ClCompile Include="..\JWlink\c\omfreloc.c">
      <Filter>Source Files</Filter>
    </ClCompile>
    <ClCompile Include="..\JWlink\c\overlays.c">
      <Filter>Source Files</Filter>
    </ClCompile>
    <ClCompile Include="..\JWlink\c\ovlsupp.c">
      <Filter>Source Files</Filter>
    </ClCompile>
    <ClCompile Include="..\JWlink\c\permdata.c">
      <Filter>Source Files</Filter>
    </ClCompile>
    <ClCompile Include="..\JWlink\c\procfile.c">
      <Filter>Source Files</Filter>
    </ClCompile>
    <ClCompile Include="..\JWlink\c\reloc.c">
      <Filter>Source Files</Filter>
    </ClCompile>
    <ClCompile Include="..\JWlink\c\ring.c">
      <Filter>Source Files</Filter>
    </ClCompile>
    <ClCompile Include="..\JWlink\c\ring2.c">
      <Filter>Source Files</Filter>
    </ClCompile>
    <ClCompile Include="..\JWlink\c\salloc.c">
      <Filter>Source Files</Filter>
    </ClCompile>
    <ClCompile Include="..\JWlink\c\spillio.c">
      <Filter>Source Files</Filter>
    </ClCompile>
    <ClCompile Include="..\JWlink\c\strtab.c">
      <Filter>Source Files</Filter>
    </ClCompile>
    <ClCompile Include="..\JWlink\c\symmem.c">
      <Filter>Source Files</Filter>
    </ClCompile>
    <ClCompile Include="..\JWlink\c\symtrace.c">
      <Filter>Source Files</Filter>
    </ClCompile>
    <ClCompile Include="..\JWlink\c\toc.c">
      <Filter>Source Files</Filter>
    </ClCompile>
    <ClCompile Include="..\JWlink\c\virtpage.c">
      <Filter>Source Files</Filter>
    </ClCompile>
    <ClCompile Include="..\JWlink\c\wcomdef.c">
      <Filter>Source Files</Filter>
    </ClCompile>
    <ClCompile Include="..\JWlink\c\wlnkmsg.c">
      <Filter>Source Files</Filter>
    </ClCompile>
  </ItemGroup>
  <ItemGroup>
    <None Include="..\JWlink\h\lnkerror.msg" />
    <None Include="..\JWlink\h\rcmsg.gh" />
    <None Include="..\JWlink\h\wlink.msg" />
  </ItemGroup>
</Project>