<?xml version="1.0" encoding="utf-8"?>
<Project ToolsVersion="4.0" xmlns="http://schemas.microsoft.com/developer/msbuild/2003">
  <ItemGroup>
    <Filter Include="Source Files">
      <UniqueIdentifier>{4FC737F1-C7A5-4376-A066-2A32D752A2FF}</UniqueIdentifier>
      <Extensions>cpp;c;cc;cxx;c++;cppm;ixx;def;odl;idl;hpj;bat;asm;asmx</Extensions>
    </Filter>
    <Filter Include="Header Files">
      <UniqueIdentifier>{93995380-89BD-4b04-88EB-625FBE52EBFB}</UniqueIdentifier>
      <Extensions>h;hh;hpp;hxx;h++;hm;inl;inc;ipp;xsd</Extensions>
    </Filter>
    <Filter Include="Resource Files">
      <UniqueIdentifier>{67DA6AB6-F800-4c08-8B7A-83BB121AAD01}</UniqueIdentifier>
      <Extensions>rc;ico;cur;bmp;dlg;rc2;rct;bin;rgs;gif;jpg;jpeg;jpe;resx;tiff;tif;png;wav;mfcribbon-ms</Extensions>
    </Filter>
  </ItemGroup>
  <ItemGroup>
    <ClInclude Include="framework.h">
      <Filter>Header Files</Filter>
    </ClInclude>
    <ClInclude Include="pch.h">
      <Filter>Header Files</Filter>
    </ClInclude>
    <ClInclude Include="coff\h\coffentr.h">
      <Filter>Header Files</Filter>
    </ClInclude>
    <ClInclude Include="coff\h\coffflhn.h">
      <Filter>Header Files</Filter>
    </ClInclude>
    <ClInclude Include="coff\h\coffglbl.h">
      <Filter>Header Files</Filter>
    </ClInclude>
    <ClInclude Include="coff\h\coffhash.h">
      <Filter>Header Files</Filter>
    </ClInclude>
    <ClInclude Include="coff\h\coffimpl.h">
      <Filter>Header Files</Filter>
    </ClInclude>
    <ClInclude Include="coff\h\coffload.h">
      <Filter>Header Files</Filter>
    </ClInclude>
    <ClInclude Include="coff\h\cofflwlv.h">
      <Filter>Header Files</Filter>
    </ClInclude>
    <ClInclude Include="coff\h\cofforl.h">
      <Filter>Header Files</Filter>
    </ClInclude>
    <ClInclude Include="coff\h\cofftype.h">
      <Filter>Header Files</Filter>
    </ClInclude>
    <ClInclude Include="elf\h\elfentr.h">
      <Filter>Header Files</Filter>
    </ClInclude>
    <ClInclude Include="elf\h\elfflhn.h">
      <Filter>Header Files</Filter>
    </ClInclude>
    <ClInclude Include="elf\h\elfglbl.h">
      <Filter>Header Files</Filter>
    </ClInclude>
    <ClInclude Include="elf\h\elfhash.h">
      <Filter>Header Files</Filter>
    </ClInclude>
    <ClInclude Include="elf\h\elfload.h">
      <Filter>Header Files</Filter>
    </ClInclude>
    <ClInclude Include="elf\h\elflwlv.h">
      <Filter>Header Files</Filter>
    </ClInclude>
    <ClInclude Include="elf\h\elforl.h">
      <Filter>Header Files</Filter>
    </ClInclude>
    <ClInclude Include="elf\h\elftype.h">
      <Filter>Header Files</Filter>
    </ClInclude>
    <ClInclude Include="h\orl.h">
      <Filter>Header Files</Filter>
    </ClInclude>
    <ClInclude Include="h\orlcomon.h">
      <Filter>Header Files</Filter>
    </ClInclude>
    <ClInclude Include="h\orlentry.h">
      <Filter>Header Files</Filter>
    </ClInclude>
    <ClInclude Include="h\orlflhnd.h">
      <Filter>Header Files</Filter>
    </ClInclude>
    <ClInclude Include="h\orlglobl.h">
      <Filter>Header Files</Filter>
    </ClInclude>
    <ClInclude Include="h\orlhash.h">
      <Filter>Header Files</Filter>
    </ClInclude>
    <ClInclude Include="h\orlhshdf.h">
      <Filter>Header Files</Filter>
    </ClInclude>
    <ClInclude Include="h\orlintnl.h">
      <Filter>Header Files</Filter>
    </ClInclude>
    <ClInclude Include="h\orllevel.h">
      <Filter>Header Files</Filter>
    </ClInclude>
    <ClInclude Include="omf\h\omfdrctv.h">
      <Filter>Header Files</Filter>
    </ClInclude>
    <ClInclude Include="omf\h\omfentr.h">
      <Filter>Header Files</Filter>
    </ClInclude>
    <ClInclude Include="omf\h\omfflhn.h">
      <Filter>Header Files</Filter>
    </ClInclude>
    <ClInclude Include="omf\h\omfglbl.h">
      <Filter>Header Files</Filter>
    </ClInclude>
    <ClInclude Include="omf\h\omfload.h">
      <Filter>Header Files</Filter>
    </ClInclude>
    <ClInclude Include="omf\h\omfmunge.h">
      <Filter>Header Files</Filter>
    </ClInclude>
    <ClInclude Include="omf\h\omforl.h">
      <Filter>Header Files</Filter>
    </ClInclude>
    <ClInclude Include="omf\h\omftype.h">
      <Filter>Header Files</Filter>
    </ClInclude>
    <ClInclude Include="..\h\alloc.h">
      <Filter>Header Files</Filter>
    </ClInclude>
    <ClInclude Include="..\h\banner.h">
      <Filter>Header Files</Filter>
    </ClInclude>
    <ClInclude Include="..\h\carve.h">
      <Filter>Header Files</Filter>
    </ClInclude>
    <ClInclude Include="..\h\clibext.h">
      <Filter>Header Files</Filter>
    </ClInclude>
    <ClInclude Include="..\h\cmd16m.h">
      <Filter>Header Files</Filter>
    </ClInclude>
    <ClInclude Include="..\h\cmdall.h">
      <Filter>Header Files</Filter>
    </ClInclude>
    <ClInclude Include="..\h\cmddos.h">
      <Filter>Header Files</Filter>
    </ClInclude>
    <ClInclude Include="..\h\cmdelf.h">
      <Filter>Header Files</Filter>
    </ClInclude>
    <ClInclude Include="..\h\cmdline.h">
      <Filter>Header Files</Filter>
    </ClInclude>
    <ClInclude Include="..\h\cmdnov.h">
      <Filter>Header Files</Filter>
    </ClInclude>
    <ClInclude Include="..\h\cmdos2.h">
      <Filter>Header Files</Filter>
    </ClInclude>
    <ClInclude Include="..\h\cmdphar.h">
      <Filter>Header Files</Filter>
    </ClInclude>
    <ClInclude Include="..\h\cmdqnx.h">
      <Filter>Header Files</Filter>
    </ClInclude>
    <ClInclude Include="..\h\cmdraw.h">
      <Filter>Header Files</Filter>
    </ClInclude>
    <ClInclude Include="..\h\command.h">
      <Filter>Header Files</Filter>
    </ClInclude>
    <ClInclude Include="..\h\dbgall.h">
      <Filter>Header Files</Filter>
    </ClInclude>
    <ClInclude Include="..\h\dbgcomm.h">
      <Filter>Header Files</Filter>
    </ClInclude>
    <ClInclude Include="..\h\dbgcv.h">
      <Filter>Header Files</Filter>
    </ClInclude>
    <ClInclude Include="..\h\dbgdwarf.h">
      <Filter>Header Files</Filter>
    </ClInclude>
    <ClInclude Include="..\h\dbginfo.h">
      <Filter>Header Files</Filter>
    </ClInclude>
    <ClInclude Include="..\h\dbgwat.h">
      <Filter>Header Files</Filter>
    </ClInclude>
    <ClInclude Include="..\h\debug.h">
      <Filter>Header Files</Filter>
    </ClInclude>
    <ClInclude Include="..\h\distrib.h">
      <Filter>Header Files</Filter>
    </ClInclude>
    <ClInclude Include="..\h\dllentry.h">
      <Filter>Header Files</Filter>
    </ClInclude>
    <ClInclude Include="..\h\fileio.h">
      <Filter>Header Files</Filter>
    </ClInclude>
    <ClInclude Include="..\h\formats.h">
      <Filter>Header Files</Filter>
    </ClInclude>
    <ClInclude Include="..\h\globals.h">
      <Filter>Header Files</Filter>
    </ClInclude>
    <ClInclude Include="..\h\hash.h">
      <Filter>Header Files</Filter>
    </ClInclude>
    <ClInclude Include="..\h\impexp.h">
      <Filter>Header Files</Filter>
    </ClInclude>
    <ClInclude Include="..\h\ldefext.h">
      <Filter>Header Files</Filter>
    </ClInclude>
    <ClInclude Include="..\h\library.h">
      <Filter>Header Files</Filter>
    </ClInclude>
    <ClInclude Include="..\h\link.h">
      <Filter>Header Files</Filter>
    </ClInclude>
    <ClInclude Include="..\h\linkstd.h">
      <Filter>Header Files</Filter>
    </ClInclude>
    <ClInclude Include="..\h\linkutil.h">
      <Filter>Header Files</Filter>
    </ClInclude>
    <ClInclude Include="..\h\load16m.h">
      <Filter>Header Files</Filter>
    </ClInclude>
    <ClInclude Include="..\h\loaddos.h">
      <Filter>Header Files</Filter>
    </ClInclude>
    <ClInclude Include="..\h\loadelf.h">
      <Filter>Header Files</Filter>
    </ClInclude>
    <ClInclude Include="..\h\loadelf2.h">
      <Filter>Header Files</Filter>
    </ClInclude>
    <ClInclude Include="..\h\loadfile.h">
      <Filter>Header Files</Filter>
    </ClInclude>
    <ClInclude Include="..\h\loadnov.h">
      <Filter>Header Files</Filter>
    </ClInclude>
    <ClInclude Include="..\h\loados2.h">
      <Filter>Header Files</Filter>
    </ClInclude>
    <ClInclude Include="..\h\loadpe.h">
      <Filter>Header Files</Filter>
    </ClInclude>
    <ClInclude Include="..\h\loadqnx.h">
      <Filter>Header Files</Filter>
    </ClInclude>
    <ClInclude Include="..\h\loadraw.h">
      <Filter>Header Files</Filter>
    </ClInclude>
    <ClInclude Include="..\h\mapio.h">
      <Filter>Header Files</Filter>
    </ClInclude>
    <ClInclude Include="..\h\msg.h">
      <Filter>Header Files</Filter>
    </ClInclude>
    <ClInclude Include="..\h\newmem.h">
      <Filter>Header Files</Filter>
    </ClInclude>
    <ClInclude Include="..\h\ntio.h">
      <Filter>Header Files</Filter>
    </ClInclude>
    <ClInclude Include="..\h\nwpfx.h">
      <Filter>Header Files</Filter>
    </ClInclude>
    <ClInclude Include="..\h\obj2supp.h">
      <Filter>Header Files</Filter>
    </ClInclude>
    <ClInclude Include="..\h\objcache.h">
      <Filter>Header Files</Filter>
    </ClInclude>
    <ClInclude Include="..\h\objcalc.h">
      <Filter>Header Files</Filter>
    </ClInclude>
    <ClInclude Include="..\h\objfree.h">
      <Filter>Header Files</Filter>
    </ClInclude>
    <ClInclude Include="..\h\objio.h">
      <Filter>Header Files</Filter>
    </ClInclude>
    <ClInclude Include="..\h\objnode.h">
      <Filter>Header Files</Filter>
    </ClInclude>
    <ClInclude Include="..\h\objomf.h">
      <Filter>Header Files</Filter>
    </ClInclude>
    <ClInclude Include="..\h\objorl.h">
      <Filter>Header Files</Filter>
    </ClInclude>
    <ClInclude Include="..\h\objpass1.h">
      <Filter>Header Files</Filter>
    </ClInclude>
    <ClInclude Include="..\h\objpass2.h">
      <Filter>Header Files</Filter>
    </ClInclude>
    <ClInclude Include="..\h\objstrip.h">
      <Filter>Header Files</Filter>
    </ClInclude>
    <ClInclude Include="..\h\objstruc.h">
      <Filter>Header Files</Filter>
    </ClInclude>
    <ClInclude Include="..\h\omfreloc.h">
      <Filter>Header Files</Filter>
    </ClInclude>
    <ClInclude Include="..\h\overlays.h">
      <Filter>Header Files</Filter>
    </ClInclude>
    <ClInclude Include="..\h\ovlstruc.h">
      <Filter>Header Files</Filter>
    </ClInclude>
    <ClInclude Include="..\h\permdata.h">
      <Filter>Header Files</Filter>
    </ClInclude>
    <ClInclude Include="..\h\pharlap.h">
      <Filter>Header Files</Filter>
    </ClInclude>
    <ClInclude Include="..\h\procfile.h">
      <Filter>Header Files</Filter>
    </ClInclude>
    <ClInclude Include="..\h\reloc.h">
      <Filter>Header Files</Filter>
    </ClInclude>
    <ClInclude Include="..\h\ring.h">
      <Filter>Header Files</Filter>
    </ClInclude>
    <ClInclude Include="..\h\salloc.h">
      <Filter>Header Files</Filter>
    </ClInclude>
    <ClInclude Include="..\h\specials.h">
      <Filter>Header Files</Filter>
    </ClInclude>
    <ClInclude Include="..\h\spillio.h">
      <Filter>Header Files</Filter>
    </ClInclude>
    <ClInclude Include="..\h\standard.h">
      <Filter>Header Files</Filter>
    </ClInclude>
    <ClInclude Include="..\h\strtab.h">
      <Filter>Header Files</Filter>
    </ClInclude>
    <ClInclude Include="..\h\syms.h">
      <Filter>Header Files</Filter>
    </ClInclude>
    <ClInclude Include="..\h\symtab.h">
      <Filter>Header Files</Filter>
    </ClInclude>
    <ClInclude Include="..\h\symtrace.h">
      <Filter>Header Files</Filter>
    </ClInclude>
    <ClInclude Include="..\h\taddr.h">
      <Filter>Header Files</Filter>
    </ClInclude>
    <ClInclude Include="..\h\toc.h">
      <Filter>Header Files</Filter>
    </ClInclude>
    <ClInclude Include="..\h\uintmacs.h">
      <Filter>Header Files</Filter>
    </ClInclude>
    <ClInclude Include="..\h\virtmem.h">
      <Filter>Header Files</Filter>
    </ClInclude>
    <ClInclude Include="..\h\wcomdef.h">
      <Filter>Header Files</Filter>
    </ClInclude>
    <ClInclude Include="..\h\wlink.h">
      <Filter>Header Files</Filter>
    </ClInclude>
    <ClInclude Include="..\h\wlmsgs.h">
      <Filter>Header Files</Filter>
    </ClInclude>
    <ClInclude Include="..\h\wlnkmsg.h">
      <Filter>Header Files</Filter>
    </ClInclude>
    <ClInclude Include="..\h\wlrcmem.h">
      <Filter>Header Files</Filter>
    </ClInclude>
  </ItemGroup>
  <ItemGroup>
    <ClCompile Include="pch.c">
      <Filter>Source Files</Filter>
    </ClCompile>
    <ClCompile Include="c\orlentry.c">
      <Filter>Source Files</Filter>
    </ClCompile>
    <ClCompile Include="c\orlflhnd.c">
      <Filter>Source Files</Filter>
    </ClCompile>
    <ClCompile Include="c\orlhash.c">
      <Filter>Source Files</Filter>
    </ClCompile>
    <ClCompile Include="coff\c\coffentr.c">
      <Filter>Source Files</Filter>
    </ClCompile>
    <ClCompile Include="coff\c\coffflhn.c">
      <Filter>Source Files</Filter>
    </ClCompile>
    <ClCompile Include="coff\c\coffimpl.c">
      <Filter>Source Files</Filter>
    </ClCompile>
    <ClCompile Include="coff\c\coffload.c">
      <Filter>Source Files</Filter>
    </ClCompile>
    <ClCompile Include="coff\c\cofflwlv.c">
      <Filter>Source Files</Filter>
    </ClCompile>
    <ClCompile Include="elf\c\elfentr.c">
      <Filter>Source Files</Filter>
    </ClCompile>
    <ClCompile Include="elf\c\elfflhn.c">
      <Filter>Source Files</Filter>
    </ClCompile>
    <ClCompile Include="elf\c\elfload.c">
      <Filter>Source Files</Filter>
    </ClCompile>
    <ClCompile Include="elf\c\elflwlv.c">
      <Filter>Source Files</Filter>
    </ClCompile>
    <ClCompile Include="omf\c\omfdrctv.c">
      <Filter>Source Files</Filter>
    </ClCompile>
    <ClCompile Include="omf\c\omfentr.c">
      <Filter>Source Files</Filter>
    </ClCompile>
    <ClCompile Include="omf\c\omfflhn.c">
      <Filter>Source Files</Filter>
    </ClCompile>
    <ClCompile Include="omf\c\omfload.c">
      <Filter>Source Files</Filter>
    </ClCompile>
    <ClCompile Include="omf\c\omfmunge.c">
      <Filter>Source Files</Filter>
    </ClCompile>
  </ItemGroup>
</Project>