<?xml version="1.0" encoding="utf-8"?>
<Project ToolsVersion="4.0" xmlns="http://schemas.microsoft.com/developer/msbuild/2003">
  <ItemGroup>
    <Filter Include="Source Files">
      <UniqueIdentifier>{4FC737F1-C7A5-4376-A066-2A32D752A2FF}</UniqueIdentifier>
      <Extensions>cpp;c;cc;cxx;c++;cppm;ixx;def;odl;idl;hpj;bat;asm;asmx</Extensions>
    </Filter>
    <Filter Include="Header Files">
      <UniqueIdentifier>{93995380-89BD-4b04-88EB-625FBE52EBFB}</UniqueIdentifier>
      <Extensions>h;hh;hpp;hxx;h++;hm;inl;inc;ipp;xsd</Extensions>
    </Filter>
    <Filter Include="Resource Files">
      <UniqueIdentifier>{67DA6AB6-F800-4c08-8B7A-83BB121AAD01}</UniqueIdentifier>
      <Extensions>rc;ico;cur;bmp;dlg;rc2;rct;bin;rgs;gif;jpg;jpeg;jpe;resx;tiff;tif;png;wav;mfcribbon-ms</Extensions>
    </Filter>
  </ItemGroup>
  <ItemGroup>
    <ClInclude Include="framework.h">
      <Filter>Header Files</Filter>
    </ClInclude>
    <ClInclude Include="pch.h">
      <Filter>Header Files</Filter>
    </ClInclude>
    <ClInclude Include="coff\h\coffentr.h">
      <Filter>Header Files</Filter>
    </ClInclude>
    <ClInclude Include="coff\h\coffflhn.h">
      <Filter>Header Files</Filter>
    </ClInclude>
    <ClInclude Include="coff\h\coffglbl.h">
      <Filter>Header Files</Filter>
    </ClInclude>
    <ClInclude Include="coff\h\coffhash.h">
      <Filter>Header Files</Filter>
    </ClInclude>
    <ClInclude Include="coff\h\coffimpl.h">
      <Filter>Header Files</Filter>
    </ClInclude>
    <ClInclude Include="coff\h\coffload.h">
      <Filter>Header Files</Filter>
    </ClInclude>
    <ClInclude Include="coff\h\cofflwlv.h">
      <Filter>Header Files</Filter>
    </ClInclude>
    <ClInclude Include="coff\h\cofforl.h">
      <Filter>Header Files</Filter>
    </ClInclude>
    <ClInclude Include="coff\h\cofftype.h">
      <Filter>Header Files</Filter>
    </ClInclude>
    <ClInclude Include="elf\h\elfentr.h">
      <Filter>Header Files</Filter>
    </ClInclude>
    <ClInclude Include="elf\h\elfflhn.h">
      <Filter>Header Files</Filter>
    </ClInclude>
    <ClInclude Include="elf\h\elfglbl.h">
      <Filter>Header Files</Filter>
    </ClInclude>
    <ClInclude Include="elf\h\elfhash.h">
      <Filter>Header Files</Filter>
    </ClInclude>
    <ClInclude Include="elf\h\elfload.h">
      <Filter>Header Files</Filter>
    </ClInclude>
    <ClInclude Include="elf\h\elflwlv.h">
      <Filter>Header Files</Filter>
    </ClInclude>
    <ClInclude Include="elf\h\elforl.h">
      <Filter>Header Files</Filter>
    </ClInclude>
    <ClInclude Include="elf\h\elftype.h">
      <Filter>Header Files</Filter>
    </ClInclude>
    <ClInclude Include="h\orl.h">
      <Filter>Header Files</Filter>
    </ClInclude>
    <ClInclude Include="h\orlcomon.h">
      <Filter>Header Files</Filter>
    </ClInclude>
    <ClInclude Include="h\orlentry.h">
      <Filter>Header Files</Filter>
    </ClInclude>
    <ClInclude Include="h\orlflhnd.h">
      <Filter>Header Files</Filter>
    </ClInclude>
    <ClInclude Include="h\orlglobl.h">
      <Filter>Header Files</Filter>
    </ClInclude>
    <ClInclude Include="h\orlhash.h">
      <Filter>Header Files</Filter>
    </ClInclude>
    <ClInclude Include="h\orlhshdf.h">
      <Filter>Header Files</Filter>
    </ClInclude>
    <ClInclude Include="h\orlintnl.h">
      <Filter>Header Files</Filter>
    </ClInclude>
    <ClInclude Include="h\orllevel.h">
      <Filter>Header Files</Filter>
    </ClInclude>
    <ClInclude Include="omf\h\omfdrctv.h">
      <Filter>Header Files</Filter>
    </ClInclude>
    <ClInclude Include="omf\h\omfentr.h">
      <Filter>Header Files</Filter>
    </ClInclude>
    <ClInclude Include="omf\h\omfflhn.h">
      <Filter>Header Files</Filter>
    </ClInclude>
    <ClInclude Include="omf\h\omfglbl.h">
      <Filter>Header Files</Filter>
    </ClInclude>
    <ClInclude Include="omf\h\omfload.h">
      <Filter>Header Files</Filter>
    </ClInclude>
    <ClInclude Include="omf\h\omfmunge.h">
      <Filter>Header Files</Filter>
    </ClInclude>
    <ClInclude Include="omf\h\omforl.h">
      <Filter>Header Files</Filter>
    </ClInclude>
    <ClInclude Include="omf\h\omftype.h">
      <Filter>Header Files</Filter>
    </ClInclude>
  </ItemGroup>
  <ItemGroup>
    <ClCompile Include="pch.c">
      <Filter>Source Files</Filter>
    </ClCompile>
    <ClCompile Include="c\orlentry.c">
      <Filter>Source Files</Filter>
    </ClCompile>
    <ClCompile Include="c\orlflhnd.c">
      <Filter>Source Files</Filter>
    </ClCompile>
    <ClCompile Include="c\orlhash.c">
      <Filter>Source Files</Filter>
    </ClCompile>
  </ItemGroup>
</Project>