<Solution>
  <Configurations>
    <Platform Name="x64" />
    <Platform Name="x86" />
  </Configurations>
  <Project Path="File/File.vcxproj" Id="07c330d8-c0c2-42b5-a94e-ae87dab6420d" />
  <Project Path="JWasm/JWasm.vcxproj" Id="633eb358-5b2b-405a-8000-48622145a995" />
  <Project Path="JWasmLib/JWasmLib.vcxproj" Id="fd8eeaf5-d96a-4978-9cb3-d573a9c0d4b1" />
  <Project Path="JWlink/JWlink.vcxproj" Id="d6ce8cc8-a65d-471c-9c12-01821ef9ecd7" />
  <Project Path="Memory/Memory.vcxproj" Id="36412e4a-5780-46b9-bf4b-0d79b4a7de96" />
  <Project Path="orl/orl.vcxproj" Id="254c4c4d-ac55-4f7a-a05d-ecf2f897c42d" />
</Solution>
