<?xml version="1.0" encoding="utf-8"?>
<Project ToolsVersion="4.0" xmlns="http://schemas.microsoft.com/developer/msbuild/2003">
  <ItemGroup>
    <Filter Include="Source Files">
      <UniqueIdentifier>{4FC737F1-C7A5-4376-A066-2A32D752A2FF}</UniqueIdentifier>
      <Extensions>cpp;c;cc;cxx;c++;cppm;ixx;def;odl;idl;hpj;bat;asm;asmx</Extensions>
    </Filter>
    <Filter Include="Header Files">
      <UniqueIdentifier>{93995380-89BD-4b04-88EB-625FBE52EBFB}</UniqueIdentifier>
      <Extensions>h;hh;hpp;hxx;h++;hm;inl;inc;ipp;xsd</Extensions>
    </Filter>
    <Filter Include="Resource Files">
      <UniqueIdentifier>{67DA6AB6-F800-4c08-8B7A-83BB121AAD01}</UniqueIdentifier>
      <Extensions>rc;ico;cur;bmp;dlg;rc2;rct;bin;rgs;gif;jpg;jpeg;jpe;resx;tiff;tif;png;wav;mfcribbon-ms</Extensions>
    </Filter>
  </ItemGroup>
  <ItemGroup>
    <ClInclude Include="h\dumpwv.h">
      <Filter>Header Files</Filter>
    </ClInclude>
    <ClInclude Include="h\wdfunc.h">
      <Filter>Header Files</Filter>
    </ClInclude>
    <ClInclude Include="h\wdglb.h">
      <Filter>Header Files</Filter>
    </ClInclude>
  </ItemGroup>
  <ItemGroup>
    <ClCompile Include="c\coff.c">
      <Filter>Source Files</Filter>
    </ClCompile>
    <ClCompile Include="c\d16mexe.c">
      <Filter>Source Files</Filter>
    </ClCompile>
    <ClCompile Include="c\dosexe.c">
      <Filter>Source Files</Filter>
    </ClCompile>
    <ClCompile Include="c\dumpcv.c">
      <Filter>Source Files</Filter>
    </ClCompile>
    <ClCompile Include="c\dumphll.c">
      <Filter>Source Files</Filter>
    </ClCompile>
    <ClCompile Include="c\dumpwv.c">
      <Filter>Source Files</Filter>
    </ClCompile>
    <ClCompile Include="c\elfexe.c">
      <Filter>Source Files</Filter>
    </ClCompile>
    <ClCompile Include="c\machoexe.c">
      <Filter>Source Files</Filter>
    </ClCompile>
    <ClCompile Include="c\novexe.c">
      <Filter>Source Files</Filter>
    </ClCompile>
    <ClCompile Include="c\os2exe.c">
      <Filter>Source Files</Filter>
    </ClCompile>
    <ClCompile Include="c\peexe.c">
      <Filter>Source Files</Filter>
    </ClCompile>
    <ClCompile Include="c\pharexe.c">
      <Filter>Source Files</Filter>
    </ClCompile>
    <ClCompile Include="c\qnxexe.c">
      <Filter>Source Files</Filter>
    </ClCompile>
    <ClCompile Include="c\typewv.c">
      <Filter>Source Files</Filter>
    </ClCompile>
    <ClCompile Include="c\wdata.c">
      <Filter>Source Files</Filter>
    </ClCompile>
    <ClCompile Include="c\wdfix.c">
      <Filter>Source Files</Filter>
    </ClCompile>
    <ClCompile Include="c\wdglb.c">
      <Filter>Source Files</Filter>
    </ClCompile>
    <ClCompile Include="c\wdio.c">
      <Filter>Source Files</Filter>
    </ClCompile>
    <ClCompile Include="c\wdmp.c">
      <Filter>Source Files</Filter>
    </ClCompile>
    <ClCompile Include="c\wdprs.c">
      <Filter>Source Files</Filter>
    </ClCompile>
    <ClCompile Include="c\wdres.c">
      <Filter>Source Files</Filter>
    </ClCompile>
    <ClCompile Include="c\wdseg.c">
      <Filter>Source Files</Filter>
    </ClCompile>
    <ClCompile Include="c\wdtab.c">
      <Filter>Source Files</Filter>
    </ClCompile>
    <ClCompile Include="c\wdwarf.c">
      <Filter>Source Files</Filter>
    </ClCompile>
    <ClCompile Include="c\wline.c">
      <Filter>Source Files</Filter>
    </ClCompile>
    <ClCompile Include="c\wperes.c">
      <Filter>Source Files</Filter>
    </ClCompile>
    <ClCompile Include="c\wpetbls.c">
      <Filter>Source Files</Filter>
    </ClCompile>
    <ClCompile Include="c\wsect.c">
      <Filter>Source Files</Filter>
    </ClCompile>
  </ItemGroup>
</Project>