
Microsoft Visual Studio Solution File, Format Version 12.00
# Visual Studio Version 17
VisualStudioVersion = 17.14.36603.0 d17.14
MinimumVisualStudioVersion = 10.0.40219.1
Project("{8BC9CEB8-8B4A-11D0-8D11-00A0C91BC942}") = "ALink", "ALink.vcxproj", "{DAB531B2-E9CA-40DE-A295-1677DF5CA27D}"
EndProject
Global
	GlobalSection(SolutionConfigurationPlatforms) = preSolution
		Debug|x64 = Debug|x64
		Debug|x86 = Debug|x86
		Release|x64 = Release|x64
		Release|x86 = Release|x86
	EndGlobalSection
	GlobalSection(ProjectConfigurationPlatforms) = postSolution
		{DAB531B2-E9CA-40DE-A295-1677DF5CA27D}.Debug|x64.ActiveCfg = Debug|x64
		{DAB531B2-E9CA-40DE-A295-1677DF5CA27D}.Debug|x64.Build.0 = Debug|x64
		{DAB531B2-E9CA-40DE-A295-1677DF5CA27D}.Debug|x86.ActiveCfg = Debug|Win32
		{DAB531B2-E9CA-40DE-A295-1677DF5CA27D}.Debug|x86.Build.0 = Debug|Win32
		{DAB531B2-E9CA-40DE-A295-1677DF5CA27D}.Release|x64.ActiveCfg = Release|x64
		{DAB531B2-E9CA-40DE-A295-1677DF5CA27D}.Release|x64.Build.0 = Release|x64
		{DAB531B2-E9CA-40DE-A295-1677DF5CA27D}.Release|x86.ActiveCfg = Release|Win32
		{DAB531B2-E9CA-40DE-A295-1677DF5CA27D}.Release|x86.Build.0 = Release|Win32
	EndGlobalSection
	GlobalSection(SolutionProperties) = preSolution
		HideSolutionNode = FALSE
	EndGlobalSection
	GlobalSection(ExtensibilityGlobals) = postSolution
		SolutionGuid = {D1C225F4-98EC-4ACA-9881-5725A5ADFCD7}
	EndGlobalSection
EndGlobal
