<?xml version="1.0" encoding="utf-8"?>
<Project ToolsVersion="4.0" xmlns="http://schemas.microsoft.com/developer/msbuild/2003">
  <ItemGroup>
    <Filter Include="Source Files">
      <UniqueIdentifier>{4FC737F1-C7A5-4376-A066-2A32D752A2FF}</UniqueIdentifier>
      <Extensions>cpp;c;cc;cxx;c++;cppm;ixx;def;odl;idl;hpj;bat;asm;asmx</Extensions>
    </Filter>
    <Filter Include="Header Files">
      <UniqueIdentifier>{93995380-89BD-4b04-88EB-625FBE52EBFB}</UniqueIdentifier>
      <Extensions>h;hh;hpp;hxx;h++;hm;inl;inc;ipp;xsd</Extensions>
    </Filter>
    <Filter Include="Resource Files">
      <UniqueIdentifier>{67DA6AB6-F800-4c08-8B7A-83BB121AAD01}</UniqueIdentifier>
      <Extensions>rc;ico;cur;bmp;dlg;rc2;rct;bin;rgs;gif;jpg;jpeg;jpe;resx;tiff;tif;png;wav;mfcribbon-ms</Extensions>
    </Filter>
  </ItemGroup>
  <ItemGroup>
    <ClCompile Include="coff.c">
      <Filter>Source Files</Filter>
    </ClCompile>
    <ClCompile Include="d16mexe.c">
      <Filter>Source Files</Filter>
    </ClCompile>
    <ClCompile Include="dosexe.c">
      <Filter>Source Files</Filter>
    </ClCompile>
    <ClCompile Include="dumpcv.c">
      <Filter>Source Files</Filter>
    </ClCompile>
    <ClCompile Include="dumphll.c">
      <Filter>Source Files</Filter>
    </ClCompile>
    <ClCompile Include="dumpwv.c">
      <Filter>Source Files</Filter>
    </ClCompile>
    <ClCompile Include="elfexe.c">
      <Filter>Source Files</Filter>
    </ClCompile>
    <ClCompile Include="machoexe.c">
      <Filter>Source Files</Filter>
    </ClCompile>
    <ClCompile Include="novexe.c">
      <Filter>Source Files</Filter>
    </ClCompile>
    <ClCompile Include="os2exe.c">
      <Filter>Source Files</Filter>
    </ClCompile>
    <ClCompile Include="peexe.c">
      <Filter>Source Files</Filter>
    </ClCompile>
    <ClCompile Include="pharexe.c">
      <Filter>Source Files</Filter>
    </ClCompile>
    <ClCompile Include="qnxexe.c">
      <Filter>Source Files</Filter>
    </ClCompile>
    <ClCompile Include="typewv.c">
      <Filter>Source Files</Filter>
    </ClCompile>
    <ClCompile Include="wdata.c">
      <Filter>Source Files</Filter>
    </ClCompile>
    <ClCompile Include="wdfix.c">
      <Filter>Source Files</Filter>
    </ClCompile>
    <ClCompile Include="wdglb.c">
      <Filter>Source Files</Filter>
    </ClCompile>
    <ClCompile Include="wdio.c">
      <Filter>Source Files</Filter>
    </ClCompile>
    <ClCompile Include="wdmp.c">
      <Filter>Source Files</Filter>
    </ClCompile>
    <ClCompile Include="wdprs.c">
      <Filter>Source Files</Filter>
    </ClCompile>
    <ClCompile Include="wdres.c">
      <Filter>Source Files</Filter>
    </ClCompile>
    <ClCompile Include="wdseg.c">
      <Filter>Source Files</Filter>
    </ClCompile>
    <ClCompile Include="wdtab.c">
      <Filter>Source Files</Filter>
    </ClCompile>
    <ClCompile Include="wdwarf.c">
      <Filter>Source Files</Filter>
    </ClCompile>
    <ClCompile Include="wline.c">
      <Filter>Source Files</Filter>
    </ClCompile>
    <ClCompile Include="wperes.c">
      <Filter>Source Files</Filter>
    </ClCompile>
    <ClCompile Include="wpetbls.c">
      <Filter>Source Files</Filter>
    </ClCompile>
    <ClCompile Include="wsect.c">
      <Filter>Source Files</Filter>
    </ClCompile>
  </ItemGroup>
  <ItemGroup>
    <ClInclude Include="dumpwv.h">
      <Filter>Header Files</Filter>
    </ClInclude>
    <ClInclude Include="wdfunc.h">
      <Filter>Header Files</Filter>
    </ClInclude>
    <ClInclude Include="wdglb.h">
      <Filter>Header Files</Filter>
    </ClInclude>
    <ClInclude Include="bool.h">
      <Filter>Header Files</Filter>
    </ClInclude>
    <ClInclude Include="wio.h">
      <Filter>Header Files</Filter>
    </ClInclude>
    <ClInclude Include="watcom.h">
      <Filter>Header Files</Filter>
    </ClInclude>
    <ClInclude Include="exedos.h">
      <Filter>Header Files</Filter>
    </ClInclude>
    <ClInclude Include="walloca.h">
      <Filter>Header Files</Filter>
    </ClInclude>
    <ClInclude Include="exesigns.h">
      <Filter>Header Files</Filter>
    </ClInclude>
    <ClInclude Include="pushpck1.h">
      <Filter>Header Files</Filter>
    </ClInclude>
    <ClInclude Include="poppck.h">
      <Filter>Header Files</Filter>
    </ClInclude>
    <ClInclude Include="exeos2.h">
      <Filter>Header Files</Filter>
    </ClInclude>
    <ClInclude Include="exeflat.h">
      <Filter>Header Files</Filter>
    </ClInclude>
    <ClInclude Include="exepe.h">
      <Filter>Header Files</Filter>
    </ClInclude>
    <ClInclude Include="exenov.h">
      <Filter>Header Files</Filter>
    </ClInclude>
    <ClInclude Include="exe16m.h">
      <Filter>Header Files</Filter>
    </ClInclude>
    <ClInclude Include="exeelf.h">
      <Filter>Header Files</Filter>
    </ClInclude>
    <ClInclude Include="exeobj.h">
      <Filter>Header Files</Filter>
    </ClInclude>
    <ClInclude Include="exephar.h">
      <Filter>Header Files</Filter>
    </ClInclude>
    <ClInclude Include="exeqnx.h">
      <Filter>Header Files</Filter>
    </ClInclude>
    <ClInclude Include="exerdos.h">
      <Filter>Header Files</Filter>
    </ClInclude>
    <ClInclude Include="exeseg.h">
      <Filter>Header Files</Filter>
    </ClInclude>
    <ClInclude Include="exezdos.h">
      <Filter>Header Files</Filter>
    </ClInclude>
    <ClInclude Include="proc386.h">
      <Filter>Header Files</Filter>
    </ClInclude>
    <ClInclude Include="descript.h">
      <Filter>Header Files</Filter>
    </ClInclude>
    <ClInclude Include="dwarf.h">
      <Filter>Header Files</Filter>
    </ClInclude>
    <ClInclude Include="_di386.h">
      <Filter>Header Files</Filter>
    </ClInclude>
    <ClInclude Include="_doserr.h">
      <Filter>Header Files</Filter>
    </ClInclude>
    <ClInclude Include="_dtaxxx.h">
      <Filter>Header Files</Filter>
    </ClInclude>
    <ClInclude Include="_mathfun.h">
      <Filter>Header Files</Filter>
    </ClInclude>
    <ClInclude Include="_pathgr2.h">
      <Filter>Header Files</Filter>
    </ClInclude>
    <ClInclude Include="_pathgrp.h">
      <Filter>Header Files</Filter>
    </ClInclude>
    <ClInclude Include="_pmdlg.h">
      <Filter>Header Files</Filter>
    </ClInclude>
    <ClInclude Include="_windlg.h">
      <Filter>Header Files</Filter>
    </ClInclude>
    <ClInclude Include="align.h">
      <Filter>Header Files</Filter>
    </ClInclude>
    <ClInclude Include="ar.h">
      <Filter>Header Files</Filter>
    </ClInclude>
    <ClInclude Include="asmbytes.h">
      <Filter>Header Files</Filter>
    </ClInclude>
    <ClInclude Include="autodep.h">
      <Filter>Header Files</Filter>
    </ClInclude>
    <ClInclude Include="autodept.h">
      <Filter>Header Files</Filter>
    </ClInclude>
    <ClInclude Include="autoenv.h">
      <Filter>Header Files</Filter>
    </ClInclude>
    <ClInclude Include="axpencod.h">
      <Filter>Header Files</Filter>
    </ClInclude>
    <ClInclude Include="banner.h">
      <Filter>Header Files</Filter>
    </ClInclude>
    <ClInclude Include="brkptcpu.h">
      <Filter>Header Files</Filter>
    </ClInclude>
    <ClInclude Include="cgblip.h">
      <Filter>Header Files</Filter>
    </ClInclude>
    <ClInclude Include="clibext.h">
      <Filter>Header Files</Filter>
    </ClInclude>
    <ClInclude Include="clibint.h">
      <Filter>Header Files</Filter>
    </ClInclude>
    <ClInclude Include="cmdlhelp.h">
      <Filter>Header Files</Filter>
    </ClInclude>
    <ClInclude Include="coff.h">
      <Filter>Header Files</Filter>
    </ClInclude>
    <ClInclude Include="coffimpc.h">
      <Filter>Header Files</Filter>
    </ClInclude>
    <ClInclude Include="cp932uni.h">
      <Filter>Header Files</Filter>
    </ClInclude>
    <ClInclude Include="cpuid.h">
      <Filter>Header Files</Filter>
    </ClInclude>
    <ClInclude Include="cv4.h">
      <Filter>Header Files</Filter>
    </ClInclude>
    <ClInclude Include="cv4axp.h">
      <Filter>Header Files</Filter>
    </ClInclude>
    <ClInclude Include="cv4f.h">
      <Filter>Header Files</Filter>
    </ClInclude>
    <ClInclude Include="cv4intl.h">
      <Filter>Header Files</Filter>
    </ClInclude>
    <ClInclude Include="cv4nums.h">
      <Filter>Header Files</Filter>
    </ClInclude>
    <ClInclude Include="cv4pads.h">
      <Filter>Header Files</Filter>
    </ClInclude>
    <ClInclude Include="cv4syms.h">
      <Filter>Header Files</Filter>
    </ClInclude>
    <ClInclude Include="cv4types.h">
      <Filter>Header Files</Filter>
    </ClInclude>
    <ClInclude Include="cv4w.h">
      <Filter>Header Files</Filter>
    </ClInclude>
    <ClInclude Include="cvttable.h">
      <Filter>Header Files</Filter>
    </ClInclude>
    <ClInclude Include="dbg386.h">
      <Filter>Header Files</Filter>
    </ClInclude>
    <ClInclude Include="dbgmod.h">
      <Filter>Header Files</Filter>
    </ClInclude>
    <ClInclude Include="di386cli.h">
      <Filter>Header Files</Filter>
    </ClInclude>
    <ClInclude Include="di386dll.h">
      <Filter>Header Files</Filter>
    </ClInclude>
    <ClInclude Include="dilproto.h">
      <Filter>Header Files</Filter>
    </ClInclude>
    <ClInclude Include="diskos.h">
      <Filter>Header Files</Filter>
    </ClInclude>
    <ClInclude Include="dllmain.h">
      <Filter>Header Files</Filter>
    </ClInclude>
    <ClInclude Include="doschk.h">
      <Filter>Header Files</Filter>
    </ClInclude>
    <ClInclude Include="dosemu.h">
      <Filter>Header Files</Filter>
    </ClInclude>
    <ClInclude Include="dosfcb.h">
      <Filter>Header Files</Filter>
    </ClInclude>
    <ClInclude Include="dosftwnt.h">
      <Filter>Header Files</Filter>
    </ClInclude>
    <ClInclude Include="dosfuncx.h">
      <Filter>Header Files</Filter>
    </ClInclude>
    <ClInclude Include="dosmem.h">
      <Filter>Header Files</Filter>
    </ClInclude>
    <ClInclude Include="dospsp.h">
      <Filter>Header Files</Filter>
    </ClInclude>
    <ClInclude Include="dostimet.h">
      <Filter>Header Files</Filter>
    </ClInclude>
    <ClInclude Include="dpmi.h">
      <Filter>Header Files</Filter>
    </ClInclude>
    <ClInclude Include="dwati.h">
      <Filter>Header Files</Filter>
    </ClInclude>
    <ClInclude Include="dwformi.h">
      <Filter>Header Files</Filter>
    </ClInclude>
    <ClInclude Include="dwloccl.h">
      <Filter>Header Files</Filter>
    </ClInclude>
    <ClInclude Include="dwlocinf.h">
      <Filter>Header Files</Filter>
    </ClInclude>
    <ClInclude Include="dwlocop.h">
      <Filter>Header Files</Filter>
    </ClInclude>
    <ClInclude Include="dwregaxp.h">
      <Filter>Header Files</Filter>
    </ClInclude>
    <ClInclude Include="dwregmps.h">
      <Filter>Header Files</Filter>
    </ClInclude>
    <ClInclude Include="dwregppc.h">
      <Filter>Header Files</Filter>
    </ClInclude>
    <ClInclude Include="dwregspc.h">
      <Filter>Header Files</Filter>
    </ClInclude>
    <ClInclude Include="dwregx86.h">
      <Filter>Header Files</Filter>
    </ClInclude>
    <ClInclude Include="dwtagi.h">
      <Filter>Header Files</Filter>
    </ClInclude>
    <ClInclude Include="dxproto.h">
      <Filter>Header Files</Filter>
    </ClInclude>
    <ClInclude Include="ecsproto.h">
      <Filter>Header Files</Filter>
    </ClInclude>
    <ClInclude Include="elfspec.h">
      <Filter>Header Files</Filter>
    </ClInclude>
    <ClInclude Include="enterdb.h">
      <Filter>Header Files</Filter>
    </ClInclude>
    <ClInclude Include="extender.h">
      <Filter>Header Files</Filter>
    </ClInclude>
    <ClInclude Include="felang.h">
      <Filter>Header Files</Filter>
    </ClInclude>
    <ClInclude Include="filedll.h">
      <Filter>Header Files</Filter>
    </ClInclude>
    <ClInclude Include="fppatch.h">
      <Filter>Header Files</Filter>
    </ClInclude>
    <ClInclude Include="fppatche.h">
      <Filter>Header Files</Filter>
    </ClInclude>
    <ClInclude Include="hll.h">
      <Filter>Header Files</Filter>
    </ClInclude>
    <ClInclude Include="hlltypes.h">
      <Filter>Header Files</Filter>
    </ClInclude>
    <ClInclude Include="i64.h">
      <Filter>Header Files</Filter>
    </ClInclude>
    <ClInclude Include="idecfg.h">
      <Filter>Header Files</Filter>
    </ClInclude>
    <ClInclude Include="idedll.h">
      <Filter>Header Files</Filter>
    </ClInclude>
    <ClInclude Include="idedrv.h">
      <Filter>Header Files</Filter>
    </ClInclude>
    <ClInclude Include="implcoff.h">
      <Filter>Header Files</Filter>
    </ClInclude>
    <ClInclude Include="initmode.h">
      <Filter>Header Files</Filter>
    </ClInclude>
    <ClInclude Include="int10.h">
      <Filter>Header Files</Filter>
    </ClInclude>
    <ClInclude Include="int16.h">
      <Filter>Header Files</Filter>
    </ClInclude>
    <ClInclude Include="int33.h">
      <Filter>Header Files</Filter>
    </ClInclude>
    <ClInclude Include="iopath.h">
      <Filter>Header Files</Filter>
    </ClInclude>
    <ClInclude Include="jit.h">
      <Filter>Header Files</Filter>
    </ClInclude>
    <ClInclude Include="jmpbuf.h">
      <Filter>Header Files</Filter>
    </ClInclude>
    <ClInclude Include="leb128rd.h">
      <Filter>Header Files</Filter>
    </ClInclude>
    <ClInclude Include="leb128wr.h">
      <Filter>Header Files</Filter>
    </ClInclude>
    <ClInclude Include="lib.h">
      <Filter>Header Files</Filter>
    </ClInclude>
    <ClInclude Include="libmain.h">
      <Filter>Header Files</Filter>
    </ClInclude>
    <ClInclude Include="macho.h">
      <Filter>Header Files</Filter>
    </ClInclude>
    <ClInclude Include="machtype.h">
      <Filter>Header Files</Filter>
    </ClInclude>
    <ClInclude Include="mapper.h">
      <Filter>Header Files</Filter>
    </ClInclude>
    <ClInclude Include="mapsym.h">
      <Filter>Header Files</Filter>
    </ClInclude>
    <ClInclude Include="mathcode.h">
      <Filter>Header Files</Filter>
    </ClInclude>
    <ClInclude Include="metaconv.h">
      <Filter>Header Files</Filter>
    </ClInclude>
    <ClInclude Include="mipsenco.h">
      <Filter>Header Files</Filter>
    </ClInclude>
    <ClInclude Include="namelen.h">
      <Filter>Header Files</Filter>
    </ClInclude>
    <ClInclude Include="ntattrib.h">
      <Filter>Header Files</Filter>
    </ClInclude>
    <ClInclude Include="ntext.h">
      <Filter>Header Files</Filter>
    </ClInclude>
    <ClInclude Include="ntinfo.h">
      <Filter>Header Files</Filter>
    </ClInclude>
    <ClInclude Include="objautod.h">
      <Filter>Header Files</Filter>
    </ClInclude>
    <ClInclude Include="omfhash.h">
      <Filter>Header Files</Filter>
    </ClInclude>
    <ClInclude Include="os2dbg.h">
      <Filter>Header Files</Filter>
    </ClInclude>
    <ClInclude Include="os21632.h">
      <Filter>Header Files</Filter>
    </ClInclude>
    <ClInclude Include="osidle.h">
      <Filter>Header Files</Filter>
    </ClInclude>
    <ClInclude Include="ostype.h">
      <Filter>Header Files</Filter>
    </ClInclude>
    <ClInclude Include="oswincls.h">
      <Filter>Header Files</Filter>
    </ClInclude>
    <ClInclude Include="ovldbg.h">
      <Filter>Header Files</Filter>
    </ClInclude>
    <ClInclude Include="ovltab.h">
      <Filter>Header Files</Filter>
    </ClInclude>
    <ClInclude Include="owcomp.h">
      <Filter>Header Files</Filter>
    </ClInclude>
    <ClInclude Include="owflat.h">
      <Filter>Header Files</Filter>
    </ClInclude>
    <ClInclude Include="p5prof.h">
      <Filter>Header Files</Filter>
    </ClInclude>
    <ClInclude Include="patchsig.h">
      <Filter>Header Files</Filter>
    </ClInclude>
    <ClInclude Include="pathgrp2.h">
      <Filter>Header Files</Filter>
    </ClInclude>
    <ClInclude Include="pathlist.h">
      <Filter>Header Files</Filter>
    </ClInclude>
    <ClInclude Include="pcobj.h">
      <Filter>Header Files</Filter>
    </ClInclude>
    <ClInclude Include="penwin.h">
      <Filter>Header Files</Filter>
    </ClInclude>
    <ClInclude Include="pm1632.h">
      <Filter>Header Files</Filter>
    </ClInclude>
    <ClInclude Include="posixfp.h">
      <Filter>Header Files</Filter>
    </ClInclude>
    <ClInclude Include="ppcencod.h">
      <Filter>Header Files</Filter>
    </ClInclude>
    <ClInclude Include="ppfmttm.h">
      <Filter>Header Files</Filter>
    </ClInclude>
    <ClInclude Include="pushpck2.h">
      <Filter>Header Files</Filter>
    </ClInclude>
    <ClInclude Include="pushpck4.h">
      <Filter>Header Files</Filter>
    </ClInclude>
    <ClInclude Include="pushpck8.h">
      <Filter>Header Files</Filter>
    </ClInclude>
    <ClInclude Include="rdk.h">
      <Filter>Header Files</Filter>
    </ClInclude>
    <ClInclude Include="rdos.h">
      <Filter>Header Files</Filter>
    </ClInclude>
    <ClInclude Include="rdosdev.h">
      <Filter>Header Files</Filter>
    </ClInclude>
    <ClInclude Include="rdoshdr.h">
      <Filter>Header Files</Filter>
    </ClInclude>
    <ClInclude Include="rdu.h">
      <Filter>Header Files</Filter>
    </ClInclude>
    <ClInclude Include="realmod.h">
      <Filter>Header Files</Filter>
    </ClInclude>
    <ClInclude Include="roundmac.h">
      <Filter>Header Files</Filter>
    </ClInclude>
    <ClInclude Include="rsiproto.h">
      <Filter>Header Files</Filter>
    </ClInclude>
    <ClInclude Include="rtinit.h">
      <Filter>Header Files</Filter>
    </ClInclude>
    <ClInclude Include="rtprior.h">
      <Filter>Header Files</Filter>
    </ClInclude>
    <ClInclude Include="secure.h">
      <Filter>Header Files</Filter>
    </ClInclude>
    <ClInclude Include="setevent.h">
      <Filter>Header Files</Filter>
    </ClInclude>
    <ClInclude Include="sopen.h">
      <Filter>Header Files</Filter>
    </ClInclude>
    <ClInclude Include="sortlist.h">
      <Filter>Header Files</Filter>
    </ClInclude>
    <ClInclude Include="sparcenc.h">
      <Filter>Header Files</Filter>
    </ClInclude>
    <ClInclude Include="srcmgt.h">
      <Filter>Header Files</Filter>
    </ClInclude>
    <ClInclude Include="sslops.h">
      <Filter>Header Files</Filter>
    </ClInclude>
    <ClInclude Include="swchar.h">
      <Filter>Header Files</Filter>
    </ClInclude>
    <ClInclude Include="symtab.h">
      <Filter>Header Files</Filter>
    </ClInclude>
    <ClInclude Include="timetwnt.h">
      <Filter>Header Files</Filter>
    </ClInclude>
    <ClInclude Include="tinyio.h">
      <Filter>Header Files</Filter>
    </ClInclude>
    <ClInclude Include="tistrail.h">
      <Filter>Header Files</Filter>
    </ClInclude>
    <ClInclude Include="utf8supp.h">
      <Filter>Header Files</Filter>
    </ClInclude>
    <ClInclude Include="vdmdbg.h">
      <Filter>Header Files</Filter>
    </ClInclude>
    <ClInclude Include="vxd_ddb.h">
      <Filter>Header Files</Filter>
    </ClInclude>
    <ClInclude Include="watdbreg.h">
      <Filter>Header Files</Filter>
    </ClInclude>
    <ClInclude Include="watlimit.h">
      <Filter>Header Files</Filter>
    </ClInclude>
    <ClInclude Include="wclbdde.h">
      <Filter>Header Files</Filter>
    </ClInclude>
    <ClInclude Include="wclbhelp.h">
      <Filter>Header Files</Filter>
    </ClInclude>
    <ClInclude Include="wclbproc.h">
      <Filter>Header Files</Filter>
    </ClInclude>
    <ClInclude Include="wclbtool.h">
      <Filter>Header Files</Filter>
    </ClInclude>
    <ClInclude Include="wdbginfo.h">
      <Filter>Header Files</Filter>
    </ClInclude>
    <ClInclude Include="wdebug.h">
      <Filter>Header Files</Filter>
    </ClInclude>
    <ClInclude Include="wdirent.h">
      <Filter>Header Files</Filter>
    </ClInclude>
    <ClInclude Include="wendian.h">
      <Filter>Header Files</Filter>
    </ClInclude>
    <ClInclude Include="wi163264.h">
      <Filter>Header Files</Filter>
    </ClInclude>
    <ClInclude Include="wibhelp.h">
      <Filter>Header Files</Filter>
    </ClInclude>
    <ClInclude Include="windebug.h">
      <Filter>Header Files</Filter>
    </ClInclude>
    <ClInclude Include="winexprt.h">
      <Filter>Header Files</Filter>
    </ClInclude>
    <ClInclude Include="winintrf.h">
      <Filter>Header Files</Filter>
    </ClInclude>
    <ClInclude Include="winmem32.h">
      <Filter>Header Files</Filter>
    </ClInclude>
    <ClInclude Include="wnoret.h">
      <Filter>Header Files</Filter>
    </ClInclude>
    <ClInclude Include="wos2.h">
      <Filter>Header Files</Filter>
    </ClInclude>
    <ClInclude Include="wresdefn.h">
      <Filter>Header Files</Filter>
    </ClInclude>
    <ClInclude Include="wresid.h">
      <Filter>Header Files</Filter>
    </ClInclude>
    <ClInclude Include="wreslang.h">
      <Filter>Header Files</Filter>
    </ClInclude>
    <ClInclude Include="wresmem.h">
      <Filter>Header Files</Filter>
    </ClInclude>
    <ClInclude Include="wresset2.h">
      <Filter>Header Files</Filter>
    </ClInclude>
    <ClInclude Include="wressetr.h">
      <Filter>Header Files</Filter>
    </ClInclude>
    <ClInclude Include="wspawn.h">
      <Filter>Header Files</Filter>
    </ClInclude>
    <ClInclude Include="wwindows.h">
      <Filter>Header Files</Filter>
    </ClInclude>
  </ItemGroup>
</Project>