<?xml version="1.0" encoding="utf-8"?>
<Project ToolsVersion="4.0" xmlns="http://schemas.microsoft.com/developer/msbuild/2003">
  <ItemGroup>
    <Filter Include="Source Files">
      <UniqueIdentifier>{4FC737F1-C7A5-4376-A066-2A32D752A2FF}</UniqueIdentifier>
      <Extensions>cpp;c;cc;cxx;c++;cppm;ixx;def;odl;idl;hpj;bat;asm;asmx</Extensions>
    </Filter>
    <Filter Include="Header Files">
      <UniqueIdentifier>{93995380-89BD-4b04-88EB-625FBE52EBFB}</UniqueIdentifier>
      <Extensions>h;hh;hpp;hxx;h++;hm;inl;inc;ipp;xsd</Extensions>
    </Filter>
    <Filter Include="Resource Files">
      <UniqueIdentifier>{67DA6AB6-F800-4c08-8B7A-83BB121AAD01}</UniqueIdentifier>
      <Extensions>rc;ico;cur;bmp;dlg;rc2;rct;bin;rgs;gif;jpg;jpeg;jpe;resx;tiff;tif;png;wav;mfcribbon-ms</Extensions>
    </Filter>
  </ItemGroup>
  <ItemGroup>
    <ClCompile Include="c\cmdline.c">
      <Filter>Source Files</Filter>
    </ClCompile>
    <ClCompile Include="c\cmdlinea.c">
      <Filter>Source Files</Filter>
    </ClCompile>
    <ClCompile Include="c\cmdlinew.c">
      <Filter>Source Files</Filter>
    </ClCompile>
    <ClCompile Include="c\coffobjs.c">
      <Filter>Source Files</Filter>
    </ClCompile>
    <ClCompile Include="c\coffwrt.c">
      <Filter>Source Files</Filter>
    </ClCompile>
    <ClCompile Include="c\convert.c">
      <Filter>Source Files</Filter>
    </ClCompile>
    <ClCompile Include="c\elfobjs.c">
      <Filter>Source Files</Filter>
    </ClCompile>
    <ClCompile Include="c\error.c">
      <Filter>Source Files</Filter>
    </ClCompile>
    <ClCompile Include="c\ideentry.c">
      <Filter>Source Files</Filter>
    </ClCompile>
    <ClCompile Include="c\implib.c">
      <Filter>Source Files</Filter>
    </ClCompile>
    <ClCompile Include="c\inlib.c">
      <Filter>Source Files</Filter>
    </ClCompile>
    <ClCompile Include="c\libio.c">
      <Filter>Source Files</Filter>
    </ClCompile>
    <ClCompile Include="c\libwalk.c">
      <Filter>Source Files</Filter>
    </ClCompile>
    <ClCompile Include="c\memfuncs.c">
      <Filter>Source Files</Filter>
    </ClCompile>
    <ClCompile Include="c\ntdll.c">
      <Filter>Source Files</Filter>
    </ClCompile>
    <ClCompile Include="c\omfproc.c">
      <Filter>Source Files</Filter>
    </ClCompile>
    <ClCompile Include="c\omfutil.c">
      <Filter>Source Files</Filter>
    </ClCompile>
    <ClCompile Include="c\orlrtns.c">
      <Filter>Source Files</Filter>
    </ClCompile>
    <ClCompile Include="c\os2dll.c">
      <Filter>Source Files</Filter>
    </ClCompile>
    <ClCompile Include="c\proclib.c">
      <Filter>Source Files</Filter>
    </ClCompile>
    <ClCompile Include="c\symlist.c">
      <Filter>Source Files</Filter>
    </ClCompile>
    <ClCompile Include="c\symtable.c">
      <Filter>Source Files</Filter>
    </ClCompile>
    <ClCompile Include="c\wlib.c">
      <Filter>Source Files</Filter>
    </ClCompile>
    <ClCompile Include="c\wlibutil.c">
      <Filter>Source Files</Filter>
    </ClCompile>
    <ClCompile Include="c\writelib.c">
      <Filter>Source Files</Filter>
    </ClCompile>
  </ItemGroup>
  <ItemGroup>
    <ClInclude Include="h\cmdline.h">
      <Filter>Header Files</Filter>
    </ClInclude>
    <ClInclude Include="h\cmdlinea.h">
      <Filter>Header Files</Filter>
    </ClInclude>
    <ClInclude Include="h\cmdlineb.h">
      <Filter>Header Files</Filter>
    </ClInclude>
    <ClInclude Include="h\cmdlinew.h">
      <Filter>Header Files</Filter>
    </ClInclude>
    <ClInclude Include="h\coffobjs.h">
      <Filter>Header Files</Filter>
    </ClInclude>
    <ClInclude Include="h\coffwrt.h">
      <Filter>Header Files</Filter>
    </ClInclude>
    <ClInclude Include="h\convert.h">
      <Filter>Header Files</Filter>
    </ClInclude>
    <ClInclude Include="h\error.h">
      <Filter>Header Files</Filter>
    </ClInclude>
    <ClInclude Include="h\ext.h">
      <Filter>Header Files</Filter>
    </ClInclude>
    <ClInclude Include="h\fesupp.h">
      <Filter>Header Files</Filter>
    </ClInclude>
    <ClInclude Include="h\filetab.h">
      <Filter>Header Files</Filter>
    </ClInclude>
    <ClInclude Include="h\implib.h">
      <Filter>Header Files</Filter>
    </ClInclude>
    <ClInclude Include="h\incltext.h">
      <Filter>Header Files</Filter>
    </ClInclude>
    <ClInclude Include="h\inlib.h">
      <Filter>Header Files</Filter>
    </ClInclude>
    <ClInclude Include="h\liblist.h">
      <Filter>Header Files</Filter>
    </ClInclude>
    <ClInclude Include="h\libwalk.h">
      <Filter>Header Files</Filter>
    </ClInclude>
    <ClInclude Include="h\main.h">
      <Filter>Header Files</Filter>
    </ClInclude>
    <ClInclude Include="h\memfuncs.h">
      <Filter>Header Files</Filter>
    </ClInclude>
    <ClInclude Include="h\objfile.h">
      <Filter>Header Files</Filter>
    </ClInclude>
    <ClInclude Include="h\oldarch.h">
      <Filter>Header Files</Filter>
    </ClInclude>
    <ClInclude Include="h\omfproc.h">
      <Filter>Header Files</Filter>
    </ClInclude>
    <ClInclude Include="h\omfutil.h">
      <Filter>Header Files</Filter>
    </ClInclude>
    <ClInclude Include="h\ops.h">
      <Filter>Header Files</Filter>
    </ClInclude>
    <ClInclude Include="h\optdef.h">
      <Filter>Header Files</Filter>
    </ClInclude>
    <ClInclude Include="h\orlrtns.h">
      <Filter>Header Files</Filter>
    </ClInclude>
    <ClInclude Include="h\proclib.h">
      <Filter>Header Files</Filter>
    </ClInclude>
    <ClInclude Include="h\symlist.h">
      <Filter>Header Files</Filter>
    </ClInclude>
    <ClInclude Include="h\types.h">
      <Filter>Header Files</Filter>
    </ClInclude>
    <ClInclude Include="h\usage.h">
      <Filter>Header Files</Filter>
    </ClInclude>
    <ClInclude Include="h\wlib.h">
      <Filter>Header Files</Filter>
    </ClInclude>
    <ClInclude Include="h\wlibdll.h">
      <Filter>Header Files</Filter>
    </ClInclude>
    <ClInclude Include="h\wlibio.h">
      <Filter>Header Files</Filter>
    </ClInclude>
    <ClInclude Include="h\wlibutil.h">
      <Filter>Header Files</Filter>
    </ClInclude>
    <ClInclude Include="h\writelib.h">
      <Filter>Header Files</Filter>
    </ClInclude>
  </ItemGroup>
  <ItemGroup>
    <None Include="h\wlib.msg">
      <Filter>Header Files</Filter>
    </None>
    <None Include="h\usage.rh">
      <Filter>Header Files</Filter>
    </None>
    <None Include="h\wlibmsg.rh">
      <Filter>Header Files</Filter>
    </None>
  </ItemGroup>
  <ItemGroup>
    <ResourceCompile Include="h\dllver.rc">
      <Filter>Resource Files</Filter>
    </ResourceCompile>
    <ResourceCompile Include="h\exever.rc">
      <Filter>Resource Files</Filter>
    </ResourceCompile>
    <ResourceCompile Include="h\wlib.rc">
      <Filter>Resource Files</Filter>
    </ResourceCompile>
  </ItemGroup>
</Project>