<?xml version="1.0" encoding="utf-8"?>
<Project ToolsVersion="4.0" xmlns="http://schemas.microsoft.com/developer/msbuild/2003">
  <ItemGroup>
    <Filter Include="Source Files">
      <UniqueIdentifier>{4FC737F1-C7A5-4376-A066-2A32D752A2FF}</UniqueIdentifier>
      <Extensions>cpp;c;cc;cxx;c++;cppm;ixx;def;odl;idl;hpj;bat;asm;asmx</Extensions>
    </Filter>
    <Filter Include="Header Files">
      <UniqueIdentifier>{93995380-89BD-4b04-88EB-625FBE52EBFB}</UniqueIdentifier>
      <Extensions>h;hh;hpp;hxx;h++;hm;inl;inc;ipp;xsd</Extensions>
    </Filter>
    <Filter Include="Resource Files">
      <UniqueIdentifier>{67DA6AB6-F800-4c08-8B7A-83BB121AAD01}</UniqueIdentifier>
      <Extensions>rc;ico;cur;bmp;dlg;rc2;rct;bin;rgs;gif;jpg;jpeg;jpe;resx;tiff;tif;png;wav;mfcribbon-ms</Extensions>
    </Filter>
  </ItemGroup>
  <ItemGroup>
    <ClCompile Include="Main.cpp">
      <Filter>Source Files</Filter>
    </ClCompile>
    <ClCompile Include="Linker.cpp">
      <Filter>Source Files</Filter>
    </ClCompile>
    <ClCompile Include="globals.cpp">
      <Filter>Source Files</Filter>
    </ClCompile>
    <ClCompile Include="MemorySubsystem.cpp">
      <Filter>Source Files</Filter>
    </ClCompile>
    <ClCompile Include="FileSubsystem.cpp">
      <Filter>Source Files</Filter>
    </ClCompile>
    <ClCompile Include="MessagingSubsystem.cpp">
      <Filter>Source Files</Filter>
    </ClCompile>
    <ClCompile Include="Node.cpp">
      <Filter>Source Files</Filter>
    </ClCompile>
    <ClCompile Include="LinkerUtils.cpp">
      <Filter>Source Files</Filter>
    </ClCompile>
    <ClCompile Include="TokenBuffer.cpp">
      <Filter>Source Files</Filter>
    </ClCompile>
    <ClCompile Include="SpillFile.cpp">
      <Filter>Source Files</Filter>
    </ClCompile>
    <ClCompile Include="SymbolTable.cpp">
      <Filter>Source Files</Filter>
    </ClCompile>
    <ClCompile Include="ObjOrl.cpp">
      <Filter>Source Files</Filter>
    </ClCompile>
    <ClCompile Include="MixCache.cpp">
      <Filter>Source Files</Filter>
    </ClCompile>
    <ClCompile Include="CmdLine.cpp">
      <Filter>Source Files</Filter>
    </ClCompile>
    <ClCompile Include="PermData.cpp">
      <Filter>Source Files</Filter>
    </ClCompile>
    <ClCompile Include="VirtualMemory.cpp">
      <Filter>Source Files</Filter>
    </ClCompile>
    <ClCompile Include="SymbolTableMemory.cpp">
      <Filter>Source Files</Filter>
    </ClCompile>
    <ClCompile Include="libr.cpp">
      <Filter>Source Files</Filter>
    </ClCompile>
    <ClCompile Include="CmdUtils.cpp">
      <Filter>Source Files</Filter>
    </ClCompile>
    <ClCompile Include="HashTable.cpp">
      <Filter>Source Files</Filter>
    </ClCompile>
    <ClCompile Include="Ring.cpp">
      <Filter>Source Files</Filter>
    </ClCompile>
    <ClCompile Include="Carve.cpp">
      <Filter>Source Files</Filter>
    </ClCompile>
    <ClCompile Include="StringTable.cpp">
      <Filter>Source Files</Filter>
    </ClCompile>
    <ClCompile Include="dbgall.cpp">
      <Filter>Source Files</Filter>
    </ClCompile>
    <ClCompile Include="pch.cpp">
      <Filter>Source Files</Filter>
    </ClCompile>
    <ClCompile Include="MapIO.cpp">
      <Filter>Source Files</Filter>
    </ClCompile>
    <ClCompile Include="cmdall.cpp">
      <Filter>Source Files</Filter>
    </ClCompile>
    <ClCompile Include="ovlsupp.cpp">
      <Filter>Source Files</Filter>
    </ClCompile>
    <ClCompile Include="comdef.cpp">
      <Filter>Source Files</Filter>
    </ClCompile>
    <ClCompile Include="distrib.cpp">
      <Filter>Source Files</Filter>
    </ClCompile>
    <ClCompile Include="loadnov.cpp">
      <Filter>Source Files</Filter>
    </ClCompile>
    <ClCompile Include="loadpe.cpp">
      <Filter>Source Files</Filter>
    </ClCompile>
    <ClCompile Include="obj2supp.cpp">
      <Filter>Source Files</Filter>
    </ClCompile>
    <ClCompile Include="objio.cpp">
      <Filter>Source Files</Filter>
    </ClCompile>
    <ClCompile Include="objomf.cpp">
      <Filter>Source Files</Filter>
    </ClCompile>
    <ClCompile Include="objpass1.cpp">
      <Filter>Source Files</Filter>
    </ClCompile>
    <ClCompile Include="objstrip.cpp">
      <Filter>Source Files</Filter>
    </ClCompile>
  </ItemGroup>
  <ItemGroup>
    <ClInclude Include="Linker.h">
      <Filter>Header Files</Filter>
    </ClInclude>
    <ClInclude Include="globals.h">
      <Filter>Header Files</Filter>
    </ClInclude>
    <ClInclude Include="types.h">
      <Filter>Header Files</Filter>
    </ClInclude>
    <ClInclude Include="MemorySubsystem.h">
      <Filter>Header Files</Filter>
    </ClInclude>
    <ClInclude Include="FileSubsystem.h">
      <Filter>Header Files</Filter>
    </ClInclude>
    <ClInclude Include="structures.h">
      <Filter>Header Files</Filter>
    </ClInclude>
    <ClInclude Include="hash.h">
      <Filter>Header Files</Filter>
    </ClInclude>
    <ClInclude Include="syms.h">
      <Filter>Header Files</Filter>
    </ClInclude>
    <ClInclude Include="MessagingSubsystem.h">
      <Filter>Header Files</Filter>
    </ClInclude>
    <ClInclude Include="Node.h">
      <Filter>Header Files</Filter>
    </ClInclude>
    <ClInclude Include="lnkmsg.h">
      <Filter>Header Files</Filter>
    </ClInclude>
    <ClInclude Include="lmsgs.h">
      <Filter>Header Files</Filter>
    </ClInclude>
    <ClInclude Include="LinkerUtils.h">
      <Filter>Header Files</Filter>
    </ClInclude>
    <ClInclude Include="TokenBuffer.h">
      <Filter>Header Files</Filter>
    </ClInclude>
    <ClInclude Include="SpillFile.h">
      <Filter>Header Files</Filter>
    </ClInclude>
    <ClInclude Include="SymbolTable.h">
      <Filter>Header Files</Filter>
    </ClInclude>
    <ClInclude Include="ObjOrl.h">
      <Filter>Header Files</Filter>
    </ClInclude>
    <ClInclude Include="elftype.h">
      <Filter>Header Files</Filter>
    </ClInclude>
    <ClInclude Include="orlglobl.h">
      <Filter>Header Files</Filter>
    </ClInclude>
    <ClInclude Include="orlintnl.h">
      <Filter>Header Files</Filter>
    </ClInclude>
    <ClInclude Include="orlhshdf.h">
      <Filter>Header Files</Filter>
    </ClInclude>
    <ClInclude Include="cofftype.h">
      <Filter>Header Files</Filter>
    </ClInclude>
    <ClInclude Include="coffentr.h">
      <Filter>Header Files</Filter>
    </ClInclude>
    <ClInclude Include="coffflhn.h">
      <Filter>Header Files</Filter>
    </ClInclude>
    <ClInclude Include="coffglbl.h">
      <Filter>Header Files</Filter>
    </ClInclude>
    <ClInclude Include="coffhash.h">
      <Filter>Header Files</Filter>
    </ClInclude>
    <ClInclude Include="coffimpl.h">
      <Filter>Header Files</Filter>
    </ClInclude>
    <ClInclude Include="coffload.h">
      <Filter>Header Files</Filter>
    </ClInclude>
    <ClInclude Include="cofflwlv.h">
      <Filter>Header Files</Filter>
    </ClInclude>
    <ClInclude Include="cofforl.h">
      <Filter>Header Files</Filter>
    </ClInclude>
    <ClInclude Include="elfentr.h">
      <Filter>Header Files</Filter>
    </ClInclude>
    <ClInclude Include="elfflhn.h">
      <Filter>Header Files</Filter>
    </ClInclude>
    <ClInclude Include="elfglbl.h">
      <Filter>Header Files</Filter>
    </ClInclude>
    <ClInclude Include="elfhash.h">
      <Filter>Header Files</Filter>
    </ClInclude>
    <ClInclude Include="elfload.h">
      <Filter>Header Files</Filter>
    </ClInclude>
    <ClInclude Include="elflwlv.h">
      <Filter>Header Files</Filter>
    </ClInclude>
    <ClInclude Include="elforl.h">
      <Filter>Header Files</Filter>
    </ClInclude>
    <ClInclude Include="orl.h">
      <Filter>Header Files</Filter>
    </ClInclude>
    <ClInclude Include="orlcomon.h">
      <Filter>Header Files</Filter>
    </ClInclude>
    <ClInclude Include="orlentry.h">
      <Filter>Header Files</Filter>
    </ClInclude>
    <ClInclude Include="orlflhnd.h">
      <Filter>Header Files</Filter>
    </ClInclude>
    <ClInclude Include="orlhash.h">
      <Filter>Header Files</Filter>
    </ClInclude>
    <ClInclude Include="orllevel.h">
      <Filter>Header Files</Filter>
    </ClInclude>
    <ClInclude Include="omfdrctv.h">
      <Filter>Header Files</Filter>
    </ClInclude>
    <ClInclude Include="omfentr.h">
      <Filter>Header Files</Filter>
    </ClInclude>
    <ClInclude Include="omfflhn.h">
      <Filter>Header Files</Filter>
    </ClInclude>
    <ClInclude Include="omfglbl.h">
      <Filter>Header Files</Filter>
    </ClInclude>
    <ClInclude Include="omfload.h">
      <Filter>Header Files</Filter>
    </ClInclude>
    <ClInclude Include="omfmunge.h">
      <Filter>Header Files</Filter>
    </ClInclude>
    <ClInclude Include="omforl.h">
      <Filter>Header Files</Filter>
    </ClInclude>
    <ClInclude Include="omftype.h">
      <Filter>Header Files</Filter>
    </ClInclude>
    <ClInclude Include="MixCache.h">
      <Filter>Header Files</Filter>
    </ClInclude>
    <ClInclude Include="CmdLine.h">
      <Filter>Header Files</Filter>
    </ClInclude>
    <ClInclude Include="PermData.h">
      <Filter>Header Files</Filter>
    </ClInclude>
    <ClInclude Include="VirtualMemory.h">
      <Filter>Header Files</Filter>
    </ClInclude>
    <ClInclude Include="SymbolTableMemory.h">
      <Filter>Header Files</Filter>
    </ClInclude>
    <ClInclude Include="libr.h">
      <Filter>Header Files</Filter>
    </ClInclude>
    <ClInclude Include="CmdUtils.h">
      <Filter>Header Files</Filter>
    </ClInclude>
    <ClInclude Include="HashTable.h">
      <Filter>Header Files</Filter>
    </ClInclude>
    <ClInclude Include="Ring.h">
      <Filter>Header Files</Filter>
    </ClInclude>
    <ClInclude Include="Carve.h">
      <Filter>Header Files</Filter>
    </ClInclude>
    <ClInclude Include="StringTable.h">
      <Filter>Header Files</Filter>
    </ClInclude>
    <ClInclude Include="dbgall.h">
      <Filter>Header Files</Filter>
    </ClInclude>
    <ClInclude Include="pch.h">
      <Filter>Header Files</Filter>
    </ClInclude>
    <ClInclude Include="MapIO.h">
      <Filter>Header Files</Filter>
    </ClInclude>
    <ClInclude Include="cmdall.h">
      <Filter>Header Files</Filter>
    </ClInclude>
    <ClInclude Include="ovlsupp.h">
      <Filter>Header Files</Filter>
    </ClInclude>
    <ClInclude Include="comdef.h">
      <Filter>Header Files</Filter>
    </ClInclude>
    <ClInclude Include="distrib.h">
      <Filter>Header Files</Filter>
    </ClInclude>
    <ClInclude Include="loadnov.h">
      <Filter>Header Files</Filter>
    </ClInclude>
    <ClInclude Include="loadpe.h">
      <Filter>Header Files</Filter>
    </ClInclude>
    <ClInclude Include="obj2supp.h">
      <Filter>Header Files</Filter>
    </ClInclude>
    <ClInclude Include="objio.h">
      <Filter>Header Files</Filter>
    </ClInclude>
    <ClInclude Include="objomf.h">
      <Filter>Header Files</Filter>
    </ClInclude>
    <ClInclude Include="objpass1.h">
      <Filter>Header Files</Filter>
    </ClInclude>
    <ClInclude Include="objstrip.h">
      <Filter>Header Files</Filter>
    </ClInclude>
  </ItemGroup>
  <ItemGroup>
    <None Include="lnkerror.msg" />
    <None Include="wlink.msg" />
    <None Include="rc.msg" />
  </ItemGroup>
</Project>