<?xml version="1.0" encoding="utf-8"?>
<Project ToolsVersion="4.0" xmlns="http://schemas.microsoft.com/developer/msbuild/2003">
  <ItemGroup>
    <Filter Include="Source Files">
      <UniqueIdentifier>{4FC737F1-C7A5-4376-A066-2A32D752A2FF}</UniqueIdentifier>
      <Extensions>cpp;c;cc;cxx;c++;cppm;ixx;def;odl;idl;hpj;bat;asm;asmx</Extensions>
    </Filter>
    <Filter Include="Header Files">
      <UniqueIdentifier>{93995380-89BD-4b04-88EB-625FBE52EBFB}</UniqueIdentifier>
      <Extensions>h;hh;hpp;hxx;h++;hm;inl;inc;ipp;xsd</Extensions>
    </Filter>
    <Filter Include="Resource Files">
      <UniqueIdentifier>{67DA6AB6-F800-4c08-8B7A-83BB121AAD01}</UniqueIdentifier>
      <Extensions>rc;ico;cur;bmp;dlg;rc2;rct;bin;rgs;gif;jpg;jpeg;jpe;resx;tiff;tif;png;wav;mfcribbon-ms</Extensions>
    </Filter>
  </ItemGroup>
  <ItemGroup>
    <ClInclude Include="h\_mexec.h">
      <Filter>Header Files</Filter>
    </ClInclude>
    <ClInclude Include="h\_msg.h">
      <Filter>Header Files</Filter>
    </ClInclude>
    <ClInclude Include="h\macros.h">
      <Filter>Header Files</Filter>
    </ClInclude>
    <ClInclude Include="h\make.h">
      <Filter>Header Files</Filter>
    </ClInclude>
    <ClInclude Include="h\massert.h">
      <Filter>Header Files</Filter>
    </ClInclude>
    <ClInclude Include="h\mautodep.h">
      <Filter>Header Files</Filter>
    </ClInclude>
    <ClInclude Include="h\mautoomf.h">
      <Filter>Header Files</Filter>
    </ClInclude>
    <ClInclude Include="h\mautoorl.h">
      <Filter>Header Files</Filter>
    </ClInclude>
    <ClInclude Include="h\mautores.h">
      <Filter>Header Files</Filter>
    </ClInclude>
    <ClInclude Include="h\mcache.h">
      <Filter>Header Files</Filter>
    </ClInclude>
    <ClInclude Include="h\mdirectv.h">
      <Filter>Header Files</Filter>
    </ClInclude>
    <ClInclude Include="h\mdotname.h">
      <Filter>Header Files</Filter>
    </ClInclude>
    <ClInclude Include="h\mexec.h">
      <Filter>Header Files</Filter>
    </ClInclude>
    <ClInclude Include="h\mhash.h">
      <Filter>Header Files</Filter>
    </ClInclude>
    <ClInclude Include="h\mlex.h">
      <Filter>Header Files</Filter>
    </ClInclude>
    <ClInclude Include="h\mmemory.h">
      <Filter>Header Files</Filter>
    </ClInclude>
    <ClInclude Include="h\mmisc.h">
      <Filter>Header Files</Filter>
    </ClInclude>
    <ClInclude Include="h\mparse.h">
      <Filter>Header Files</Filter>
    </ClInclude>
    <ClInclude Include="h\mpreproc.h">
      <Filter>Header Files</Filter>
    </ClInclude>
    <ClInclude Include="h\mrcmsg.h">
      <Filter>Header Files</Filter>
    </ClInclude>
    <ClInclude Include="h\msg.h">
      <Filter>Header Files</Filter>
    </ClInclude>
    <ClInclude Include="h\mstream.h">
      <Filter>Header Files</Filter>
    </ClInclude>
    <ClInclude Include="h\msuffix.h">
      <Filter>Header Files</Filter>
    </ClInclude>
    <ClInclude Include="h\msysdep.h">
      <Filter>Header Files</Filter>
    </ClInclude>
    <ClInclude Include="h\mtarget.h">
      <Filter>Header Files</Filter>
    </ClInclude>
    <ClInclude Include="h\mtypes.h">
      <Filter>Header Files</Filter>
    </ClInclude>
    <ClInclude Include="h\mupdate.h">
      <Filter>Header Files</Filter>
    </ClInclude>
    <ClInclude Include="h\mvecstr.h">
      <Filter>Header Files</Filter>
    </ClInclude>
  </ItemGroup>
  <ItemGroup>
    <None Include="h\wmake.msg">
      <Filter>Header Files</Filter>
    </None>
    <None Include="h\mrcmsg.rh">
      <Filter>Header Files</Filter>
    </None>
  </ItemGroup>
  <ItemGroup>
    <ClCompile Include="c\macros.c">
      <Filter>Source Files</Filter>
    </ClCompile>
    <ClCompile Include="c\main.c">
      <Filter>Source Files</Filter>
    </ClCompile>
    <ClCompile Include="c\mautodep.c">
      <Filter>Source Files</Filter>
    </ClCompile>
    <ClCompile Include="c\mautoomf.c">
      <Filter>Source Files</Filter>
    </ClCompile>
    <ClCompile Include="c\mautoorl.c">
      <Filter>Source Files</Filter>
    </ClCompile>
    <ClCompile Include="c\mautores.c">
      <Filter>Source Files</Filter>
    </ClCompile>
    <ClCompile Include="c\mcache.c">
      <Filter>Source Files</Filter>
    </ClCompile>
    <ClCompile Include="c\memory.c">
      <Filter>Source Files</Filter>
    </ClCompile>
    <ClCompile Include="c\mexec.c">
      <Filter>Source Files</Filter>
    </ClCompile>
    <ClCompile Include="c\mglob.c">
      <Filter>Source Files</Filter>
    </ClCompile>
    <ClCompile Include="c\mhash.c">
      <Filter>Source Files</Filter>
    </ClCompile>
    <ClCompile Include="c\misc.c">
      <Filter>Source Files</Filter>
    </ClCompile>
    <ClCompile Include="c\mlex.c">
      <Filter>Source Files</Filter>
    </ClCompile>
    <ClCompile Include="c\mlexmac.c">
      <Filter>Source Files</Filter>
    </ClCompile>
    <ClCompile Include="c\mlexprs.c">
      <Filter>Source Files</Filter>
    </ClCompile>
    <ClCompile Include="c\mparse.c">
      <Filter>Source Files</Filter>
    </ClCompile>
    <ClCompile Include="c\mpreproc.c">
      <Filter>Source Files</Filter>
    </ClCompile>
    <ClCompile Include="c\mrcmsg.c">
      <Filter>Source Files</Filter>
    </ClCompile>
    <ClCompile Include="c\msg.c">
      <Filter>Source Files</Filter>
    </ClCompile>
    <ClCompile Include="c\mstream.c">
      <Filter>Source Files</Filter>
    </ClCompile>
    <ClCompile Include="c\msuffix.c">
      <Filter>Source Files</Filter>
    </ClCompile>
    <ClCompile Include="c\msysdep.c">
      <Filter>Source Files</Filter>
    </ClCompile>
    <ClCompile Include="c\mtarget.c">
      <Filter>Source Files</Filter>
    </ClCompile>
    <ClCompile Include="c\mupdate.c">
      <Filter>Source Files</Filter>
    </ClCompile>
    <ClCompile Include="c\mvecstr.c">
      <Filter>Source Files</Filter>
    </ClCompile>
    <ClCompile Include="..\watcom\c\depinfo.c">
      <Filter>Source Files</Filter>
    </ClCompile>
  </ItemGroup>
</Project>