<?xml version="1.0" encoding="utf-8"?>
<Project ToolsVersion="4.0" xmlns="http://schemas.microsoft.com/developer/msbuild/2003">
  <ItemGroup>
    <Filter Include="Source Files">
      <UniqueIdentifier>{4FC737F1-C7A5-4376-A066-2A32D752A2FF}</UniqueIdentifier>
      <Extensions>cpp;c;cc;cxx;c++;cppm;ixx;def;odl;idl;hpj;bat;asm;asmx</Extensions>
    </Filter>
    <Filter Include="Header Files">
      <UniqueIdentifier>{93995380-89BD-4b04-88EB-625FBE52EBFB}</UniqueIdentifier>
      <Extensions>h;hh;hpp;hxx;h++;hm;inl;inc;ipp;xsd</Extensions>
    </Filter>
    <Filter Include="Resource Files">
      <UniqueIdentifier>{67DA6AB6-F800-4c08-8B7A-83BB121AAD01}</UniqueIdentifier>
      <Extensions>rc;ico;cur;bmp;dlg;rc2;rct;bin;rgs;gif;jpg;jpeg;jpe;resx;tiff;tif;png;wav;mfcribbon-ms</Extensions>
    </Filter>
  </ItemGroup>
  <ItemGroup>
    <ClInclude Include="framework.h">
      <Filter>Header Files</Filter>
    </ClInclude>
    <ClInclude Include="pch.h">
      <Filter>Header Files</Filter>
    </ClInclude>
    <ClInclude Include="h\dw.h">
      <Filter>Header Files</Filter>
    </ClInclude>
    <ClInclude Include="h\dwabbrev.h">
      <Filter>Header Files</Filter>
    </ClInclude>
    <ClInclude Include="h\dwabort.h">
      <Filter>Header Files</Filter>
    </ClInclude>
    <ClInclude Include="h\dwarange.h">
      <Filter>Header Files</Filter>
    </ClInclude>
    <ClInclude Include="h\dwassert.h">
      <Filter>Header Files</Filter>
    </ClInclude>
    <ClInclude Include="h\dwcarve.h">
      <Filter>Header Files</Filter>
    </ClInclude>
    <ClInclude Include="h\dwcnf.h">
      <Filter>Header Files</Filter>
    </ClInclude>
    <ClInclude Include="h\dwdecl.h">
      <Filter>Header Files</Filter>
    </ClInclude>
    <ClInclude Include="h\dwdie.h">
      <Filter>Header Files</Filter>
    </ClInclude>
    <ClInclude Include="h\dwhandle.h">
      <Filter>Header Files</Filter>
    </ClInclude>
    <ClInclude Include="h\dwinfo.h">
      <Filter>Header Files</Filter>
    </ClInclude>
    <ClInclude Include="h\dwline.h">
      <Filter>Header Files</Filter>
    </ClInclude>
    <ClInclude Include="h\dwloc.h">
      <Filter>Header Files</Filter>
    </ClInclude>
    <ClInclude Include="h\dwmac.h">
      <Filter>Header Files</Filter>
    </ClInclude>
    <ClInclude Include="h\dwmem.h">
      <Filter>Header Files</Filter>
    </ClInclude>
    <ClInclude Include="h\dwname.h">
      <Filter>Header Files</Filter>
    </ClInclude>
    <ClInclude Include="h\dwpriv.h">
      <Filter>Header Files</Filter>
    </ClInclude>
    <ClInclude Include="h\dwrefer.h">
      <Filter>Header Files</Filter>
    </ClInclude>
    <ClInclude Include="h\dwsym.h">
      <Filter>Header Files</Filter>
    </ClInclude>
    <ClInclude Include="h\dwtype.h">
      <Filter>Header Files</Filter>
    </ClInclude>
    <ClInclude Include="h\dwutils.h">
      <Filter>Header Files</Filter>
    </ClInclude>
    <ClInclude Include="h\testcli.h">
      <Filter>Header Files</Filter>
    </ClInclude>
  </ItemGroup>
  <ItemGroup>
    <ClCompile Include="pch.c">
      <Filter>Source Files</Filter>
    </ClCompile>
    <ClCompile Include="c\dwlngen.c">
      <Filter>Source Files</Filter>
    </ClCompile>
    <ClCompile Include="c\dwutils.c">
      <Filter>Source Files</Filter>
    </ClCompile>
  </ItemGroup>
  <ItemGroup>
    <None Include="h\dwabenum.gh">
      <Filter>Header Files</Filter>
    </None>
  </ItemGroup>
</Project>