<?xml version="1.0" encoding="utf-8"?>
<Project ToolsVersion="4.0" xmlns="http://schemas.microsoft.com/developer/msbuild/2003">
  <ItemGroup>
    <Filter Include="Source Files">
      <UniqueIdentifier>{4FC737F1-C7A5-4376-A066-2A32D752A2FF}</UniqueIdentifier>
      <Extensions>cpp;c;cc;cxx;c++;cppm;ixx;def;odl;idl;hpj;bat;asm;asmx</Extensions>
    </Filter>
    <Filter Include="Header Files">
      <UniqueIdentifier>{93995380-89BD-4b04-88EB-625FBE52EBFB}</UniqueIdentifier>
      <Extensions>h;hh;hpp;hxx;h++;hm;inl;inc;ipp;xsd</Extensions>
    </Filter>
    <Filter Include="Resource Files">
      <UniqueIdentifier>{67DA6AB6-F800-4c08-8B7A-83BB121AAD01}</UniqueIdentifier>
      <Extensions>rc;ico;cur;bmp;dlg;rc2;rct;bin;rgs;gif;jpg;jpeg;jpe;resx;tiff;tif;png;wav;mfcribbon-ms</Extensions>
    </Filter>
  </ItemGroup>
  <ItemGroup>
    <ClCompile Include="..\c\autogrp.c">
      <Filter>Source Files</Filter>
    </ClCompile>
    <ClCompile Include="..\c\carve.c">
      <Filter>Source Files</Filter>
    </ClCompile>
    <ClCompile Include="..\c\cmd16m.c">
      <Filter>Source Files</Filter>
    </ClCompile>
    <ClCompile Include="..\c\cmdall.c">
      <Filter>Source Files</Filter>
    </ClCompile>
    <ClCompile Include="..\c\cmddos.c">
      <Filter>Source Files</Filter>
    </ClCompile>
    <ClCompile Include="..\c\cmdelf.c">
      <Filter>Source Files</Filter>
    </ClCompile>
    <ClCompile Include="..\c\cmdline.c">
      <Filter>Source Files</Filter>
    </ClCompile>
    <ClCompile Include="..\c\cmdnov.c">
      <Filter>Source Files</Filter>
    </ClCompile>
    <ClCompile Include="..\c\cmdos2.c">
      <Filter>Source Files</Filter>
    </ClCompile>
    <ClCompile Include="..\c\cmdphar.c">
      <Filter>Source Files</Filter>
    </ClCompile>
    <ClCompile Include="..\c\cmdqnx.c">
      <Filter>Source Files</Filter>
    </ClCompile>
    <ClCompile Include="..\c\cmdtable.c">
      <Filter>Source Files</Filter>
    </ClCompile>
    <ClCompile Include="..\c\cmdutils.c">
      <Filter>Source Files</Filter>
    </ClCompile>
    <ClCompile Include="..\c\dbgall.c">
      <Filter>Source Files</Filter>
    </ClCompile>
    <ClCompile Include="..\c\dbgcv.c">
      <Filter>Source Files</Filter>
    </ClCompile>
    <ClCompile Include="..\c\dbgdwarf.c">
      <Filter>Source Files</Filter>
    </ClCompile>
    <ClCompile Include="..\c\dbginfo.c">
      <Filter>Source Files</Filter>
    </ClCompile>
    <ClCompile Include="..\c\debug.c">
      <Filter>Source Files</Filter>
    </ClCompile>
    <ClCompile Include="..\c\distrib.c">
      <Filter>Source Files</Filter>
    </ClCompile>
    <ClCompile Include="..\c\global.c">
      <Filter>Source Files</Filter>
    </ClCompile>
    <ClCompile Include="..\c\hash.c">
      <Filter>Source Files</Filter>
    </ClCompile>
    <ClCompile Include="..\c\impexp.c">
      <Filter>Source Files</Filter>
    </ClCompile>
    <ClCompile Include="..\c\libr.c">
      <Filter>Source Files</Filter>
    </ClCompile>
    <ClCompile Include="..\c\libsupp.c">
      <Filter>Source Files</Filter>
    </ClCompile>
    <ClCompile Include="..\c\linkutil.c">
      <Filter>Source Files</Filter>
    </ClCompile>
    <ClCompile Include="..\c\load16m.c">
      <Filter>Source Files</Filter>
    </ClCompile>
    <ClCompile Include="..\c\loaddos.c">
      <Filter>Source Files</Filter>
    </ClCompile>
    <ClCompile Include="..\c\loadelf.c">
      <Filter>Source Files</Filter>
    </ClCompile>
    <ClCompile Include="..\c\loadelf2.c">
      <Filter>Source Files</Filter>
    </ClCompile>
    <ClCompile Include="..\c\loadfile.c">
      <Filter>Source Files</Filter>
    </ClCompile>
    <ClCompile Include="..\c\loadflat.c">
      <Filter>Source Files</Filter>
    </ClCompile>
    <ClCompile Include="..\c\loadnov.c">
      <Filter>Source Files</Filter>
    </ClCompile>
    <ClCompile Include="..\c\loados2.c">
      <Filter>Source Files</Filter>
    </ClCompile>
    <ClCompile Include="..\c\loadpe.c">
      <Filter>Source Files</Filter>
    </ClCompile>
    <ClCompile Include="..\c\loadphar.c">
      <Filter>Source Files</Filter>
    </ClCompile>
    <ClCompile Include="..\c\loadqnx.c">
      <Filter>Source Files</Filter>
    </ClCompile>
    <ClCompile Include="..\c\loadraw.c">
      <Filter>Source Files</Filter>
    </ClCompile>
    <ClCompile Include="..\c\lsymtab.c">
      <Filter>Source Files</Filter>
    </ClCompile>
    <ClCompile Include="..\c\mapio.c">
      <Filter>Source Files</Filter>
    </ClCompile>
    <ClCompile Include="..\c\mem.c">
      <Filter>Source Files</Filter>
    </ClCompile>
    <ClCompile Include="..\c\mixcache.c">
      <Filter>Source Files</Filter>
    </ClCompile>
    <ClCompile Include="..\c\msg.c">
      <Filter>Source Files</Filter>
    </ClCompile>
    <ClCompile Include="..\c\ntio.c">
      <Filter>Source Files</Filter>
    </ClCompile>
    <ClCompile Include="..\c\obj2supp.c">
      <Filter>Source Files</Filter>
    </ClCompile>
    <ClCompile Include="..\c\objcalc.c">
      <Filter>Source Files</Filter>
    </ClCompile>
    <ClCompile Include="..\c\objfree.c">
      <Filter>Source Files</Filter>
    </ClCompile>
    <ClCompile Include="..\c\objio.c">
      <Filter>Source Files</Filter>
    </ClCompile>
    <ClCompile Include="..\c\objnode.c">
      <Filter>Source Files</Filter>
    </ClCompile>
    <ClCompile Include="..\c\objomf.c">
      <Filter>Source Files</Filter>
    </ClCompile>
    <ClCompile Include="..\c\objorl.c">
      <Filter>Source Files</Filter>
    </ClCompile>
    <ClCompile Include="..\c\objpass1.c">
      <Filter>Source Files</Filter>
    </ClCompile>
    <ClCompile Include="..\c\objpass2.c">
      <Filter>Source Files</Filter>
    </ClCompile>
    <ClCompile Include="..\c\objstrip.c">
      <Filter>Source Files</Filter>
    </ClCompile>
    <ClCompile Include="..\c\omfreloc.c">
      <Filter>Source Files</Filter>
    </ClCompile>
    <ClCompile Include="..\c\overlays.c">
      <Filter>Source Files</Filter>
    </ClCompile>
    <ClCompile Include="..\c\ovlsupp.c">
      <Filter>Source Files</Filter>
    </ClCompile>
    <ClCompile Include="..\c\permdata.c">
      <Filter>Source Files</Filter>
    </ClCompile>
    <ClCompile Include="..\c\procfile.c">
      <Filter>Source Files</Filter>
    </ClCompile>
    <ClCompile Include="..\c\reloc.c">
      <Filter>Source Files</Filter>
    </ClCompile>
    <ClCompile Include="..\c\ring.c">
      <Filter>Source Files</Filter>
    </ClCompile>
    <ClCompile Include="..\c\salloc.c">
      <Filter>Source Files</Filter>
    </ClCompile>
    <ClCompile Include="..\c\spillio.c">
      <Filter>Source Files</Filter>
    </ClCompile>
    <ClCompile Include="..\c\strtab.c">
      <Filter>Source Files</Filter>
    </ClCompile>
    <ClCompile Include="..\c\symmem.c">
      <Filter>Source Files</Filter>
    </ClCompile>
    <ClCompile Include="..\c\symtrace.c">
      <Filter>Source Files</Filter>
    </ClCompile>
    <ClCompile Include="..\c\toc.c">
      <Filter>Source Files</Filter>
    </ClCompile>
    <ClCompile Include="..\c\virtpage.c">
      <Filter>Source Files</Filter>
    </ClCompile>
    <ClCompile Include="..\c\wcomdef.c">
      <Filter>Source Files</Filter>
    </ClCompile>
    <ClCompile Include="..\c\wlink.c">
      <Filter>Source Files</Filter>
    </ClCompile>
    <ClCompile Include="..\c\wlnkmsg.c">
      <Filter>Source Files</Filter>
    </ClCompile>
  </ItemGroup>
</Project>