<?xml version="1.0" encoding="utf-8"?>
<Project ToolsVersion="4.0" xmlns="http://schemas.microsoft.com/developer/msbuild/2003">
  <ItemGroup>
    <Filter Include="Source Files">
      <UniqueIdentifier>{4FC737F1-C7A5-4376-A066-2A32D752A2FF}</UniqueIdentifier>
      <Extensions>cpp;c;cc;cxx;c++;cppm;ixx;def;odl;idl;hpj;bat;asm;asmx</Extensions>
    </Filter>
    <Filter Include="Header Files">
      <UniqueIdentifier>{93995380-89BD-4b04-88EB-625FBE52EBFB}</UniqueIdentifier>
      <Extensions>h;hh;hpp;hxx;h++;hm;inl;inc;ipp;xsd</Extensions>
    </Filter>
    <Filter Include="Resource Files">
      <UniqueIdentifier>{67DA6AB6-F800-4c08-8B7A-83BB121AAD01}</UniqueIdentifier>
      <Extensions>rc;ico;cur;bmp;dlg;rc2;rct;bin;rgs;gif;jpg;jpeg;jpe;resx;tiff;tif;png;wav;mfcribbon-ms</Extensions>
    </Filter>
  </ItemGroup>
  <ItemGroup>
    <ClInclude Include="framework.h">
      <Filter>Header Files</Filter>
    </ClInclude>
    <ClInclude Include="targetver.h">
      <Filter>Header Files</Filter>
    </ClInclude>
    <ClInclude Include="Resource.h">
      <Filter>Header Files</Filter>
    </ClInclude>
    <ClInclude Include="Jarvis.h">
      <Filter>Header Files</Filter>
    </ClInclude>
    <ClInclude Include="Files.h">
      <Filter>Header Files</Filter>
    </ClInclude>
    <ClInclude Include="MainMDIfrm.h">
      <Filter>Header Files</Filter>
    </ClInclude>
    <ClInclude Include="MDIFrameApp.h">
      <Filter>Header Files</Filter>
    </ClInclude>
    <ClInclude Include="MDIChildText.h">
      <Filter>Header Files</Filter>
    </ClInclude>
    <ClInclude Include="pch.h">
      <Filter>Header Files</Filter>
    </ClInclude>
  </ItemGroup>
  <ItemGroup>
    <ClCompile Include="Files.cpp">
      <Filter>Source Files</Filter>
    </ClCompile>
    <ClCompile Include="main.cpp">
      <Filter>Source Files</Filter>
    </ClCompile>
    <ClCompile Include="MainMDIfrm.cpp">
      <Filter>Source Files</Filter>
    </ClCompile>
    <ClCompile Include="MDIFrameApp.cpp">
      <Filter>Source Files</Filter>
    </ClCompile>
    <ClCompile Include="MDIChildText.cpp">
      <Filter>Source Files</Filter>
    </ClCompile>
    <ClCompile Include="StdAfx.cpp">
      <Filter>Source Files</Filter>
    </ClCompile>
    <ClCompile Include="pch.cpp">
      <Filter>Source Files</Filter>
    </ClCompile>
  </ItemGroup>
  <ItemGroup>
    <ResourceCompile Include="Jarvis.rc">
      <Filter>Resource Files</Filter>
    </ResourceCompile>
  </ItemGroup>
  <ItemGroup>
    <Image Include="small.ico">
      <Filter>Resource Files</Filter>
    </Image>
    <Image Include="Jarvis.ico">
      <Filter>Resource Files</Filter>
    </Image>
    <Image Include="res\classview.bmp">
      <Filter>Resource Files</Filter>
    </Image>
    <Image Include="res\dock.ico">
      <Filter>Resource Files</Filter>
    </Image>
    <Image Include="res\fileview.bmp">
      <Filter>Resource Files</Filter>
    </Image>
    <Image Include="res\fileview.ico">
      <Filter>Resource Files</Filter>
    </Image>
    <Image Include="res\Jarvis.ico">
      <Filter>Resource Files</Filter>
    </Image>
    <Image Include="res\Max.ico">
      <Filter>Resource Files</Filter>
    </Image>
    <Image Include="res\MDI.ico">
      <Filter>Resource Files</Filter>
    </Image>
    <Image Include="res\Rect.ico">
      <Filter>Resource Files</Filter>
    </Image>
    <Image Include="res\SDbottom.bmp">
      <Filter>Resource Files</Filter>
    </Image>
    <Image Include="res\SDcenter.bmp">
      <Filter>Resource Files</Filter>
    </Image>
    <Image Include="res\SDleft.bmp">
      <Filter>Resource Files</Filter>
    </Image>
    <Image Include="res\SDmiddle.bmp">
      <Filter>Resource Files</Filter>
    </Image>
    <Image Include="res\SDright.bmp">
      <Filter>Resource Files</Filter>
    </Image>
    <Image Include="res\SDtop.bmp">
      <Filter>Resource Files</Filter>
    </Image>
    <Image Include="res\small.ico">
      <Filter>Resource Files</Filter>
    </Image>
    <Image Include="res\Toolbar16.bmp">
      <Filter>Resource Files</Filter>
    </Image>
    <Image Include="res\Toolbar24.bmp">
      <Filter>Resource Files</Filter>
    </Image>
    <Image Include="res\Toolbar24_d.bmp">
      <Filter>Resource Files</Filter>
    </Image>
    <Image Include="res\Toolbar24_h.bmp">
      <Filter>Resource Files</Filter>
    </Image>
    <Image Include="res\View.ico">
      <Filter>Resource Files</Filter>
    </Image>
  </ItemGroup>
  <ItemGroup>
    <None Include="res\SplitH.cur">
      <Filter>Resource Files</Filter>
    </None>
    <None Include="res\SplitV.cur">
      <Filter>Resource Files</Filter>
    </None>
  </ItemGroup>
</Project>