<?xml version="1.0" encoding="utf-8"?>
<Project ToolsVersion="4.0" xmlns="http://schemas.microsoft.com/developer/msbuild/2003">
  <ItemGroup>
    <Filter Include="Source Files">
      <UniqueIdentifier>{4FC737F1-C7A5-4376-A066-2A32D752A2FF}</UniqueIdentifier>
      <Extensions>cpp;c;cc;cxx;c++;cppm;ixx;def;odl;idl;hpj;bat;asm;asmx</Extensions>
    </Filter>
    <Filter Include="Header Files">
      <UniqueIdentifier>{93995380-89BD-4b04-88EB-625FBE52EBFB}</UniqueIdentifier>
      <Extensions>h;hh;hpp;hxx;h++;hm;inl;inc;ipp;xsd</Extensions>
    </Filter>
    <Filter Include="Resource Files">
      <UniqueIdentifier>{67DA6AB6-F800-4c08-8B7A-83BB121AAD01}</UniqueIdentifier>
      <Extensions>rc;ico;cur;bmp;dlg;rc2;rct;bin;rgs;gif;jpg;jpeg;jpe;resx;tiff;tif;png;wav;mfcribbon-ms</Extensions>
    </Filter>
  </ItemGroup>
  <ItemGroup>
    <ClInclude Include="..\JWasm\H\assume.h">
      <Filter>Header Files</Filter>
    </ClInclude>
    <ClInclude Include="..\JWasm\H\atofloat.h">
      <Filter>Header Files</Filter>
    </ClInclude>
    <ClInclude Include="..\JWasm\H\bin.h">
      <Filter>Header Files</Filter>
    </ClInclude>
    <ClInclude Include="..\JWasm\H\bool.h">
      <Filter>Header Files</Filter>
    </ClInclude>
    <ClInclude Include="..\JWasm\H\cmdline.h">
      <Filter>Header Files</Filter>
    </ClInclude>
    <ClInclude Include="..\JWasm\H\codegen.h">
      <Filter>Header Files</Filter>
    </ClInclude>
    <ClInclude Include="..\JWasm\H\coff.h">
      <Filter>Header Files</Filter>
    </ClInclude>
    <ClInclude Include="..\JWasm\H\coffspec.h">
      <Filter>Header Files</Filter>
    </ClInclude>
    <ClInclude Include="..\JWasm\H\condasm.h">
      <Filter>Header Files</Filter>
    </ClInclude>
    <ClInclude Include="..\JWasm\H\context.h">
      <Filter>Header Files</Filter>
    </ClInclude>
    <ClInclude Include="..\JWasm\H\cpumodel.h">
      <Filter>Header Files</Filter>
    </ClInclude>
    <ClInclude Include="..\JWasm\H\data.h">
      <Filter>Header Files</Filter>
    </ClInclude>
    <ClInclude Include="..\JWasm\H\dbgcv.h">
      <Filter>Header Files</Filter>
    </ClInclude>
    <ClInclude Include="..\JWasm\H\dbgdw.h">
      <Filter>Header Files</Filter>
    </ClInclude>
    <ClInclude Include="..\JWasm\H\directve.h">
      <Filter>Header Files</Filter>
    </ClInclude>
    <ClInclude Include="..\JWasm\H\dirtype.h">
      <Filter>Header Files</Filter>
    </ClInclude>
    <ClInclude Include="..\JWasm\H\elf.h">
      <Filter>Header Files</Filter>
    </ClInclude>
    <ClInclude Include="..\JWasm\H\elfspec.h">
      <Filter>Header Files</Filter>
    </ClInclude>
    <ClInclude Include="..\JWasm\H\equate.h">
      <Filter>Header Files</Filter>
    </ClInclude>
    <ClInclude Include="..\JWasm\H\errmsg.h">
      <Filter>Header Files</Filter>
    </ClInclude>
    <ClInclude Include="..\JWasm\H\expreval.h">
      <Filter>Header Files</Filter>
    </ClInclude>
    <ClInclude Include="..\JWasm\H\extern.h">
      <Filter>Header Files</Filter>
    </ClInclude>
    <ClInclude Include="..\JWasm\H\fastpass.h">
      <Filter>Header Files</Filter>
    </ClInclude>
    <ClInclude Include="..\JWasm\H\fixup.h">
      <Filter>Header Files</Filter>
    </ClInclude>
    <ClInclude Include="..\JWasm\H\fpfixup.h">
      <Filter>Header Files</Filter>
    </ClInclude>
    <ClInclude Include="..\JWasm\H\globals.h">
      <Filter>Header Files</Filter>
    </ClInclude>
    <ClInclude Include="..\JWasm\H\hll.h">
      <Filter>Header Files</Filter>
    </ClInclude>
    <ClInclude Include="..\JWasm\H\input.h">
      <Filter>Header Files</Filter>
    </ClInclude>
    <ClInclude Include="..\JWasm\H\instr64.h">
      <Filter>Header Files</Filter>
    </ClInclude>
    <ClInclude Include="..\JWasm\H\instravx.h">
      <Filter>Header Files</Filter>
    </ClInclude>
    <ClInclude Include="..\JWasm\H\instruct.h">
      <Filter>Header Files</Filter>
    </ClInclude>
    <ClInclude Include="..\JWasm\H\inttype.h">
      <Filter>Header Files</Filter>
    </ClInclude>
    <ClInclude Include="..\JWasm\H\label.h">
      <Filter>Header Files</Filter>
    </ClInclude>
    <ClInclude Include="..\JWasm\H\linnum.h">
      <Filter>Header Files</Filter>
    </ClInclude>
    <ClInclude Include="..\JWasm\H\listing.h">
      <Filter>Header Files</Filter>
    </ClInclude>
    <ClInclude Include="..\JWasm\H\lqueue.h">
      <Filter>Header Files</Filter>
    </ClInclude>
    <ClInclude Include="..\JWasm\H\ltext.h">
      <Filter>Header Files</Filter>
    </ClInclude>
    <ClInclude Include="..\JWasm\H\macro.h">
      <Filter>Header Files</Filter>
    </ClInclude>
    <ClInclude Include="..\JWasm\H\mangle.h">
      <Filter>Header Files</Filter>
    </ClInclude>
    <ClInclude Include="..\JWasm\H\memalloc.h">
      <Filter>Header Files</Filter>
    </ClInclude>
    <ClInclude Include="..\JWasm\H\msgdef.h">
      <Filter>Header Files</Filter>
    </ClInclude>
    <ClInclude Include="..\JWasm\H\msgtext.h">
      <Filter>Header Files</Filter>
    </ClInclude>
    <ClInclude Include="..\JWasm\H\myassert.h">
      <Filter>Header Files</Filter>
    </ClInclude>
    <ClInclude Include="..\JWasm\H\omf.h">
      <Filter>Header Files</Filter>
    </ClInclude>
    <ClInclude Include="..\JWasm\H\omfint.h">
      <Filter>Header Files</Filter>
    </ClInclude>
    <ClInclude Include="..\JWasm\H\omfspec.h">
      <Filter>Header Files</Filter>
    </ClInclude>
    <ClInclude Include="..\JWasm\H\operands.h">
      <Filter>Header Files</Filter>
    </ClInclude>
    <ClInclude Include="..\JWasm\H\opndcls.h">
      <Filter>Header Files</Filter>
    </ClInclude>
    <ClInclude Include="..\JWasm\H\parser.h">
      <Filter>Header Files</Filter>
    </ClInclude>
    <ClInclude Include="..\JWasm\H\pespec.h">
      <Filter>Header Files</Filter>
    </ClInclude>
    <ClInclude Include="..\JWasm\H\posndir.h">
      <Filter>Header Files</Filter>
    </ClInclude>
    <ClInclude Include="..\JWasm\H\preproc.h">
      <Filter>Header Files</Filter>
    </ClInclude>
    <ClInclude Include="..\JWasm\H\proc.h">
      <Filter>Header Files</Filter>
    </ClInclude>
    <ClInclude Include="..\JWasm\H\queue.h">
      <Filter>Header Files</Filter>
    </ClInclude>
    <ClInclude Include="..\JWasm\H\reswords.h">
      <Filter>Header Files</Filter>
    </ClInclude>
    <ClInclude Include="..\JWasm\H\segattr.h">
      <Filter>Header Files</Filter>
    </ClInclude>
    <ClInclude Include="..\JWasm\H\segment.h">
      <Filter>Header Files</Filter>
    </ClInclude>
    <ClInclude Include="..\JWasm\H\special.h">
      <Filter>Header Files</Filter>
    </ClInclude>
    <ClInclude Include="..\JWasm\H\symbols.h">
      <Filter>Header Files</Filter>
    </ClInclude>
    <ClInclude Include="..\JWasm\H\tbyte.h">
      <Filter>Header Files</Filter>
    </ClInclude>
    <ClInclude Include="..\JWasm\H\token.h">
      <Filter>Header Files</Filter>
    </ClInclude>
    <ClInclude Include="..\JWasm\H\tokenize.h">
      <Filter>Header Files</Filter>
    </ClInclude>
    <ClInclude Include="..\JWasm\H\trmem.h">
      <Filter>Header Files</Filter>
    </ClInclude>
    <ClInclude Include="..\JWasm\H\types.h">
      <Filter>Header Files</Filter>
    </ClInclude>
    <ClInclude Include="..\JWasm\H\unaryop.h">
      <Filter>Header Files</Filter>
    </ClInclude>
    <ClInclude Include="..\JWasm\H\usage.h">
      <Filter>Header Files</Filter>
    </ClInclude>
    <ClInclude Include="..\JWasm\H\win32.h">
      <Filter>Header Files</Filter>
    </ClInclude>
    <ClInclude Include="..\JWasm\H\win64seh.h">
      <Filter>Header Files</Filter>
    </ClInclude>
    <ClInclude Include="pch.h">
      <Filter>Header Files</Filter>
    </ClInclude>
  </ItemGroup>
  <ItemGroup>
    <ClCompile Include="..\JWasm\apiemu.cpp">
      <Filter>Source Files</Filter>
    </ClCompile>
    <ClCompile Include="..\JWasm\assemble.cpp">
      <Filter>Source Files</Filter>
    </ClCompile>
    <ClCompile Include="..\JWasm\assume.cpp">
      <Filter>Source Files</Filter>
    </ClCompile>
    <ClCompile Include="..\JWasm\atofloat.cpp">
      <Filter>Source Files</Filter>
    </ClCompile>
    <ClCompile Include="..\JWasm\backptch.cpp">
      <Filter>Source Files</Filter>
    </ClCompile>
    <ClCompile Include="..\JWasm\bin.cpp">
      <Filter>Source Files</Filter>
    </ClCompile>
    <ClCompile Include="..\JWasm\branch.cpp">
      <Filter>Source Files</Filter>
    </ClCompile>
    <ClCompile Include="..\JWasm\cmdline.cpp">
      <Filter>Source Files</Filter>
    </ClCompile>
    <ClCompile Include="..\JWasm\codegen.cpp">
      <Filter>Source Files</Filter>
    </ClCompile>
    <ClCompile Include="..\JWasm\coff.cpp">
      <Filter>Source Files</Filter>
    </ClCompile>
    <ClCompile Include="..\JWasm\condasm.cpp">
      <Filter>Source Files</Filter>
    </ClCompile>
    <ClCompile Include="..\JWasm\context.cpp">
      <Filter>Source Files</Filter>
    </ClCompile>
    <ClCompile Include="..\JWasm\cpumodel.cpp">
      <Filter>Source Files</Filter>
    </ClCompile>
    <ClCompile Include="..\JWasm\data.cpp">
      <Filter>Source Files</Filter>
    </ClCompile>
    <ClCompile Include="..\JWasm\dbgcv.cpp">
      <Filter>Source Files</Filter>
    </ClCompile>
    <ClCompile Include="..\JWasm\directiv.cpp">
      <Filter>Source Files</Filter>
    </ClCompile>
    <ClCompile Include="..\JWasm\elf.cpp">
      <Filter>Source Files</Filter>
    </ClCompile>
    <ClCompile Include="..\JWasm\end.cpp">
      <Filter>Source Files</Filter>
    </ClCompile>
    <ClCompile Include="..\JWasm\equate.cpp">
      <Filter>Source Files</Filter>
    </ClCompile>
    <ClCompile Include="..\JWasm\errmsg.cpp">
      <Filter>Source Files</Filter>
    </ClCompile>
    <ClCompile Include="..\JWasm\expans.cpp">
      <Filter>Source Files</Filter>
    </ClCompile>
    <ClCompile Include="..\JWasm\expreval.cpp">
      <Filter>Source Files</Filter>
    </ClCompile>
    <ClCompile Include="..\JWasm\extern.cpp">
      <Filter>Source Files</Filter>
    </ClCompile>
    <ClCompile Include="..\JWasm\fastpass.cpp">
      <Filter>Source Files</Filter>
    </ClCompile>
    <ClCompile Include="..\JWasm\fixup.cpp">
      <Filter>Source Files</Filter>
    </ClCompile>
    <ClCompile Include="..\JWasm\fpfixup.cpp">
      <Filter>Source Files</Filter>
    </ClCompile>
    <ClCompile Include="..\JWasm\hll.cpp">
      <Filter>Source Files</Filter>
    </ClCompile>
    <ClCompile Include="..\JWasm\invoke.cpp">
      <Filter>Source Files</Filter>
    </ClCompile>
    <ClCompile Include="..\JWasm\label.cpp">
      <Filter>Source Files</Filter>
    </ClCompile>
    <ClCompile Include="..\JWasm\linnum.cpp">
      <Filter>Source Files</Filter>
    </ClCompile>
    <ClCompile Include="..\JWasm\listing.cpp">
      <Filter>Source Files</Filter>
    </ClCompile>
    <ClCompile Include="..\JWasm\loop.cpp">
      <Filter>Source Files</Filter>
    </ClCompile>
    <ClCompile Include="..\JWasm\lqueue.cpp">
      <Filter>Source Files</Filter>
    </ClCompile>
    <ClCompile Include="..\JWasm\macro.cpp">
      <Filter>Source Files</Filter>
    </ClCompile>
    <ClCompile Include="..\JWasm\mangle.cpp">
      <Filter>Source Files</Filter>
    </ClCompile>
    <ClCompile Include="..\JWasm\memalloc.cpp">
      <Filter>Source Files</Filter>
    </ClCompile>
    <ClCompile Include="..\JWasm\msgtext.cpp">
      <Filter>Source Files</Filter>
    </ClCompile>
    <ClCompile Include="..\JWasm\omf.cpp">
      <Filter>Source Files</Filter>
    </ClCompile>
    <ClCompile Include="..\JWasm\omffixup.cpp">
      <Filter>Source Files</Filter>
    </ClCompile>
    <ClCompile Include="..\JWasm\omfint.cpp">
      <Filter>Source Files</Filter>
    </ClCompile>
    <ClCompile Include="..\JWasm\option.cpp">
      <Filter>Source Files</Filter>
    </ClCompile>
    <ClCompile Include="..\JWasm\parser.cpp">
      <Filter>Source Files</Filter>
    </ClCompile>
    <ClCompile Include="..\JWasm\posndir.cpp">
      <Filter>Source Files</Filter>
    </ClCompile>
    <ClCompile Include="..\JWasm\preproc.cpp">
      <Filter>Source Files</Filter>
    </ClCompile>
    <ClCompile Include="..\JWasm\proc.cpp">
      <Filter>Source Files</Filter>
    </ClCompile>
    <ClCompile Include="..\JWasm\queue.cpp">
      <Filter>Source Files</Filter>
    </ClCompile>
    <ClCompile Include="..\JWasm\reswords.cpp">
      <Filter>Source Files</Filter>
    </ClCompile>
    <ClCompile Include="..\JWasm\safeseh.cpp">
      <Filter>Source Files</Filter>
    </ClCompile>
    <ClCompile Include="..\JWasm\segment.cpp">
      <Filter>Source Files</Filter>
    </ClCompile>
    <ClCompile Include="..\JWasm\simsegm.cpp">
      <Filter>Source Files</Filter>
    </ClCompile>
    <ClCompile Include="..\JWasm\string.cpp">
      <Filter>Source Files</Filter>
    </ClCompile>
    <ClCompile Include="..\JWasm\symbols.cpp">
      <Filter>Source Files</Filter>
    </ClCompile>
    <ClCompile Include="..\JWasm\tbyte.cpp">
      <Filter>Source Files</Filter>
    </ClCompile>
    <ClCompile Include="..\JWasm\tokenize.cpp">
      <Filter>Source Files</Filter>
    </ClCompile>
    <ClCompile Include="..\JWasm\trmem.cpp">
      <Filter>Source Files</Filter>
    </ClCompile>
    <ClCompile Include="..\JWasm\types.cpp">
      <Filter>Source Files</Filter>
    </ClCompile>
    <ClCompile Include="pch.cpp">
      <Filter>Source Files</Filter>
    </ClCompile>
    <ClCompile Include="..\JWasm\input.cpp">
      <Filter>Source Files</Filter>
    </ClCompile>
  </ItemGroup>
</Project>