<?xml version="1.0" encoding="utf-8"?>
<Project ToolsVersion="4.0" xmlns="http://schemas.microsoft.com/developer/msbuild/2003">
  <ItemGroup>
    <Filter Include="Source Files">
      <UniqueIdentifier>{4FC737F1-C7A5-4376-A066-2A32D752A2FF}</UniqueIdentifier>
      <Extensions>cpp;c;cc;cxx;c++;cppm;ixx;def;odl;idl;hpj;bat;asm;asmx</Extensions>
    </Filter>
    <Filter Include="Header Files">
      <UniqueIdentifier>{93995380-89BD-4b04-88EB-625FBE52EBFB}</UniqueIdentifier>
      <Extensions>h;hh;hpp;hxx;h++;hm;inl;inc;ipp;xsd</Extensions>
    </Filter>
    <Filter Include="Resource Files">
      <UniqueIdentifier>{67DA6AB6-F800-4c08-8B7A-83BB121AAD01}</UniqueIdentifier>
      <Extensions>rc;ico;cur;bmp;dlg;rc2;rct;bin;rgs;gif;jpg;jpeg;jpe;resx;tiff;tif;png;wav;mfcribbon-ms</Extensions>
    </Filter>
  </ItemGroup>
  <ItemGroup>
    <ClInclude Include="..\JWasm\H\assume.h">
      <Filter>Header Files</Filter>
    </ClInclude>
    <ClInclude Include="..\JWasm\H\atofloat.h">
      <Filter>Header Files</Filter>
    </ClInclude>
    <ClInclude Include="..\JWasm\H\bin.h">
      <Filter>Header Files</Filter>
    </ClInclude>
    <ClInclude Include="..\JWasm\H\bool.h">
      <Filter>Header Files</Filter>
    </ClInclude>
    <ClInclude Include="..\JWasm\H\cmdline.h">
      <Filter>Header Files</Filter>
    </ClInclude>
    <ClInclude Include="..\JWasm\H\codegen.h">
      <Filter>Header Files</Filter>
    </ClInclude>
    <ClInclude Include="..\JWasm\H\coff.h">
      <Filter>Header Files</Filter>
    </ClInclude>
    <ClInclude Include="..\JWasm\H\coffspec.h">
      <Filter>Header Files</Filter>
    </ClInclude>
    <ClInclude Include="..\JWasm\H\condasm.h">
      <Filter>Header Files</Filter>
    </ClInclude>
    <ClInclude Include="..\JWasm\H\context.h">
      <Filter>Header Files</Filter>
    </ClInclude>
    <ClInclude Include="..\JWasm\H\cpumodel.h">
      <Filter>Header Files</Filter>
    </ClInclude>
    <ClInclude Include="..\JWasm\H\data.h">
      <Filter>Header Files</Filter>
    </ClInclude>
    <ClInclude Include="..\JWasm\H\dbgcv.h">
      <Filter>Header Files</Filter>
    </ClInclude>
    <ClInclude Include="..\JWasm\H\dbgdw.h">
      <Filter>Header Files</Filter>
    </ClInclude>
    <ClInclude Include="..\JWasm\H\directve.h">
      <Filter>Header Files</Filter>
    </ClInclude>
    <ClInclude Include="..\JWasm\H\dirtype.h">
      <Filter>Header Files</Filter>
    </ClInclude>
    <ClInclude Include="..\JWasm\H\elf.h">
      <Filter>Header Files</Filter>
    </ClInclude>
    <ClInclude Include="..\JWasm\H\elfspec.h">
      <Filter>Header Files</Filter>
    </ClInclude>
    <ClInclude Include="..\JWasm\H\equate.h">
      <Filter>Header Files</Filter>
    </ClInclude>
    <ClInclude Include="..\JWasm\H\errmsg.h">
      <Filter>Header Files</Filter>
    </ClInclude>
    <ClInclude Include="..\JWasm\H\expreval.h">
      <Filter>Header Files</Filter>
    </ClInclude>
    <ClInclude Include="..\JWasm\H\extern.h">
      <Filter>Header Files</Filter>
    </ClInclude>
    <ClInclude Include="..\JWasm\H\fastpass.h">
      <Filter>Header Files</Filter>
    </ClInclude>
    <ClInclude Include="..\JWasm\H\fixup.h">
      <Filter>Header Files</Filter>
    </ClInclude>
    <ClInclude Include="..\JWasm\H\fpfixup.h">
      <Filter>Header Files</Filter>
    </ClInclude>
    <ClInclude Include="..\JWasm\H\globals.h">
      <Filter>Header Files</Filter>
    </ClInclude>
    <ClInclude Include="..\JWasm\H\hll.h">
      <Filter>Header Files</Filter>
    </ClInclude>
    <ClInclude Include="..\JWasm\H\input.h">
      <Filter>Header Files</Filter>
    </ClInclude>
    <ClInclude Include="..\JWasm\H\instr64.h">
      <Filter>Header Files</Filter>
    </ClInclude>
    <ClInclude Include="..\JWasm\H\instravx.h">
      <Filter>Header Files</Filter>
    </ClInclude>
    <ClInclude Include="..\JWasm\H\instruct.h">
      <Filter>Header Files</Filter>
    </ClInclude>
    <ClInclude Include="..\JWasm\H\inttype.h">
      <Filter>Header Files</Filter>
    </ClInclude>
    <ClInclude Include="..\JWasm\H\label.h">
      <Filter>Header Files</Filter>
    </ClInclude>
    <ClInclude Include="..\JWasm\H\linnum.h">
      <Filter>Header Files</Filter>
    </ClInclude>
    <ClInclude Include="..\JWasm\H\listing.h">
      <Filter>Header Files</Filter>
    </ClInclude>
    <ClInclude Include="..\JWasm\H\lqueue.h">
      <Filter>Header Files</Filter>
    </ClInclude>
    <ClInclude Include="..\JWasm\H\ltext.h">
      <Filter>Header Files</Filter>
    </ClInclude>
    <ClInclude Include="..\JWasm\H\macro.h">
      <Filter>Header Files</Filter>
    </ClInclude>
    <ClInclude Include="..\JWasm\H\mangle.h">
      <Filter>Header Files</Filter>
    </ClInclude>
    <ClInclude Include="..\JWasm\H\memalloc.h">
      <Filter>Header Files</Filter>
    </ClInclude>
    <ClInclude Include="..\JWasm\H\msgdef.h">
      <Filter>Header Files</Filter>
    </ClInclude>
    <ClInclude Include="..\JWasm\H\msgtext.h">
      <Filter>Header Files</Filter>
    </ClInclude>
    <ClInclude Include="..\JWasm\H\myassert.h">
      <Filter>Header Files</Filter>
    </ClInclude>
    <ClInclude Include="..\JWasm\H\omf.h">
      <Filter>Header Files</Filter>
    </ClInclude>
    <ClInclude Include="..\JWasm\H\omfint.h">
      <Filter>Header Files</Filter>
    </ClInclude>
    <ClInclude Include="..\JWasm\H\omfspec.h">
      <Filter>Header Files</Filter>
    </ClInclude>
    <ClInclude Include="..\JWasm\H\operands.h">
      <Filter>Header Files</Filter>
    </ClInclude>
    <ClInclude Include="..\JWasm\H\opndcls.h">
      <Filter>Header Files</Filter>
    </ClInclude>
    <ClInclude Include="..\JWasm\H\parser.h">
      <Filter>Header Files</Filter>
    </ClInclude>
    <ClInclude Include="..\JWasm\H\pespec.h">
      <Filter>Header Files</Filter>
    </ClInclude>
    <ClInclude Include="..\JWasm\H\posndir.h">
      <Filter>Header Files</Filter>
    </ClInclude>
    <ClInclude Include="..\JWasm\H\preproc.h">
      <Filter>Header Files</Filter>
    </ClInclude>
    <ClInclude Include="..\JWasm\H\proc.h">
      <Filter>Header Files</Filter>
    </ClInclude>
    <ClInclude Include="..\JWasm\H\queue.h">
      <Filter>Header Files</Filter>
    </ClInclude>
    <ClInclude Include="..\JWasm\H\reswords.h">
      <Filter>Header Files</Filter>
    </ClInclude>
    <ClInclude Include="..\JWasm\H\segattr.h">
      <Filter>Header Files</Filter>
    </ClInclude>
    <ClInclude Include="..\JWasm\H\segment.h">
      <Filter>Header Files</Filter>
    </ClInclude>
    <ClInclude Include="..\JWasm\H\special.h">
      <Filter>Header Files</Filter>
    </ClInclude>
    <ClInclude Include="..\JWasm\H\symbols.h">
      <Filter>Header Files</Filter>
    </ClInclude>
    <ClInclude Include="..\JWasm\H\tbyte.h">
      <Filter>Header Files</Filter>
    </ClInclude>
    <ClInclude Include="..\JWasm\H\token.h">
      <Filter>Header Files</Filter>
    </ClInclude>
    <ClInclude Include="..\JWasm\H\tokenize.h">
      <Filter>Header Files</Filter>
    </ClInclude>
    <ClInclude Include="..\JWasm\H\trmem.h">
      <Filter>Header Files</Filter>
    </ClInclude>
    <ClInclude Include="..\JWasm\H\types.h">
      <Filter>Header Files</Filter>
    </ClInclude>
    <ClInclude Include="..\JWasm\H\unaryop.h">
      <Filter>Header Files</Filter>
    </ClInclude>
    <ClInclude Include="..\JWasm\H\usage.h">
      <Filter>Header Files</Filter>
    </ClInclude>
    <ClInclude Include="..\JWasm\H\win32.h">
      <Filter>Header Files</Filter>
    </ClInclude>
    <ClInclude Include="..\JWasm\H\win64seh.h">
      <Filter>Header Files</Filter>
    </ClInclude>
  </ItemGroup>
  <ItemGroup>
    <ClCompile Include="..\JWasm\apiemu.c">
      <Filter>Source Files</Filter>
    </ClCompile>
    <ClCompile Include="..\JWasm\assemble.c">
      <Filter>Source Files</Filter>
    </ClCompile>
    <ClCompile Include="..\JWasm\assume.c">
      <Filter>Source Files</Filter>
    </ClCompile>
    <ClCompile Include="..\JWasm\atofloat.c">
      <Filter>Source Files</Filter>
    </ClCompile>
    <ClCompile Include="..\JWasm\backptch.c">
      <Filter>Source Files</Filter>
    </ClCompile>
    <ClCompile Include="..\JWasm\bin.c">
      <Filter>Source Files</Filter>
    </ClCompile>
    <ClCompile Include="..\JWasm\branch.c">
      <Filter>Source Files</Filter>
    </ClCompile>
    <ClCompile Include="..\JWasm\cmdline.c">
      <Filter>Source Files</Filter>
    </ClCompile>
    <ClCompile Include="..\JWasm\codegen.c">
      <Filter>Source Files</Filter>
    </ClCompile>
    <ClCompile Include="..\JWasm\coff.c">
      <Filter>Source Files</Filter>
    </ClCompile>
    <ClCompile Include="..\JWasm\condasm.c">
      <Filter>Source Files</Filter>
    </ClCompile>
    <ClCompile Include="..\JWasm\context.c">
      <Filter>Source Files</Filter>
    </ClCompile>
    <ClCompile Include="..\JWasm\cpumodel.c">
      <Filter>Source Files</Filter>
    </ClCompile>
    <ClCompile Include="..\JWasm\data.c">
      <Filter>Source Files</Filter>
    </ClCompile>
    <ClCompile Include="..\JWasm\dbgcv.c">
      <Filter>Source Files</Filter>
    </ClCompile>
    <ClCompile Include="..\JWasm\directiv.c">
      <Filter>Source Files</Filter>
    </ClCompile>
    <ClCompile Include="..\JWasm\elf.c">
      <Filter>Source Files</Filter>
    </ClCompile>
    <ClCompile Include="..\JWasm\end.c">
      <Filter>Source Files</Filter>
    </ClCompile>
    <ClCompile Include="..\JWasm\equate.c">
      <Filter>Source Files</Filter>
    </ClCompile>
    <ClCompile Include="..\JWasm\errmsg.c">
      <Filter>Source Files</Filter>
    </ClCompile>
    <ClCompile Include="..\JWasm\expans.c">
      <Filter>Source Files</Filter>
    </ClCompile>
    <ClCompile Include="..\JWasm\expreval.c">
      <Filter>Source Files</Filter>
    </ClCompile>
    <ClCompile Include="..\JWasm\extern.c">
      <Filter>Source Files</Filter>
    </ClCompile>
    <ClCompile Include="..\JWasm\fastpass.c">
      <Filter>Source Files</Filter>
    </ClCompile>
    <ClCompile Include="..\JWasm\fixup.c">
      <Filter>Source Files</Filter>
    </ClCompile>
    <ClCompile Include="..\JWasm\fpfixup.c">
      <Filter>Source Files</Filter>
    </ClCompile>
    <ClCompile Include="..\JWasm\hll.c">
      <Filter>Source Files</Filter>
    </ClCompile>
    <ClCompile Include="..\JWasm\input.c">
      <Filter>Source Files</Filter>
    </ClCompile>
    <ClCompile Include="..\JWasm\invoke.c">
      <Filter>Source Files</Filter>
    </ClCompile>
    <ClCompile Include="..\JWasm\label.c">
      <Filter>Source Files</Filter>
    </ClCompile>
    <ClCompile Include="..\JWasm\linnum.c">
      <Filter>Source Files</Filter>
    </ClCompile>
    <ClCompile Include="..\JWasm\listing.c">
      <Filter>Source Files</Filter>
    </ClCompile>
    <ClCompile Include="..\JWasm\loop.c">
      <Filter>Source Files</Filter>
    </ClCompile>
    <ClCompile Include="..\JWasm\lqueue.c">
      <Filter>Source Files</Filter>
    </ClCompile>
    <ClCompile Include="..\JWasm\macro.c">
      <Filter>Source Files</Filter>
    </ClCompile>
    <ClCompile Include="..\JWasm\mangle.c">
      <Filter>Source Files</Filter>
    </ClCompile>
    <ClCompile Include="..\JWasm\memalloc.c">
      <Filter>Source Files</Filter>
    </ClCompile>
    <ClCompile Include="..\JWasm\msgtext.c">
      <Filter>Source Files</Filter>
    </ClCompile>
    <ClCompile Include="..\JWasm\omf.c">
      <Filter>Source Files</Filter>
    </ClCompile>
    <ClCompile Include="..\JWasm\omffixup.c">
      <Filter>Source Files</Filter>
    </ClCompile>
    <ClCompile Include="..\JWasm\omfint.c">
      <Filter>Source Files</Filter>
    </ClCompile>
    <ClCompile Include="..\JWasm\option.c">
      <Filter>Source Files</Filter>
    </ClCompile>
    <ClCompile Include="..\JWasm\parser.c">
      <Filter>Source Files</Filter>
    </ClCompile>
    <ClCompile Include="..\JWasm\posndir.c">
      <Filter>Source Files</Filter>
    </ClCompile>
    <ClCompile Include="..\JWasm\preproc.c">
      <Filter>Source Files</Filter>
    </ClCompile>
    <ClCompile Include="..\JWasm\proc.c">
      <Filter>Source Files</Filter>
    </ClCompile>
    <ClCompile Include="..\JWasm\queue.c">
      <Filter>Source Files</Filter>
    </ClCompile>
    <ClCompile Include="..\JWasm\reswords.c">
      <Filter>Source Files</Filter>
    </ClCompile>
    <ClCompile Include="..\JWasm\safeseh.c">
      <Filter>Source Files</Filter>
    </ClCompile>
    <ClCompile Include="..\JWasm\segment.c">
      <Filter>Source Files</Filter>
    </ClCompile>
    <ClCompile Include="..\JWasm\simsegm.c">
      <Filter>Source Files</Filter>
    </ClCompile>
    <ClCompile Include="..\JWasm\string.c">
      <Filter>Source Files</Filter>
    </ClCompile>
    <ClCompile Include="..\JWasm\symbols.c">
      <Filter>Source Files</Filter>
    </ClCompile>
    <ClCompile Include="..\JWasm\tbyte.c">
      <Filter>Source Files</Filter>
    </ClCompile>
    <ClCompile Include="..\JWasm\tokenize.c">
      <Filter>Source Files</Filter>
    </ClCompile>
    <ClCompile Include="..\JWasm\trmem.c">
      <Filter>Source Files</Filter>
    </ClCompile>
    <ClCompile Include="..\JWasm\types.c">
      <Filter>Source Files</Filter>
    </ClCompile>
  </ItemGroup>
</Project>