<?xml version="1.0" encoding="utf-8"?>
<Project ToolsVersion="4.0" xmlns="http://schemas.microsoft.com/developer/msbuild/2003">
  <ItemGroup>
    <Filter Include="Source Files">
      <UniqueIdentifier>{4FC737F1-C7A5-4376-A066-2A32D752A2FF}</UniqueIdentifier>
      <Extensions>cpp;c;cc;cxx;c++;cppm;ixx;def;odl;idl;hpj;bat;asm;asmx</Extensions>
    </Filter>
    <Filter Include="Header Files">
      <UniqueIdentifier>{93995380-89BD-4b04-88EB-625FBE52EBFB}</UniqueIdentifier>
      <Extensions>h;hh;hpp;hxx;h++;hm;inl;inc;ipp;xsd</Extensions>
    </Filter>
    <Filter Include="Resource Files">
      <UniqueIdentifier>{67DA6AB6-F800-4c08-8B7A-83BB121AAD01}</UniqueIdentifier>
      <Extensions>rc;ico;cur;bmp;dlg;rc2;rct;bin;rgs;gif;jpg;jpeg;jpe;resx;tiff;tif;png;wav;mfcribbon-ms</Extensions>
    </Filter>
  </ItemGroup>
  <ItemGroup>
    <ClInclude Include="framework.h">
      <Filter>Header Files</Filter>
    </ClInclude>
    <ClInclude Include="pch.h">
      <Filter>Header Files</Filter>
    </ClInclude>
    <ClInclude Include="h\clibsupp.h">
      <Filter>Header Files</Filter>
    </ClInclude>
    <ClInclude Include="h\clibxw32.h">
      <Filter>Header Files</Filter>
    </ClInclude>
    <ClInclude Include="h\cplx.h">
      <Filter>Header Files</Filter>
    </ClInclude>
    <ClInclude Include="h\cvtbuf.h">
      <Filter>Header Files</Filter>
    </ClInclude>
    <ClInclude Include="h\demangle.h">
      <Filter>Header Files</Filter>
    </ClInclude>
    <ClInclude Include="h\dm_pts.h">
      <Filter>Header Files</Filter>
    </ClInclude>
    <ClInclude Include="h\extfunc.h">
      <Filter>Header Files</Filter>
    </ClInclude>
    <ClInclude Include="h\farsupp.h">
      <Filter>Header Files</Filter>
    </ClInclude>
    <ClInclude Include="h\fltsupp.h">
      <Filter>Header Files</Filter>
    </ClInclude>
    <ClInclude Include="h\hostos.h">
      <Filter>Header Files</Filter>
    </ClInclude>
    <ClInclude Include="h\liballoc.h">
      <Filter>Header Files</Filter>
    </ClInclude>
    <ClInclude Include="h\ljmphdl.h">
      <Filter>Header Files</Filter>
    </ClInclude>
    <ClInclude Include="h\maxchtyp.h">
      <Filter>Header Files</Filter>
    </ClInclude>
    <ClInclude Include="h\ntexc.h">
      <Filter>Header Files</Filter>
    </ClInclude>
    <ClInclude Include="h\nw_lib.h">
      <Filter>Header Files</Filter>
    </ClInclude>
    <ClInclude Include="h\nwlibmem.h">
      <Filter>Header Files</Filter>
    </ClInclude>
    <ClInclude Include="h\os2exc.h">
      <Filter>Header Files</Filter>
    </ClInclude>
    <ClInclude Include="h\osexcpt.h">
      <Filter>Header Files</Filter>
    </ClInclude>
    <ClInclude Include="h\osver.h">
      <Filter>Header Files</Filter>
    </ClInclude>
    <ClInclude Include="h\pdiv.h">
      <Filter>Header Files</Filter>
    </ClInclude>
    <ClInclude Include="h\pdreg.h">
      <Filter>Header Files</Filter>
    </ClInclude>
    <ClInclude Include="h\printf.h">
      <Filter>Header Files</Filter>
    </ClInclude>
    <ClInclude Include="h\rdosexc.h">
      <Filter>Header Files</Filter>
    </ClInclude>
    <ClInclude Include="h\rtcntrl.h">
      <Filter>Header Files</Filter>
    </ClInclude>
    <ClInclude Include="h\rtdata.h">
      <Filter>Header Files</Filter>
    </ClInclude>
    <ClInclude Include="h\rtexcpfl.h">
      <Filter>Header Files</Filter>
    </ClInclude>
    <ClInclude Include="h\rtexcpt.h">
      <Filter>Header Files</Filter>
    </ClInclude>
    <ClInclude Include="h\rtfpehdl.h">
      <Filter>Header Files</Filter>
    </ClInclude>
    <ClInclude Include="h\rtfpesig.h">
      <Filter>Header Files</Filter>
    </ClInclude>
    <ClInclude Include="h\rtstack.h">
      <Filter>Header Files</Filter>
    </ClInclude>
    <ClInclude Include="h\rtumask.h">
      <Filter>Header Files</Filter>
    </ClInclude>
    <ClInclude Include="h\sema4.h">
      <Filter>Header Files</Filter>
    </ClInclude>
    <ClInclude Include="h\sema4typ.h">
      <Filter>Header Files</Filter>
    </ClInclude>
    <ClInclude Include="h\sigdefn.h">
      <Filter>Header Files</Filter>
    </ClInclude>
    <ClInclude Include="h\slibqnx.h">
      <Filter>Header Files</Filter>
    </ClInclude>
    <ClInclude Include="h\specs.h">
      <Filter>Header Files</Filter>
    </ClInclude>
    <ClInclude Include="h\thrdreg.h">
      <Filter>Header Files</Filter>
    </ClInclude>
    <ClInclude Include="h\thread.h">
      <Filter>Header Files</Filter>
    </ClInclude>
    <ClInclude Include="h\threadfn.h">
      <Filter>Header Files</Filter>
    </ClInclude>
    <ClInclude Include="h\threadid.h">
      <Filter>Header Files</Filter>
    </ClInclude>
    <ClInclude Include="h\variety.h">
      <Filter>Header Files</Filter>
    </ClInclude>
    <ClInclude Include="h\widechar.h">
      <Filter>Header Files</Filter>
    </ClInclude>
  </ItemGroup>
  <ItemGroup>
    <ClCompile Include="pch.c">
      <Filter>Source Files</Filter>
    </ClCompile>
    <ClCompile Include="c\aliasgen.c">
      <Filter>Source Files</Filter>
    </ClCompile>
    <ClCompile Include="c\demangle.c">
      <Filter>Source Files</Filter>
    </ClCompile>
  </ItemGroup>
</Project>