
Microsoft Visual Studio Solution File, Format Version 12.00
# Visual Studio Version 17
VisualStudioVersion = 17.14.36121.58
MinimumVisualStudioVersion = 10.0.40219.1
Project("{8BC9CEB8-8B4A-11D0-8D11-00A0C91BC942}") = "Arguments", "Arguments\Arguments.vcxproj", "{D336F6C2-22E2-4FFE-9F32-92211A55F5CE}"
EndProject
Project("{8BC9CEB8-8B4A-11D0-8D11-00A0C91BC942}") = "Assembler", "Assembler\Assembler.vcxproj", "{17112EE0-96A4-4BD7-864D-CF72DC0A554B}"
EndProject
Project("{8BC9CEB8-8B4A-11D0-8D11-00A0C91BC942}") = "Compiler", "Compiler\Compler.vcxproj", "{F000AD45-87D7-499A-9901-E9C6A6C272B6}"
EndProject
Global
	GlobalSection(SolutionConfigurationPlatforms) = preSolution
		Debug|x64 = Debug|x64
		Debug|x86 = Debug|x86
		Release|x64 = Release|x64
		Release|x86 = Release|x86
	EndGlobalSection
	GlobalSection(ProjectConfigurationPlatforms) = postSolution
		{D336F6C2-22E2-4FFE-9F32-92211A55F5CE}.Debug|x64.ActiveCfg = Debug|x64
		{D336F6C2-22E2-4FFE-9F32-92211A55F5CE}.Debug|x64.Build.0 = Debug|x64
		{D336F6C2-22E2-4FFE-9F32-92211A55F5CE}.Debug|x86.ActiveCfg = Debug|Win32
		{D336F6C2-22E2-4FFE-9F32-92211A55F5CE}.Debug|x86.Build.0 = Debug|Win32
		{D336F6C2-22E2-4FFE-9F32-92211A55F5CE}.Release|x64.ActiveCfg = Release|x64
		{D336F6C2-22E2-4FFE-9F32-92211A55F5CE}.Release|x64.Build.0 = Release|x64
		{D336F6C2-22E2-4FFE-9F32-92211A55F5CE}.Release|x86.ActiveCfg = Release|Win32
		{D336F6C2-22E2-4FFE-9F32-92211A55F5CE}.Release|x86.Build.0 = Release|Win32
		{17112EE0-96A4-4BD7-864D-CF72DC0A554B}.Debug|x64.ActiveCfg = Debug|x64
		{17112EE0-96A4-4BD7-864D-CF72DC0A554B}.Debug|x64.Build.0 = Debug|x64
		{17112EE0-96A4-4BD7-864D-CF72DC0A554B}.Debug|x86.ActiveCfg = Debug|Win32
		{17112EE0-96A4-4BD7-864D-CF72DC0A554B}.Debug|x86.Build.0 = Debug|Win32
		{17112EE0-96A4-4BD7-864D-CF72DC0A554B}.Release|x64.ActiveCfg = Release|x64
		{17112EE0-96A4-4BD7-864D-CF72DC0A554B}.Release|x64.Build.0 = Release|x64
		{17112EE0-96A4-4BD7-864D-CF72DC0A554B}.Release|x86.ActiveCfg = Release|Win32
		{17112EE0-96A4-4BD7-864D-CF72DC0A554B}.Release|x86.Build.0 = Release|Win32
		{F000AD45-87D7-499A-9901-E9C6A6C272B6}.Debug|x64.ActiveCfg = Debug|x64
		{F000AD45-87D7-499A-9901-E9C6A6C272B6}.Debug|x64.Build.0 = Debug|x64
		{F000AD45-87D7-499A-9901-E9C6A6C272B6}.Debug|x86.ActiveCfg = Debug|Win32
		{F000AD45-87D7-499A-9901-E9C6A6C272B6}.Debug|x86.Build.0 = Debug|Win32
		{F000AD45-87D7-499A-9901-E9C6A6C272B6}.Release|x64.ActiveCfg = Release|x64
		{F000AD45-87D7-499A-9901-E9C6A6C272B6}.Release|x64.Build.0 = Release|x64
		{F000AD45-87D7-499A-9901-E9C6A6C272B6}.Release|x86.ActiveCfg = Release|Win32
		{F000AD45-87D7-499A-9901-E9C6A6C272B6}.Release|x86.Build.0 = Release|Win32
	EndGlobalSection
	GlobalSection(SolutionProperties) = preSolution
		HideSolutionNode = FALSE
	EndGlobalSection
	GlobalSection(ExtensibilityGlobals) = postSolution
		SolutionGuid = {304C8F5A-4C05-4010-AC40-3A23AB443601}
	EndGlobalSection
EndGlobal
