
Microsoft Visual Studio Solution File, Format Version 12.00
# Visual Studio Version 18
VisualStudioVersion = 18.3.11312.210
MinimumVisualStudioVersion = 10.0.40219.1
Project("{8BC9CEB8-8B4A-11D0-8D11-00A0C91BC942}") = "Compiler", "Compiler\Compler.vcxproj", "{F000AD45-87D7-499A-9901-E9C6A6C272B6}"
EndProject
Project("{8BC9CEB8-8B4A-11D0-8D11-00A0C91BC942}") = "PEDump", "PEDump\PEDump.vcxproj", "{79A2B0BD-332D-4CFA-ADA9-5BF48B48BCF7}"
EndProject
Project("{8BC9CEB8-8B4A-11D0-8D11-00A0C91BC942}") = "IDE", "IDE\IDE.vcxproj", "{7C6ABB40-97C1-C3CF-DA7A-752A0C24EB0A}"
EndProject
Project("{8BC9CEB8-8B4A-11D0-8D11-00A0C91BC942}") = "PreProcessor", "PreProcessor\PreProcessor.vcxproj", "{3B55590C-3E30-413C-B121-C80FBE2D2C77}"
EndProject
Project("{8BC9CEB8-8B4A-11D0-8D11-00A0C91BC942}") = "BinaryFormats", "BinaryFormats\BinaryFormat.vcxproj", "{14F5D769-BB02-4ABF-A2D1-128749F72458}"
EndProject
Project("{8BC9CEB8-8B4A-11D0-8D11-00A0C91BC942}") = "Arguments", "Arguments\Arguments.vcxproj", "{9F695958-67A8-42BE-884F-2F9D616E6AB5}"
EndProject
Project("{8BC9CEB8-8B4A-11D0-8D11-00A0C91BC942}") = "Test1", "Test1\Test1.vcxproj", "{A5FCD8A5-DF48-4484-87B8-E576C97CC850}"
EndProject
Project("{8BC9CEB8-8B4A-11D0-8D11-00A0C91BC942}") = "dwarf", "dwarf\dwarf.vcxproj", "{40C13CA4-1753-42D9-B5FE-A250C29E7D27}"
EndProject
Project("{8BC9CEB8-8B4A-11D0-8D11-00A0C91BC942}") = "File", "File\File.vcxproj", "{07C330D8-C0C2-42B5-A94E-AE87DAB6420D}"
EndProject
Project("{8BC9CEB8-8B4A-11D0-8D11-00A0C91BC942}") = "JWasm", "JWasm\JWasm.vcxproj", "{633EB358-5B2B-405A-8000-48622145A995}"
EndProject
Project("{8BC9CEB8-8B4A-11D0-8D11-00A0C91BC942}") = "JWasmLib", "JWasmLib\JWasmLib.vcxproj", "{FD8EEAF5-D96A-4978-9CB3-D573A9C0D4B1}"
EndProject
Project("{8BC9CEB8-8B4A-11D0-8D11-00A0C91BC942}") = "JWlib", "JWlib\JWlib.vcxproj", "{76C572B3-357E-4761-86A8-E1A895107BAF}"
EndProject
Project("{8BC9CEB8-8B4A-11D0-8D11-00A0C91BC942}") = "JWlink", "JWlink\JWlink.vcxproj", "{0A693A41-EDFD-4A59-A88C-2B8B9F5A0521}"
EndProject
Project("{8BC9CEB8-8B4A-11D0-8D11-00A0C91BC942}") = "lib_misc", "lib_misc\lib_misc.vcxproj", "{A046F8B3-3CED-451B-AB5A-F81C2869DDA9}"
EndProject
Project("{8BC9CEB8-8B4A-11D0-8D11-00A0C91BC942}") = "Memory", "Memory\Memory.vcxproj", "{36412E4A-5780-46B9-BF4B-0D79B4A7DE96}"
EndProject
Project("{8BC9CEB8-8B4A-11D0-8D11-00A0C91BC942}") = "MemoryTest", "MemoryTest\MemoryTest.vcxproj", "{C374C07B-A81C-C207-3978-2BE37AC8CAAA}"
EndProject
Project("{8BC9CEB8-8B4A-11D0-8D11-00A0C91BC942}") = "orl", "orl\orl.vcxproj", "{78DD3629-68EE-498B-A8C0-B414F51BB2C9}"
EndProject
Project("{8BC9CEB8-8B4A-11D0-8D11-00A0C91BC942}") = "sdk", "sdk\sdk.vcxproj", "{0CB0F88C-6348-47CD-A16A-DA5B30EF259A}"
EndProject
Project("{2150E333-8FDC-42A3-9474-1A3956D46DE8}") = "JWlink projects", "JWlink projects", "{01B409E7-D23D-42AC-8F2C-C3FD6E38CEF0}"
EndProject
Project("{2150E333-8FDC-42A3-9474-1A3956D46DE8}") = "JWasm projects", "JWasm projects", "{6554A7A6-7CE6-4777-8AD1-587388D3362C}"
EndProject
Project("{2150E333-8FDC-42A3-9474-1A3956D46DE8}") = "JWLib projects", "JWLib projects", "{52D62F0E-6982-43BE-AEA3-9E06B366179C}"
EndProject
Project("{2150E333-8FDC-42A3-9474-1A3956D46DE8}") = "Common projects", "Common projects", "{6B8FF04E-0DDE-40EC-AE3D-67E18E00BF6C}"
EndProject
Project("{2150E333-8FDC-42A3-9474-1A3956D46DE8}") = "Compiler projects", "Compiler projects", "{8E079609-87D1-4FA1-A42D-E8B74F1F394E}"
EndProject
Project("{2150E333-8FDC-42A3-9474-1A3956D46DE8}") = "PEDump projects", "PEDump projects", "{3445479B-AD78-43AF-A730-869D32A248D0}"
EndProject
Project("{8BC9CEB8-8B4A-11D0-8D11-00A0C91BC942}") = "JWlinkLib", "JWlinkLib\JWlinkLib.vcxproj", "{1054801F-1A40-4A7C-A7D1-303D2A64B79C}"
EndProject
Global
	GlobalSection(SolutionConfigurationPlatforms) = preSolution
		All|x64 = All|x64
		All|x86 = All|x86
		Debug|x64 = Debug|x64
		Debug|x86 = Debug|x86
		DefaultBuild|x64 = DefaultBuild|x64
		DefaultBuild|x86 = DefaultBuild|x86
		Release|x64 = Release|x64
		Release|x86 = Release|x86
	EndGlobalSection
	GlobalSection(ProjectConfigurationPlatforms) = postSolution
		{F000AD45-87D7-499A-9901-E9C6A6C272B6}.All|x64.ActiveCfg = Debug|x64
		{F000AD45-87D7-499A-9901-E9C6A6C272B6}.All|x64.Build.0 = Debug|x64
		{F000AD45-87D7-499A-9901-E9C6A6C272B6}.All|x86.ActiveCfg = Debug|Win32
		{F000AD45-87D7-499A-9901-E9C6A6C272B6}.All|x86.Build.0 = Debug|Win32
		{F000AD45-87D7-499A-9901-E9C6A6C272B6}.Debug|x64.ActiveCfg = Debug|x64
		{F000AD45-87D7-499A-9901-E9C6A6C272B6}.Debug|x64.Build.0 = Debug|x64
		{F000AD45-87D7-499A-9901-E9C6A6C272B6}.Debug|x86.ActiveCfg = Debug|Win32
		{F000AD45-87D7-499A-9901-E9C6A6C272B6}.Debug|x86.Build.0 = Debug|Win32
		{F000AD45-87D7-499A-9901-E9C6A6C272B6}.DefaultBuild|x64.ActiveCfg = Release|x64
		{F000AD45-87D7-499A-9901-E9C6A6C272B6}.DefaultBuild|x64.Build.0 = Release|x64
		{F000AD45-87D7-499A-9901-E9C6A6C272B6}.DefaultBuild|x86.ActiveCfg = Release|Win32
		{F000AD45-87D7-499A-9901-E9C6A6C272B6}.DefaultBuild|x86.Build.0 = Release|Win32
		{F000AD45-87D7-499A-9901-E9C6A6C272B6}.Release|x64.ActiveCfg = Release|x64
		{F000AD45-87D7-499A-9901-E9C6A6C272B6}.Release|x64.Build.0 = Release|x64
		{F000AD45-87D7-499A-9901-E9C6A6C272B6}.Release|x86.ActiveCfg = Release|Win32
		{F000AD45-87D7-499A-9901-E9C6A6C272B6}.Release|x86.Build.0 = Release|Win32
		{79A2B0BD-332D-4CFA-ADA9-5BF48B48BCF7}.All|x64.ActiveCfg = Debug|x64
		{79A2B0BD-332D-4CFA-ADA9-5BF48B48BCF7}.All|x64.Build.0 = Debug|x64
		{79A2B0BD-332D-4CFA-ADA9-5BF48B48BCF7}.All|x86.ActiveCfg = Debug|Win32
		{79A2B0BD-332D-4CFA-ADA9-5BF48B48BCF7}.All|x86.Build.0 = Debug|Win32
		{79A2B0BD-332D-4CFA-ADA9-5BF48B48BCF7}.Debug|x64.ActiveCfg = Debug|x64
		{79A2B0BD-332D-4CFA-ADA9-5BF48B48BCF7}.Debug|x64.Build.0 = Debug|x64
		{79A2B0BD-332D-4CFA-ADA9-5BF48B48BCF7}.Debug|x86.ActiveCfg = Debug|Win32
		{79A2B0BD-332D-4CFA-ADA9-5BF48B48BCF7}.Debug|x86.Build.0 = Debug|Win32
		{79A2B0BD-332D-4CFA-ADA9-5BF48B48BCF7}.DefaultBuild|x64.ActiveCfg = Release|x64
		{79A2B0BD-332D-4CFA-ADA9-5BF48B48BCF7}.DefaultBuild|x64.Build.0 = Release|x64
		{79A2B0BD-332D-4CFA-ADA9-5BF48B48BCF7}.DefaultBuild|x86.ActiveCfg = Release|Win32
		{79A2B0BD-332D-4CFA-ADA9-5BF48B48BCF7}.DefaultBuild|x86.Build.0 = Release|Win32
		{79A2B0BD-332D-4CFA-ADA9-5BF48B48BCF7}.Release|x64.ActiveCfg = Release|x64
		{79A2B0BD-332D-4CFA-ADA9-5BF48B48BCF7}.Release|x64.Build.0 = Release|x64
		{79A2B0BD-332D-4CFA-ADA9-5BF48B48BCF7}.Release|x86.ActiveCfg = Release|Win32
		{79A2B0BD-332D-4CFA-ADA9-5BF48B48BCF7}.Release|x86.Build.0 = Release|Win32
		{7C6ABB40-97C1-C3CF-DA7A-752A0C24EB0A}.All|x64.ActiveCfg = Debug|x64
		{7C6ABB40-97C1-C3CF-DA7A-752A0C24EB0A}.All|x64.Build.0 = Debug|x64
		{7C6ABB40-97C1-C3CF-DA7A-752A0C24EB0A}.All|x86.ActiveCfg = Debug|Win32
		{7C6ABB40-97C1-C3CF-DA7A-752A0C24EB0A}.All|x86.Build.0 = Debug|Win32
		{7C6ABB40-97C1-C3CF-DA7A-752A0C24EB0A}.Debug|x64.ActiveCfg = Debug|x64
		{7C6ABB40-97C1-C3CF-DA7A-752A0C24EB0A}.Debug|x64.Build.0 = Debug|x64
		{7C6ABB40-97C1-C3CF-DA7A-752A0C24EB0A}.Debug|x86.ActiveCfg = Debug|Win32
		{7C6ABB40-97C1-C3CF-DA7A-752A0C24EB0A}.Debug|x86.Build.0 = Debug|Win32
		{7C6ABB40-97C1-C3CF-DA7A-752A0C24EB0A}.DefaultBuild|x64.ActiveCfg = Release|x64
		{7C6ABB40-97C1-C3CF-DA7A-752A0C24EB0A}.DefaultBuild|x64.Build.0 = Release|x64
		{7C6ABB40-97C1-C3CF-DA7A-752A0C24EB0A}.DefaultBuild|x86.ActiveCfg = Release|Win32
		{7C6ABB40-97C1-C3CF-DA7A-752A0C24EB0A}.DefaultBuild|x86.Build.0 = Release|Win32
		{7C6ABB40-97C1-C3CF-DA7A-752A0C24EB0A}.Release|x64.ActiveCfg = Release|x64
		{7C6ABB40-97C1-C3CF-DA7A-752A0C24EB0A}.Release|x64.Build.0 = Release|x64
		{7C6ABB40-97C1-C3CF-DA7A-752A0C24EB0A}.Release|x86.ActiveCfg = Release|Win32
		{7C6ABB40-97C1-C3CF-DA7A-752A0C24EB0A}.Release|x86.Build.0 = Release|Win32
		{3B55590C-3E30-413C-B121-C80FBE2D2C77}.All|x64.ActiveCfg = Debug|x64
		{3B55590C-3E30-413C-B121-C80FBE2D2C77}.All|x64.Build.0 = Debug|x64
		{3B55590C-3E30-413C-B121-C80FBE2D2C77}.All|x86.ActiveCfg = Debug|Win32
		{3B55590C-3E30-413C-B121-C80FBE2D2C77}.All|x86.Build.0 = Debug|Win32
		{3B55590C-3E30-413C-B121-C80FBE2D2C77}.Debug|x64.ActiveCfg = Debug|x64
		{3B55590C-3E30-413C-B121-C80FBE2D2C77}.Debug|x64.Build.0 = Debug|x64
		{3B55590C-3E30-413C-B121-C80FBE2D2C77}.Debug|x86.ActiveCfg = Debug|Win32
		{3B55590C-3E30-413C-B121-C80FBE2D2C77}.Debug|x86.Build.0 = Debug|Win32
		{3B55590C-3E30-413C-B121-C80FBE2D2C77}.DefaultBuild|x64.ActiveCfg = Release|x64
		{3B55590C-3E30-413C-B121-C80FBE2D2C77}.DefaultBuild|x64.Build.0 = Release|x64
		{3B55590C-3E30-413C-B121-C80FBE2D2C77}.DefaultBuild|x86.ActiveCfg = Release|Win32
		{3B55590C-3E30-413C-B121-C80FBE2D2C77}.DefaultBuild|x86.Build.0 = Release|Win32
		{3B55590C-3E30-413C-B121-C80FBE2D2C77}.Release|x64.ActiveCfg = Release|x64
		{3B55590C-3E30-413C-B121-C80FBE2D2C77}.Release|x64.Build.0 = Release|x64
		{3B55590C-3E30-413C-B121-C80FBE2D2C77}.Release|x86.ActiveCfg = Release|Win32
		{3B55590C-3E30-413C-B121-C80FBE2D2C77}.Release|x86.Build.0 = Release|Win32
		{14F5D769-BB02-4ABF-A2D1-128749F72458}.All|x64.ActiveCfg = Debug|x64
		{14F5D769-BB02-4ABF-A2D1-128749F72458}.All|x64.Build.0 = Debug|x64
		{14F5D769-BB02-4ABF-A2D1-128749F72458}.All|x86.ActiveCfg = Debug|Win32
		{14F5D769-BB02-4ABF-A2D1-128749F72458}.All|x86.Build.0 = Debug|Win32
		{14F5D769-BB02-4ABF-A2D1-128749F72458}.Debug|x64.ActiveCfg = Debug|x64
		{14F5D769-BB02-4ABF-A2D1-128749F72458}.Debug|x64.Build.0 = Debug|x64
		{14F5D769-BB02-4ABF-A2D1-128749F72458}.Debug|x86.ActiveCfg = Debug|Win32
		{14F5D769-BB02-4ABF-A2D1-128749F72458}.Debug|x86.Build.0 = Debug|Win32
		{14F5D769-BB02-4ABF-A2D1-128749F72458}.DefaultBuild|x64.ActiveCfg = Release|x64
		{14F5D769-BB02-4ABF-A2D1-128749F72458}.DefaultBuild|x64.Build.0 = Release|x64
		{14F5D769-BB02-4ABF-A2D1-128749F72458}.DefaultBuild|x86.ActiveCfg = Release|Win32
		{14F5D769-BB02-4ABF-A2D1-128749F72458}.DefaultBuild|x86.Build.0 = Release|Win32
		{14F5D769-BB02-4ABF-A2D1-128749F72458}.Release|x64.ActiveCfg = Release|x64
		{14F5D769-BB02-4ABF-A2D1-128749F72458}.Release|x64.Build.0 = Release|x64
		{14F5D769-BB02-4ABF-A2D1-128749F72458}.Release|x86.ActiveCfg = Release|Win32
		{14F5D769-BB02-4ABF-A2D1-128749F72458}.Release|x86.Build.0 = Release|Win32
		{9F695958-67A8-42BE-884F-2F9D616E6AB5}.All|x64.ActiveCfg = Debug|x64
		{9F695958-67A8-42BE-884F-2F9D616E6AB5}.All|x64.Build.0 = Debug|x64
		{9F695958-67A8-42BE-884F-2F9D616E6AB5}.All|x86.ActiveCfg = Debug|Win32
		{9F695958-67A8-42BE-884F-2F9D616E6AB5}.All|x86.Build.0 = Debug|Win32
		{9F695958-67A8-42BE-884F-2F9D616E6AB5}.Debug|x64.ActiveCfg = Debug|x64
		{9F695958-67A8-42BE-884F-2F9D616E6AB5}.Debug|x64.Build.0 = Debug|x64
		{9F695958-67A8-42BE-884F-2F9D616E6AB5}.Debug|x86.ActiveCfg = Debug|Win32
		{9F695958-67A8-42BE-884F-2F9D616E6AB5}.Debug|x86.Build.0 = Debug|Win32
		{9F695958-67A8-42BE-884F-2F9D616E6AB5}.DefaultBuild|x64.ActiveCfg = Release|x64
		{9F695958-67A8-42BE-884F-2F9D616E6AB5}.DefaultBuild|x64.Build.0 = Release|x64
		{9F695958-67A8-42BE-884F-2F9D616E6AB5}.DefaultBuild|x86.ActiveCfg = Release|Win32
		{9F695958-67A8-42BE-884F-2F9D616E6AB5}.DefaultBuild|x86.Build.0 = Release|Win32
		{9F695958-67A8-42BE-884F-2F9D616E6AB5}.Release|x64.ActiveCfg = Release|x64
		{9F695958-67A8-42BE-884F-2F9D616E6AB5}.Release|x64.Build.0 = Release|x64
		{9F695958-67A8-42BE-884F-2F9D616E6AB5}.Release|x86.ActiveCfg = Release|Win32
		{9F695958-67A8-42BE-884F-2F9D616E6AB5}.Release|x86.Build.0 = Release|Win32
		{A5FCD8A5-DF48-4484-87B8-E576C97CC850}.All|x64.ActiveCfg = Debug|x64
		{A5FCD8A5-DF48-4484-87B8-E576C97CC850}.All|x64.Build.0 = Debug|x64
		{A5FCD8A5-DF48-4484-87B8-E576C97CC850}.All|x86.ActiveCfg = Debug|Win32
		{A5FCD8A5-DF48-4484-87B8-E576C97CC850}.All|x86.Build.0 = Debug|Win32
		{A5FCD8A5-DF48-4484-87B8-E576C97CC850}.Debug|x64.ActiveCfg = Debug|x64
		{A5FCD8A5-DF48-4484-87B8-E576C97CC850}.Debug|x64.Build.0 = Debug|x64
		{A5FCD8A5-DF48-4484-87B8-E576C97CC850}.Debug|x86.ActiveCfg = Debug|Win32
		{A5FCD8A5-DF48-4484-87B8-E576C97CC850}.Debug|x86.Build.0 = Debug|Win32
		{A5FCD8A5-DF48-4484-87B8-E576C97CC850}.DefaultBuild|x64.ActiveCfg = Release|x64
		{A5FCD8A5-DF48-4484-87B8-E576C97CC850}.DefaultBuild|x64.Build.0 = Release|x64
		{A5FCD8A5-DF48-4484-87B8-E576C97CC850}.DefaultBuild|x86.ActiveCfg = Release|Win32
		{A5FCD8A5-DF48-4484-87B8-E576C97CC850}.DefaultBuild|x86.Build.0 = Release|Win32
		{A5FCD8A5-DF48-4484-87B8-E576C97CC850}.Release|x64.ActiveCfg = Release|x64
		{A5FCD8A5-DF48-4484-87B8-E576C97CC850}.Release|x64.Build.0 = Release|x64
		{A5FCD8A5-DF48-4484-87B8-E576C97CC850}.Release|x86.ActiveCfg = Release|Win32
		{A5FCD8A5-DF48-4484-87B8-E576C97CC850}.Release|x86.Build.0 = Release|Win32
		{40C13CA4-1753-42D9-B5FE-A250C29E7D27}.All|x64.ActiveCfg = Debug|x64
		{40C13CA4-1753-42D9-B5FE-A250C29E7D27}.All|x64.Build.0 = Debug|x64
		{40C13CA4-1753-42D9-B5FE-A250C29E7D27}.All|x86.ActiveCfg = Debug|Win32
		{40C13CA4-1753-42D9-B5FE-A250C29E7D27}.All|x86.Build.0 = Debug|Win32
		{40C13CA4-1753-42D9-B5FE-A250C29E7D27}.Debug|x64.ActiveCfg = Debug|x64
		{40C13CA4-1753-42D9-B5FE-A250C29E7D27}.Debug|x64.Build.0 = Debug|x64
		{40C13CA4-1753-42D9-B5FE-A250C29E7D27}.Debug|x86.ActiveCfg = Debug|Win32
		{40C13CA4-1753-42D9-B5FE-A250C29E7D27}.Debug|x86.Build.0 = Debug|Win32
		{40C13CA4-1753-42D9-B5FE-A250C29E7D27}.DefaultBuild|x64.ActiveCfg = Release|x64
		{40C13CA4-1753-42D9-B5FE-A250C29E7D27}.DefaultBuild|x64.Build.0 = Release|x64
		{40C13CA4-1753-42D9-B5FE-A250C29E7D27}.DefaultBuild|x86.ActiveCfg = Release|Win32
		{40C13CA4-1753-42D9-B5FE-A250C29E7D27}.DefaultBuild|x86.Build.0 = Release|Win32
		{40C13CA4-1753-42D9-B5FE-A250C29E7D27}.Release|x64.ActiveCfg = Release|x64
		{40C13CA4-1753-42D9-B5FE-A250C29E7D27}.Release|x64.Build.0 = Release|x64
		{40C13CA4-1753-42D9-B5FE-A250C29E7D27}.Release|x86.ActiveCfg = Release|Win32
		{40C13CA4-1753-42D9-B5FE-A250C29E7D27}.Release|x86.Build.0 = Release|Win32
		{07C330D8-C0C2-42B5-A94E-AE87DAB6420D}.All|x64.ActiveCfg = Debug|x64
		{07C330D8-C0C2-42B5-A94E-AE87DAB6420D}.All|x64.Build.0 = Debug|x64
		{07C330D8-C0C2-42B5-A94E-AE87DAB6420D}.All|x86.ActiveCfg = Debug|Win32
		{07C330D8-C0C2-42B5-A94E-AE87DAB6420D}.All|x86.Build.0 = Debug|Win32
		{07C330D8-C0C2-42B5-A94E-AE87DAB6420D}.Debug|x64.ActiveCfg = Debug|x64
		{07C330D8-C0C2-42B5-A94E-AE87DAB6420D}.Debug|x64.Build.0 = Debug|x64
		{07C330D8-C0C2-42B5-A94E-AE87DAB6420D}.Debug|x86.ActiveCfg = Debug|Win32
		{07C330D8-C0C2-42B5-A94E-AE87DAB6420D}.Debug|x86.Build.0 = Debug|Win32
		{07C330D8-C0C2-42B5-A94E-AE87DAB6420D}.DefaultBuild|x64.ActiveCfg = Release|x64
		{07C330D8-C0C2-42B5-A94E-AE87DAB6420D}.DefaultBuild|x64.Build.0 = Release|x64
		{07C330D8-C0C2-42B5-A94E-AE87DAB6420D}.DefaultBuild|x86.ActiveCfg = Release|Win32
		{07C330D8-C0C2-42B5-A94E-AE87DAB6420D}.DefaultBuild|x86.Build.0 = Release|Win32
		{07C330D8-C0C2-42B5-A94E-AE87DAB6420D}.Release|x64.ActiveCfg = Release|x64
		{07C330D8-C0C2-42B5-A94E-AE87DAB6420D}.Release|x64.Build.0 = Release|x64
		{07C330D8-C0C2-42B5-A94E-AE87DAB6420D}.Release|x86.ActiveCfg = Release|Win32
		{07C330D8-C0C2-42B5-A94E-AE87DAB6420D}.Release|x86.Build.0 = Release|Win32
		{633EB358-5B2B-405A-8000-48622145A995}.All|x64.ActiveCfg = Debug|x64
		{633EB358-5B2B-405A-8000-48622145A995}.All|x64.Build.0 = Debug|x64
		{633EB358-5B2B-405A-8000-48622145A995}.All|x86.ActiveCfg = Debug|Win32
		{633EB358-5B2B-405A-8000-48622145A995}.All|x86.Build.0 = Debug|Win32
		{633EB358-5B2B-405A-8000-48622145A995}.Debug|x64.ActiveCfg = Debug|x64
		{633EB358-5B2B-405A-8000-48622145A995}.Debug|x64.Build.0 = Debug|x64
		{633EB358-5B2B-405A-8000-48622145A995}.Debug|x86.ActiveCfg = Debug|Win32
		{633EB358-5B2B-405A-8000-48622145A995}.Debug|x86.Build.0 = Debug|Win32
		{633EB358-5B2B-405A-8000-48622145A995}.DefaultBuild|x64.ActiveCfg = Release|x64
		{633EB358-5B2B-405A-8000-48622145A995}.DefaultBuild|x64.Build.0 = Release|x64
		{633EB358-5B2B-405A-8000-48622145A995}.DefaultBuild|x86.ActiveCfg = Release|Win32
		{633EB358-5B2B-405A-8000-48622145A995}.DefaultBuild|x86.Build.0 = Release|Win32
		{633EB358-5B2B-405A-8000-48622145A995}.Release|x64.ActiveCfg = Release|x64
		{633EB358-5B2B-405A-8000-48622145A995}.Release|x64.Build.0 = Release|x64
		{633EB358-5B2B-405A-8000-48622145A995}.Release|x86.ActiveCfg = Release|Win32
		{633EB358-5B2B-405A-8000-48622145A995}.Release|x86.Build.0 = Release|Win32
		{FD8EEAF5-D96A-4978-9CB3-D573A9C0D4B1}.All|x64.ActiveCfg = Debug|x64
		{FD8EEAF5-D96A-4978-9CB3-D573A9C0D4B1}.All|x64.Build.0 = Debug|x64
		{FD8EEAF5-D96A-4978-9CB3-D573A9C0D4B1}.All|x86.ActiveCfg = Debug|Win32
		{FD8EEAF5-D96A-4978-9CB3-D573A9C0D4B1}.All|x86.Build.0 = Debug|Win32
		{FD8EEAF5-D96A-4978-9CB3-D573A9C0D4B1}.Debug|x64.ActiveCfg = Debug|x64
		{FD8EEAF5-D96A-4978-9CB3-D573A9C0D4B1}.Debug|x64.Build.0 = Debug|x64
		{FD8EEAF5-D96A-4978-9CB3-D573A9C0D4B1}.Debug|x86.ActiveCfg = Debug|Win32
		{FD8EEAF5-D96A-4978-9CB3-D573A9C0D4B1}.Debug|x86.Build.0 = Debug|Win32
		{FD8EEAF5-D96A-4978-9CB3-D573A9C0D4B1}.DefaultBuild|x64.ActiveCfg = Release|x64
		{FD8EEAF5-D96A-4978-9CB3-D573A9C0D4B1}.DefaultBuild|x64.Build.0 = Release|x64
		{FD8EEAF5-D96A-4978-9CB3-D573A9C0D4B1}.DefaultBuild|x86.ActiveCfg = Release|Win32
		{FD8EEAF5-D96A-4978-9CB3-D573A9C0D4B1}.DefaultBuild|x86.Build.0 = Release|Win32
		{FD8EEAF5-D96A-4978-9CB3-D573A9C0D4B1}.Release|x64.ActiveCfg = Release|x64
		{FD8EEAF5-D96A-4978-9CB3-D573A9C0D4B1}.Release|x64.Build.0 = Release|x64
		{FD8EEAF5-D96A-4978-9CB3-D573A9C0D4B1}.Release|x86.ActiveCfg = Release|Win32
		{FD8EEAF5-D96A-4978-9CB3-D573A9C0D4B1}.Release|x86.Build.0 = Release|Win32
		{76C572B3-357E-4761-86A8-E1A895107BAF}.All|x64.ActiveCfg = Debug|x64
		{76C572B3-357E-4761-86A8-E1A895107BAF}.All|x64.Build.0 = Debug|x64
		{76C572B3-357E-4761-86A8-E1A895107BAF}.All|x86.ActiveCfg = Debug|Win32
		{76C572B3-357E-4761-86A8-E1A895107BAF}.All|x86.Build.0 = Debug|Win32
		{76C572B3-357E-4761-86A8-E1A895107BAF}.Debug|x64.ActiveCfg = Debug|x64
		{76C572B3-357E-4761-86A8-E1A895107BAF}.Debug|x64.Build.0 = Debug|x64
		{76C572B3-357E-4761-86A8-E1A895107BAF}.Debug|x86.ActiveCfg = Debug|Win32
		{76C572B3-357E-4761-86A8-E1A895107BAF}.Debug|x86.Build.0 = Debug|Win32
		{76C572B3-357E-4761-86A8-E1A895107BAF}.DefaultBuild|x64.ActiveCfg = Release|x64
		{76C572B3-357E-4761-86A8-E1A895107BAF}.DefaultBuild|x64.Build.0 = Release|x64
		{76C572B3-357E-4761-86A8-E1A895107BAF}.DefaultBuild|x86.ActiveCfg = Release|Win32
		{76C572B3-357E-4761-86A8-E1A895107BAF}.DefaultBuild|x86.Build.0 = Release|Win32
		{76C572B3-357E-4761-86A8-E1A895107BAF}.Release|x64.ActiveCfg = Release|x64
		{76C572B3-357E-4761-86A8-E1A895107BAF}.Release|x64.Build.0 = Release|x64
		{76C572B3-357E-4761-86A8-E1A895107BAF}.Release|x86.ActiveCfg = Release|Win32
		{76C572B3-357E-4761-86A8-E1A895107BAF}.Release|x86.Build.0 = Release|Win32
		{0A693A41-EDFD-4A59-A88C-2B8B9F5A0521}.All|x64.ActiveCfg = Debug|x64
		{0A693A41-EDFD-4A59-A88C-2B8B9F5A0521}.All|x64.Build.0 = Debug|x64
		{0A693A41-EDFD-4A59-A88C-2B8B9F5A0521}.All|x86.ActiveCfg = Debug|Win32
		{0A693A41-EDFD-4A59-A88C-2B8B9F5A0521}.All|x86.Build.0 = Debug|Win32
		{0A693A41-EDFD-4A59-A88C-2B8B9F5A0521}.Debug|x64.ActiveCfg = Debug|x64
		{0A693A41-EDFD-4A59-A88C-2B8B9F5A0521}.Debug|x64.Build.0 = Debug|x64
		{0A693A41-EDFD-4A59-A88C-2B8B9F5A0521}.Debug|x86.ActiveCfg = Debug|Win32
		{0A693A41-EDFD-4A59-A88C-2B8B9F5A0521}.Debug|x86.Build.0 = Debug|Win32
		{0A693A41-EDFD-4A59-A88C-2B8B9F5A0521}.DefaultBuild|x64.ActiveCfg = Release|x64
		{0A693A41-EDFD-4A59-A88C-2B8B9F5A0521}.DefaultBuild|x64.Build.0 = Release|x64
		{0A693A41-EDFD-4A59-A88C-2B8B9F5A0521}.DefaultBuild|x86.ActiveCfg = Release|Win32
		{0A693A41-EDFD-4A59-A88C-2B8B9F5A0521}.DefaultBuild|x86.Build.0 = Release|Win32
		{0A693A41-EDFD-4A59-A88C-2B8B9F5A0521}.Release|x64.ActiveCfg = Release|x64
		{0A693A41-EDFD-4A59-A88C-2B8B9F5A0521}.Release|x64.Build.0 = Release|x64
		{0A693A41-EDFD-4A59-A88C-2B8B9F5A0521}.Release|x86.ActiveCfg = Release|Win32
		{0A693A41-EDFD-4A59-A88C-2B8B9F5A0521}.Release|x86.Build.0 = Release|Win32
		{A046F8B3-3CED-451B-AB5A-F81C2869DDA9}.All|x64.ActiveCfg = Debug|x64
		{A046F8B3-3CED-451B-AB5A-F81C2869DDA9}.All|x64.Build.0 = Debug|x64
		{A046F8B3-3CED-451B-AB5A-F81C2869DDA9}.All|x86.ActiveCfg = Debug|Win32
		{A046F8B3-3CED-451B-AB5A-F81C2869DDA9}.All|x86.Build.0 = Debug|Win32
		{A046F8B3-3CED-451B-AB5A-F81C2869DDA9}.Debug|x64.ActiveCfg = Debug|x64
		{A046F8B3-3CED-451B-AB5A-F81C2869DDA9}.Debug|x64.Build.0 = Debug|x64
		{A046F8B3-3CED-451B-AB5A-F81C2869DDA9}.Debug|x86.ActiveCfg = Debug|Win32
		{A046F8B3-3CED-451B-AB5A-F81C2869DDA9}.Debug|x86.Build.0 = Debug|Win32
		{A046F8B3-3CED-451B-AB5A-F81C2869DDA9}.DefaultBuild|x64.ActiveCfg = Release|x64
		{A046F8B3-3CED-451B-AB5A-F81C2869DDA9}.DefaultBuild|x64.Build.0 = Release|x64
		{A046F8B3-3CED-451B-AB5A-F81C2869DDA9}.DefaultBuild|x86.ActiveCfg = Release|Win32
		{A046F8B3-3CED-451B-AB5A-F81C2869DDA9}.DefaultBuild|x86.Build.0 = Release|Win32
		{A046F8B3-3CED-451B-AB5A-F81C2869DDA9}.Release|x64.ActiveCfg = Release|x64
		{A046F8B3-3CED-451B-AB5A-F81C2869DDA9}.Release|x64.Build.0 = Release|x64
		{A046F8B3-3CED-451B-AB5A-F81C2869DDA9}.Release|x86.ActiveCfg = Release|Win32
		{A046F8B3-3CED-451B-AB5A-F81C2869DDA9}.Release|x86.Build.0 = Release|Win32
		{36412E4A-5780-46B9-BF4B-0D79B4A7DE96}.All|x64.ActiveCfg = Debug|x64
		{36412E4A-5780-46B9-BF4B-0D79B4A7DE96}.All|x64.Build.0 = Debug|x64
		{36412E4A-5780-46B9-BF4B-0D79B4A7DE96}.All|x86.ActiveCfg = Debug|Win32
		{36412E4A-5780-46B9-BF4B-0D79B4A7DE96}.All|x86.Build.0 = Debug|Win32
		{36412E4A-5780-46B9-BF4B-0D79B4A7DE96}.Debug|x64.ActiveCfg = Debug|x64
		{36412E4A-5780-46B9-BF4B-0D79B4A7DE96}.Debug|x64.Build.0 = Debug|x64
		{36412E4A-5780-46B9-BF4B-0D79B4A7DE96}.Debug|x86.ActiveCfg = Debug|Win32
		{36412E4A-5780-46B9-BF4B-0D79B4A7DE96}.Debug|x86.Build.0 = Debug|Win32
		{36412E4A-5780-46B9-BF4B-0D79B4A7DE96}.DefaultBuild|x64.ActiveCfg = Release|x64
		{36412E4A-5780-46B9-BF4B-0D79B4A7DE96}.DefaultBuild|x64.Build.0 = Release|x64
		{36412E4A-5780-46B9-BF4B-0D79B4A7DE96}.DefaultBuild|x86.ActiveCfg = Release|Win32
		{36412E4A-5780-46B9-BF4B-0D79B4A7DE96}.DefaultBuild|x86.Build.0 = Release|Win32
		{36412E4A-5780-46B9-BF4B-0D79B4A7DE96}.Release|x64.ActiveCfg = Release|x64
		{36412E4A-5780-46B9-BF4B-0D79B4A7DE96}.Release|x64.Build.0 = Release|x64
		{36412E4A-5780-46B9-BF4B-0D79B4A7DE96}.Release|x86.ActiveCfg = Release|Win32
		{36412E4A-5780-46B9-BF4B-0D79B4A7DE96}.Release|x86.Build.0 = Release|Win32
		{C374C07B-A81C-C207-3978-2BE37AC8CAAA}.All|x64.ActiveCfg = Debug|x64
		{C374C07B-A81C-C207-3978-2BE37AC8CAAA}.All|x64.Build.0 = Debug|x64
		{C374C07B-A81C-C207-3978-2BE37AC8CAAA}.All|x86.ActiveCfg = Debug|Win32
		{C374C07B-A81C-C207-3978-2BE37AC8CAAA}.All|x86.Build.0 = Debug|Win32
		{C374C07B-A81C-C207-3978-2BE37AC8CAAA}.Debug|x64.ActiveCfg = Debug|x64
		{C374C07B-A81C-C207-3978-2BE37AC8CAAA}.Debug|x64.Build.0 = Debug|x64
		{C374C07B-A81C-C207-3978-2BE37AC8CAAA}.Debug|x86.ActiveCfg = Debug|Win32
		{C374C07B-A81C-C207-3978-2BE37AC8CAAA}.Debug|x86.Build.0 = Debug|Win32
		{C374C07B-A81C-C207-3978-2BE37AC8CAAA}.DefaultBuild|x64.ActiveCfg = Release|x64
		{C374C07B-A81C-C207-3978-2BE37AC8CAAA}.DefaultBuild|x64.Build.0 = Release|x64
		{C374C07B-A81C-C207-3978-2BE37AC8CAAA}.DefaultBuild|x86.ActiveCfg = Release|Win32
		{C374C07B-A81C-C207-3978-2BE37AC8CAAA}.DefaultBuild|x86.Build.0 = Release|Win32
		{C374C07B-A81C-C207-3978-2BE37AC8CAAA}.Release|x64.ActiveCfg = Release|x64
		{C374C07B-A81C-C207-3978-2BE37AC8CAAA}.Release|x64.Build.0 = Release|x64
		{C374C07B-A81C-C207-3978-2BE37AC8CAAA}.Release|x86.ActiveCfg = Release|Win32
		{C374C07B-A81C-C207-3978-2BE37AC8CAAA}.Release|x86.Build.0 = Release|Win32
		{78DD3629-68EE-498B-A8C0-B414F51BB2C9}.All|x64.ActiveCfg = Debug|x64
		{78DD3629-68EE-498B-A8C0-B414F51BB2C9}.All|x64.Build.0 = Debug|x64
		{78DD3629-68EE-498B-A8C0-B414F51BB2C9}.All|x86.ActiveCfg = Debug|Win32
		{78DD3629-68EE-498B-A8C0-B414F51BB2C9}.All|x86.Build.0 = Debug|Win32
		{78DD3629-68EE-498B-A8C0-B414F51BB2C9}.Debug|x64.ActiveCfg = Debug|x64
		{78DD3629-68EE-498B-A8C0-B414F51BB2C9}.Debug|x64.Build.0 = Debug|x64
		{78DD3629-68EE-498B-A8C0-B414F51BB2C9}.Debug|x86.ActiveCfg = Debug|Win32
		{78DD3629-68EE-498B-A8C0-B414F51BB2C9}.Debug|x86.Build.0 = Debug|Win32
		{78DD3629-68EE-498B-A8C0-B414F51BB2C9}.DefaultBuild|x64.ActiveCfg = Release|x64
		{78DD3629-68EE-498B-A8C0-B414F51BB2C9}.DefaultBuild|x64.Build.0 = Release|x64
		{78DD3629-68EE-498B-A8C0-B414F51BB2C9}.DefaultBuild|x86.ActiveCfg = Release|Win32
		{78DD3629-68EE-498B-A8C0-B414F51BB2C9}.DefaultBuild|x86.Build.0 = Release|Win32
		{78DD3629-68EE-498B-A8C0-B414F51BB2C9}.Release|x64.ActiveCfg = Release|x64
		{78DD3629-68EE-498B-A8C0-B414F51BB2C9}.Release|x64.Build.0 = Release|x64
		{78DD3629-68EE-498B-A8C0-B414F51BB2C9}.Release|x86.ActiveCfg = Release|Win32
		{78DD3629-68EE-498B-A8C0-B414F51BB2C9}.Release|x86.Build.0 = Release|Win32
		{0CB0F88C-6348-47CD-A16A-DA5B30EF259A}.All|x64.ActiveCfg = Debug|x64
		{0CB0F88C-6348-47CD-A16A-DA5B30EF259A}.All|x64.Build.0 = Debug|x64
		{0CB0F88C-6348-47CD-A16A-DA5B30EF259A}.All|x86.ActiveCfg = Debug|Win32
		{0CB0F88C-6348-47CD-A16A-DA5B30EF259A}.All|x86.Build.0 = Debug|Win32
		{0CB0F88C-6348-47CD-A16A-DA5B30EF259A}.Debug|x64.ActiveCfg = Debug|x64
		{0CB0F88C-6348-47CD-A16A-DA5B30EF259A}.Debug|x64.Build.0 = Debug|x64
		{0CB0F88C-6348-47CD-A16A-DA5B30EF259A}.Debug|x86.ActiveCfg = Debug|Win32
		{0CB0F88C-6348-47CD-A16A-DA5B30EF259A}.Debug|x86.Build.0 = Debug|Win32
		{0CB0F88C-6348-47CD-A16A-DA5B30EF259A}.DefaultBuild|x64.ActiveCfg = Release|x64
		{0CB0F88C-6348-47CD-A16A-DA5B30EF259A}.DefaultBuild|x64.Build.0 = Release|x64
		{0CB0F88C-6348-47CD-A16A-DA5B30EF259A}.DefaultBuild|x86.ActiveCfg = Release|Win32
		{0CB0F88C-6348-47CD-A16A-DA5B30EF259A}.DefaultBuild|x86.Build.0 = Release|Win32
		{0CB0F88C-6348-47CD-A16A-DA5B30EF259A}.Release|x64.ActiveCfg = Release|x64
		{0CB0F88C-6348-47CD-A16A-DA5B30EF259A}.Release|x64.Build.0 = Release|x64
		{0CB0F88C-6348-47CD-A16A-DA5B30EF259A}.Release|x86.ActiveCfg = Release|Win32
		{0CB0F88C-6348-47CD-A16A-DA5B30EF259A}.Release|x86.Build.0 = Release|Win32
		{1054801F-1A40-4A7C-A7D1-303D2A64B79C}.All|x64.ActiveCfg = Debug|x64
		{1054801F-1A40-4A7C-A7D1-303D2A64B79C}.All|x64.Build.0 = Debug|x64
		{1054801F-1A40-4A7C-A7D1-303D2A64B79C}.All|x86.ActiveCfg = Debug|Win32
		{1054801F-1A40-4A7C-A7D1-303D2A64B79C}.All|x86.Build.0 = Debug|Win32
		{1054801F-1A40-4A7C-A7D1-303D2A64B79C}.Debug|x64.ActiveCfg = Debug|x64
		{1054801F-1A40-4A7C-A7D1-303D2A64B79C}.Debug|x64.Build.0 = Debug|x64
		{1054801F-1A40-4A7C-A7D1-303D2A64B79C}.Debug|x86.ActiveCfg = Debug|Win32
		{1054801F-1A40-4A7C-A7D1-303D2A64B79C}.Debug|x86.Build.0 = Debug|Win32
		{1054801F-1A40-4A7C-A7D1-303D2A64B79C}.DefaultBuild|x64.ActiveCfg = Release|x64
		{1054801F-1A40-4A7C-A7D1-303D2A64B79C}.DefaultBuild|x64.Build.0 = Release|x64
		{1054801F-1A40-4A7C-A7D1-303D2A64B79C}.DefaultBuild|x86.ActiveCfg = Release|Win32
		{1054801F-1A40-4A7C-A7D1-303D2A64B79C}.DefaultBuild|x86.Build.0 = Release|Win32
		{1054801F-1A40-4A7C-A7D1-303D2A64B79C}.Release|x64.ActiveCfg = Release|x64
		{1054801F-1A40-4A7C-A7D1-303D2A64B79C}.Release|x64.Build.0 = Release|x64
		{1054801F-1A40-4A7C-A7D1-303D2A64B79C}.Release|x86.ActiveCfg = Release|Win32
		{1054801F-1A40-4A7C-A7D1-303D2A64B79C}.Release|x86.Build.0 = Release|Win32
	EndGlobalSection
	GlobalSection(SolutionProperties) = preSolution
		HideSolutionNode = FALSE
	EndGlobalSection
	GlobalSection(NestedProjects) = preSolution
		{F000AD45-87D7-499A-9901-E9C6A6C272B6} = {8E079609-87D1-4FA1-A42D-E8B74F1F394E}
		{79A2B0BD-332D-4CFA-ADA9-5BF48B48BCF7} = {3445479B-AD78-43AF-A730-869D32A248D0}
		{3B55590C-3E30-413C-B121-C80FBE2D2C77} = {8E079609-87D1-4FA1-A42D-E8B74F1F394E}
		{14F5D769-BB02-4ABF-A2D1-128749F72458} = {3445479B-AD78-43AF-A730-869D32A248D0}
		{9F695958-67A8-42BE-884F-2F9D616E6AB5} = {8E079609-87D1-4FA1-A42D-E8B74F1F394E}
		{40C13CA4-1753-42D9-B5FE-A250C29E7D27} = {6B8FF04E-0DDE-40EC-AE3D-67E18E00BF6C}
		{07C330D8-C0C2-42B5-A94E-AE87DAB6420D} = {6B8FF04E-0DDE-40EC-AE3D-67E18E00BF6C}
		{633EB358-5B2B-405A-8000-48622145A995} = {6554A7A6-7CE6-4777-8AD1-587388D3362C}
		{FD8EEAF5-D96A-4978-9CB3-D573A9C0D4B1} = {6554A7A6-7CE6-4777-8AD1-587388D3362C}
		{76C572B3-357E-4761-86A8-E1A895107BAF} = {52D62F0E-6982-43BE-AEA3-9E06B366179C}
		{0A693A41-EDFD-4A59-A88C-2B8B9F5A0521} = {01B409E7-D23D-42AC-8F2C-C3FD6E38CEF0}
		{A046F8B3-3CED-451B-AB5A-F81C2869DDA9} = {6B8FF04E-0DDE-40EC-AE3D-67E18E00BF6C}
		{36412E4A-5780-46B9-BF4B-0D79B4A7DE96} = {6B8FF04E-0DDE-40EC-AE3D-67E18E00BF6C}
		{C374C07B-A81C-C207-3978-2BE37AC8CAAA} = {6B8FF04E-0DDE-40EC-AE3D-67E18E00BF6C}
		{78DD3629-68EE-498B-A8C0-B414F51BB2C9} = {6B8FF04E-0DDE-40EC-AE3D-67E18E00BF6C}
		{0CB0F88C-6348-47CD-A16A-DA5B30EF259A} = {6B8FF04E-0DDE-40EC-AE3D-67E18E00BF6C}
		{1054801F-1A40-4A7C-A7D1-303D2A64B79C} = {01B409E7-D23D-42AC-8F2C-C3FD6E38CEF0}
	EndGlobalSection
	GlobalSection(ExtensibilityGlobals) = postSolution
		SolutionGuid = {304C8F5A-4C05-4010-AC40-3A23AB443601}
	EndGlobalSection
EndGlobal
