
Microsoft Visual Studio Solution File, Format Version 12.00
# Visual Studio Version 17
VisualStudioVersion = 17.14.36121.58
MinimumVisualStudioVersion = 10.0.40219.1
Project("{8BC9CEB8-8B4A-11D0-8D11-00A0C91BC942}") = "Compiler", "Compiler\Compler.vcxproj", "{F000AD45-87D7-499A-9901-E9C6A6C272B6}"
EndProject
Project("{8BC9CEB8-8B4A-11D0-8D11-00A0C91BC942}") = "PEDump", "PEDump\PEDump.vcxproj", "{79A2B0BD-332D-4CFA-ADA9-5BF48B48BCF7}"
EndProject
Project("{8BC9CEB8-8B4A-11D0-8D11-00A0C91BC942}") = "Linker", "Linker\Linker.vcxproj", "{87C000DD-A17A-4CBC-9526-1E28A86816EC}"
EndProject
Project("{8BC9CEB8-8B4A-11D0-8D11-00A0C91BC942}") = "IDE", "IDE\IDE.vcxproj", "{7C6ABB40-97C1-C3CF-DA7A-752A0C24EB0A}"
EndProject
Project("{8BC9CEB8-8B4A-11D0-8D11-00A0C91BC942}") = "PreProcessor", "PreProcessor\PreProcessor.vcxproj", "{3B55590C-3E30-413C-B121-C80FBE2D2C77}"
EndProject
Project("{8BC9CEB8-8B4A-11D0-8D11-00A0C91BC942}") = "BinaryFormats", "BinaryFormats\BinaryFormat.vcxproj", "{14F5D769-BB02-4ABF-A2D1-128749F72458}"
EndProject
Project("{8BC9CEB8-8B4A-11D0-8D11-00A0C91BC942}") = "Arguments", "Arguments\Arguments.vcxproj", "{9F695958-67A8-42BE-884F-2F9D616E6AB5}"
EndProject
Project("{8BC9CEB8-8B4A-11D0-8D11-00A0C91BC942}") = "Assembler", "Assembler\Assembler.vcxproj", "{2A06C047-5BFB-4898-93F4-C6EACE140D20}"
EndProject
Project("{8BC9CEB8-8B4A-11D0-8D11-00A0C91BC942}") = "AsmLib", "AsmLib\AsmLib.vcxproj", "{9557BAB3-6646-4BB9-B23F-DAA0BCD71C8D}"
EndProject
Global
	GlobalSection(SolutionConfigurationPlatforms) = preSolution
		All|x64 = All|x64
		All|x86 = All|x86
		Debug|x64 = Debug|x64
		Debug|x86 = Debug|x86
		Release|x64 = Release|x64
		Release|x86 = Release|x86
	EndGlobalSection
	GlobalSection(ProjectConfigurationPlatforms) = postSolution
		{F000AD45-87D7-499A-9901-E9C6A6C272B6}.All|x64.ActiveCfg = Debug|x64
		{F000AD45-87D7-499A-9901-E9C6A6C272B6}.All|x64.Build.0 = Debug|x64
		{F000AD45-87D7-499A-9901-E9C6A6C272B6}.All|x86.ActiveCfg = Debug|Win32
		{F000AD45-87D7-499A-9901-E9C6A6C272B6}.All|x86.Build.0 = Debug|Win32
		{F000AD45-87D7-499A-9901-E9C6A6C272B6}.Debug|x64.ActiveCfg = Debug|x64
		{F000AD45-87D7-499A-9901-E9C6A6C272B6}.Debug|x64.Build.0 = Debug|x64
		{F000AD45-87D7-499A-9901-E9C6A6C272B6}.Debug|x86.ActiveCfg = Debug|Win32
		{F000AD45-87D7-499A-9901-E9C6A6C272B6}.Debug|x86.Build.0 = Debug|Win32
		{F000AD45-87D7-499A-9901-E9C6A6C272B6}.Release|x64.ActiveCfg = Release|x64
		{F000AD45-87D7-499A-9901-E9C6A6C272B6}.Release|x64.Build.0 = Release|x64
		{F000AD45-87D7-499A-9901-E9C6A6C272B6}.Release|x86.ActiveCfg = Release|Win32
		{F000AD45-87D7-499A-9901-E9C6A6C272B6}.Release|x86.Build.0 = Release|Win32
		{79A2B0BD-332D-4CFA-ADA9-5BF48B48BCF7}.All|x64.ActiveCfg = Debug|x64
		{79A2B0BD-332D-4CFA-ADA9-5BF48B48BCF7}.All|x64.Build.0 = Debug|x64
		{79A2B0BD-332D-4CFA-ADA9-5BF48B48BCF7}.All|x86.ActiveCfg = Debug|Win32
		{79A2B0BD-332D-4CFA-ADA9-5BF48B48BCF7}.All|x86.Build.0 = Debug|Win32
		{79A2B0BD-332D-4CFA-ADA9-5BF48B48BCF7}.Debug|x64.ActiveCfg = Debug|x64
		{79A2B0BD-332D-4CFA-ADA9-5BF48B48BCF7}.Debug|x64.Build.0 = Debug|x64
		{79A2B0BD-332D-4CFA-ADA9-5BF48B48BCF7}.Debug|x86.ActiveCfg = Debug|Win32
		{79A2B0BD-332D-4CFA-ADA9-5BF48B48BCF7}.Debug|x86.Build.0 = Debug|Win32
		{79A2B0BD-332D-4CFA-ADA9-5BF48B48BCF7}.Release|x64.ActiveCfg = Release|x64
		{79A2B0BD-332D-4CFA-ADA9-5BF48B48BCF7}.Release|x64.Build.0 = Release|x64
		{79A2B0BD-332D-4CFA-ADA9-5BF48B48BCF7}.Release|x86.ActiveCfg = Release|Win32
		{79A2B0BD-332D-4CFA-ADA9-5BF48B48BCF7}.Release|x86.Build.0 = Release|Win32
		{87C000DD-A17A-4CBC-9526-1E28A86816EC}.All|x64.ActiveCfg = Debug|x64
		{87C000DD-A17A-4CBC-9526-1E28A86816EC}.All|x64.Build.0 = Debug|x64
		{87C000DD-A17A-4CBC-9526-1E28A86816EC}.All|x86.ActiveCfg = Debug|Win32
		{87C000DD-A17A-4CBC-9526-1E28A86816EC}.All|x86.Build.0 = Debug|Win32
		{87C000DD-A17A-4CBC-9526-1E28A86816EC}.Debug|x64.ActiveCfg = Debug|x64
		{87C000DD-A17A-4CBC-9526-1E28A86816EC}.Debug|x64.Build.0 = Debug|x64
		{87C000DD-A17A-4CBC-9526-1E28A86816EC}.Debug|x86.ActiveCfg = Debug|Win32
		{87C000DD-A17A-4CBC-9526-1E28A86816EC}.Debug|x86.Build.0 = Debug|Win32
		{87C000DD-A17A-4CBC-9526-1E28A86816EC}.Release|x64.ActiveCfg = Release|x64
		{87C000DD-A17A-4CBC-9526-1E28A86816EC}.Release|x64.Build.0 = Release|x64
		{87C000DD-A17A-4CBC-9526-1E28A86816EC}.Release|x86.ActiveCfg = Release|Win32
		{87C000DD-A17A-4CBC-9526-1E28A86816EC}.Release|x86.Build.0 = Release|Win32
		{7C6ABB40-97C1-C3CF-DA7A-752A0C24EB0A}.All|x64.ActiveCfg = Debug|x64
		{7C6ABB40-97C1-C3CF-DA7A-752A0C24EB0A}.All|x64.Build.0 = Debug|x64
		{7C6ABB40-97C1-C3CF-DA7A-752A0C24EB0A}.All|x86.ActiveCfg = Debug|Win32
		{7C6ABB40-97C1-C3CF-DA7A-752A0C24EB0A}.All|x86.Build.0 = Debug|Win32
		{7C6ABB40-97C1-C3CF-DA7A-752A0C24EB0A}.Debug|x64.ActiveCfg = Debug|x64
		{7C6ABB40-97C1-C3CF-DA7A-752A0C24EB0A}.Debug|x64.Build.0 = Debug|x64
		{7C6ABB40-97C1-C3CF-DA7A-752A0C24EB0A}.Debug|x86.ActiveCfg = Debug|Win32
		{7C6ABB40-97C1-C3CF-DA7A-752A0C24EB0A}.Debug|x86.Build.0 = Debug|Win32
		{7C6ABB40-97C1-C3CF-DA7A-752A0C24EB0A}.Release|x64.ActiveCfg = Release|x64
		{7C6ABB40-97C1-C3CF-DA7A-752A0C24EB0A}.Release|x64.Build.0 = Release|x64
		{7C6ABB40-97C1-C3CF-DA7A-752A0C24EB0A}.Release|x86.ActiveCfg = Release|Win32
		{7C6ABB40-97C1-C3CF-DA7A-752A0C24EB0A}.Release|x86.Build.0 = Release|Win32
		{3B55590C-3E30-413C-B121-C80FBE2D2C77}.All|x64.ActiveCfg = Debug|x64
		{3B55590C-3E30-413C-B121-C80FBE2D2C77}.All|x64.Build.0 = Debug|x64
		{3B55590C-3E30-413C-B121-C80FBE2D2C77}.All|x86.ActiveCfg = Debug|Win32
		{3B55590C-3E30-413C-B121-C80FBE2D2C77}.All|x86.Build.0 = Debug|Win32
		{3B55590C-3E30-413C-B121-C80FBE2D2C77}.Debug|x64.ActiveCfg = Debug|x64
		{3B55590C-3E30-413C-B121-C80FBE2D2C77}.Debug|x64.Build.0 = Debug|x64
		{3B55590C-3E30-413C-B121-C80FBE2D2C77}.Debug|x86.ActiveCfg = Debug|Win32
		{3B55590C-3E30-413C-B121-C80FBE2D2C77}.Debug|x86.Build.0 = Debug|Win32
		{3B55590C-3E30-413C-B121-C80FBE2D2C77}.Release|x64.ActiveCfg = Release|x64
		{3B55590C-3E30-413C-B121-C80FBE2D2C77}.Release|x64.Build.0 = Release|x64
		{3B55590C-3E30-413C-B121-C80FBE2D2C77}.Release|x86.ActiveCfg = Release|Win32
		{3B55590C-3E30-413C-B121-C80FBE2D2C77}.Release|x86.Build.0 = Release|Win32
		{14F5D769-BB02-4ABF-A2D1-128749F72458}.All|x64.ActiveCfg = Debug|x64
		{14F5D769-BB02-4ABF-A2D1-128749F72458}.All|x64.Build.0 = Debug|x64
		{14F5D769-BB02-4ABF-A2D1-128749F72458}.All|x86.ActiveCfg = Debug|Win32
		{14F5D769-BB02-4ABF-A2D1-128749F72458}.All|x86.Build.0 = Debug|Win32
		{14F5D769-BB02-4ABF-A2D1-128749F72458}.Debug|x64.ActiveCfg = Debug|x64
		{14F5D769-BB02-4ABF-A2D1-128749F72458}.Debug|x64.Build.0 = Debug|x64
		{14F5D769-BB02-4ABF-A2D1-128749F72458}.Debug|x86.ActiveCfg = Debug|Win32
		{14F5D769-BB02-4ABF-A2D1-128749F72458}.Debug|x86.Build.0 = Debug|Win32
		{14F5D769-BB02-4ABF-A2D1-128749F72458}.Release|x64.ActiveCfg = Release|x64
		{14F5D769-BB02-4ABF-A2D1-128749F72458}.Release|x64.Build.0 = Release|x64
		{14F5D769-BB02-4ABF-A2D1-128749F72458}.Release|x86.ActiveCfg = Release|Win32
		{14F5D769-BB02-4ABF-A2D1-128749F72458}.Release|x86.Build.0 = Release|Win32
		{9F695958-67A8-42BE-884F-2F9D616E6AB5}.All|x64.ActiveCfg = Debug|x64
		{9F695958-67A8-42BE-884F-2F9D616E6AB5}.All|x64.Build.0 = Debug|x64
		{9F695958-67A8-42BE-884F-2F9D616E6AB5}.All|x86.ActiveCfg = Debug|Win32
		{9F695958-67A8-42BE-884F-2F9D616E6AB5}.All|x86.Build.0 = Debug|Win32
		{9F695958-67A8-42BE-884F-2F9D616E6AB5}.Debug|x64.ActiveCfg = Debug|x64
		{9F695958-67A8-42BE-884F-2F9D616E6AB5}.Debug|x64.Build.0 = Debug|x64
		{9F695958-67A8-42BE-884F-2F9D616E6AB5}.Debug|x86.ActiveCfg = Debug|Win32
		{9F695958-67A8-42BE-884F-2F9D616E6AB5}.Debug|x86.Build.0 = Debug|Win32
		{9F695958-67A8-42BE-884F-2F9D616E6AB5}.Release|x64.ActiveCfg = Release|x64
		{9F695958-67A8-42BE-884F-2F9D616E6AB5}.Release|x64.Build.0 = Release|x64
		{9F695958-67A8-42BE-884F-2F9D616E6AB5}.Release|x86.ActiveCfg = Release|Win32
		{9F695958-67A8-42BE-884F-2F9D616E6AB5}.Release|x86.Build.0 = Release|Win32
		{2A06C047-5BFB-4898-93F4-C6EACE140D20}.All|x64.ActiveCfg = Debug|x64
		{2A06C047-5BFB-4898-93F4-C6EACE140D20}.All|x64.Build.0 = Debug|x64
		{2A06C047-5BFB-4898-93F4-C6EACE140D20}.All|x86.ActiveCfg = Debug|Win32
		{2A06C047-5BFB-4898-93F4-C6EACE140D20}.All|x86.Build.0 = Debug|Win32
		{2A06C047-5BFB-4898-93F4-C6EACE140D20}.Debug|x64.ActiveCfg = Debug|x64
		{2A06C047-5BFB-4898-93F4-C6EACE140D20}.Debug|x64.Build.0 = Debug|x64
		{2A06C047-5BFB-4898-93F4-C6EACE140D20}.Debug|x86.ActiveCfg = Debug|Win32
		{2A06C047-5BFB-4898-93F4-C6EACE140D20}.Debug|x86.Build.0 = Debug|Win32
		{2A06C047-5BFB-4898-93F4-C6EACE140D20}.Release|x64.ActiveCfg = Release|x64
		{2A06C047-5BFB-4898-93F4-C6EACE140D20}.Release|x64.Build.0 = Release|x64
		{2A06C047-5BFB-4898-93F4-C6EACE140D20}.Release|x86.ActiveCfg = Release|Win32
		{2A06C047-5BFB-4898-93F4-C6EACE140D20}.Release|x86.Build.0 = Release|Win32
		{9557BAB3-6646-4BB9-B23F-DAA0BCD71C8D}.All|x64.ActiveCfg = Debug|x64
		{9557BAB3-6646-4BB9-B23F-DAA0BCD71C8D}.All|x64.Build.0 = Debug|x64
		{9557BAB3-6646-4BB9-B23F-DAA0BCD71C8D}.All|x86.ActiveCfg = Debug|Win32
		{9557BAB3-6646-4BB9-B23F-DAA0BCD71C8D}.All|x86.Build.0 = Debug|Win32
		{9557BAB3-6646-4BB9-B23F-DAA0BCD71C8D}.Debug|x64.ActiveCfg = Debug|x64
		{9557BAB3-6646-4BB9-B23F-DAA0BCD71C8D}.Debug|x64.Build.0 = Debug|x64
		{9557BAB3-6646-4BB9-B23F-DAA0BCD71C8D}.Debug|x86.ActiveCfg = Debug|Win32
		{9557BAB3-6646-4BB9-B23F-DAA0BCD71C8D}.Debug|x86.Build.0 = Debug|Win32
		{9557BAB3-6646-4BB9-B23F-DAA0BCD71C8D}.Release|x64.ActiveCfg = Release|x64
		{9557BAB3-6646-4BB9-B23F-DAA0BCD71C8D}.Release|x64.Build.0 = Release|x64
		{9557BAB3-6646-4BB9-B23F-DAA0BCD71C8D}.Release|x86.ActiveCfg = Release|Win32
		{9557BAB3-6646-4BB9-B23F-DAA0BCD71C8D}.Release|x86.Build.0 = Release|Win32
	EndGlobalSection
	GlobalSection(SolutionProperties) = preSolution
		HideSolutionNode = FALSE
	EndGlobalSection
	GlobalSection(ExtensibilityGlobals) = postSolution
		SolutionGuid = {304C8F5A-4C05-4010-AC40-3A23AB443601}
	EndGlobalSection
EndGlobal
