<Solution>
  <Configurations>
    <Platform Name="x64" />
    <Platform Name="x86" />
  </Configurations>
  <Project Path="dwarf/dwarf.vcxproj" Id="8496848d-2bf0-4b61-919c-811c61669243" />
  <Project Path="lib_misc/lib_misc.vcxproj" Id="225bd3e4-7b4d-4495-97d0-a12a241453ce" />
  <Project Path="orl/orl.vcxproj" Id="7e3e56ac-7fa6-4526-a3fd-626e7acceec9" />
  <Project Path="trmem/trmem.vcxproj" Id="7314cad6-35df-415c-9b70-f80dc13064e8" />
  <Project Path="watcom2msvc/watcom2msvc.vcxproj" Id="692ea488-1211-48d7-a368-3f05520b72e7" />
  <Project Path="wmake/wmake.vcxproj" Id="9b3dbee7-fcd4-4e0e-bc8f-180ad8093bdf" />
  <Project Path="wres/wres.vcxproj" Id="72a6ca87-8805-48c4-a5e5-91e6d28b1d80" />
  <Project Path="yacc/yacc.vcxproj" Id="011f8461-3544-4664-bb9f-7906bbcb37cb" />
</Solution>
